// !$*UTF8*$!
{
	archiveVersion = 1;
	classes = {
	};
	objectVersion = 48;
	objects = {

/* Begin PBXBuildFile section */
		EF08E1CB21919649004A897D /* UIViewConstraint+Extension.swift in Sources */ = {isa = PBXBuildFile; fileRef = EF08E1CA21919649004A897D /* UIViewConstraint+Extension.swift */; };
		EF310C30219FFE0B00C35E36 /* NewRecord.swift in Sources */ = {isa = PBXBuildFile; fileRef = EF310C2F219FFE0B00C35E36 /* NewRecord.swift */; };
		EFAA18FE218D22D9003C7508 /* Common.framework in Frameworks */ = {isa = PBXBuildFile; fileRef = EFAA18F4218D22D9003C7508 /* Common.framework */; };
		EFAA1903218D22D9003C7508 /* CommonTests.swift in Sources */ = {isa = PBXBuildFile; fileRef = EFAA1902218D22D9003C7508 /* CommonTests.swift */; };
		EFAA1905218D22D9003C7508 /* Common.h in Headers */ = {isa = PBXBuildFile; fileRef = EFAA18F7218D22D9003C7508 /* Common.h */; settings = {ATTRIBUTES = (Public, ); }; };
		EFAA1911218D2300003C7508 /* CollectionView+Extension.swift in Sources */ = {isa = PBXBuildFile; fileRef = EFAA1910218D2300003C7508 /* CollectionView+Extension.swift */; };
		EFAA1914218D2343003C7508 /* IReusableCell.swift in Sources */ = {isa = PBXBuildFile; fileRef = EFAA1913218D2343003C7508 /* IReusableCell.swift */; };
		EFAA1916218D27AB003C7508 /* TableView+Extension.swift in Sources */ = {isa = PBXBuildFile; fileRef = EFAA1915218D27AB003C7508 /* TableView+Extension.swift */; };
		EFAA1A20218D7E35003C7508 /* NavigationItem+Extension.swift in Sources */ = {isa = PBXBuildFile; fileRef = EFAA1A1F218D7E35003C7508 /* NavigationItem+Extension.swift */; };
		EFAA1A22218D8134003C7508 /* Assets.xcassets in Resources */ = {isa = PBXBuildFile; fileRef = EFAA1A21218D8134003C7508 /* Assets.xcassets */; };
		EFAA1A24218D8153003C7508 /* Configuration.swift in Sources */ = {isa = PBXBuildFile; fileRef = EFAA1A23218D8153003C7508 /* Configuration.swift */; };
		EFAA1A85218EBF02003C7508 /* GradientView.swift in Sources */ = {isa = PBXBuildFile; fileRef = EFAA1A84218EBF02003C7508 /* GradientView.swift */; };
		EFAA1AA9218F0B88003C7508 /* PagedScroller.swift in Sources */ = {isa = PBXBuildFile; fileRef = EFAA1AA8218F0B88003C7508 /* PagedScroller.swift */; };
		EFAA1AC7218F0C29003C7508 /* AppDelegate.swift in Sources */ = {isa = PBXBuildFile; fileRef = EFAA1AC6218F0C29003C7508 /* AppDelegate.swift */; };
		EFAA1AC9218F0C29003C7508 /* ViewController.swift in Sources */ = {isa = PBXBuildFile; fileRef = EFAA1AC8218F0C29003C7508 /* ViewController.swift */; };
		EFAA1ACC218F0C29003C7508 /* Main.storyboard in Resources */ = {isa = PBXBuildFile; fileRef = EFAA1ACA218F0C29003C7508 /* Main.storyboard */; };
		EFAA1ACE218F0C29003C7508 /* Assets.xcassets in Resources */ = {isa = PBXBuildFile; fileRef = EFAA1ACD218F0C29003C7508 /* Assets.xcassets */; };
		EFAA1AD1218F0C29003C7508 /* LaunchScreen.storyboard in Resources */ = {isa = PBXBuildFile; fileRef = EFAA1ACF218F0C29003C7508 /* LaunchScreen.storyboard */; };
		EFAA1AD8218F2230003C7508 /* Common.framework in Frameworks */ = {isa = PBXBuildFile; fileRef = EFAA18F4218D22D9003C7508 /* Common.framework */; };
		EFAA1AD9218F2230003C7508 /* Common.framework in Embed Frameworks */ = {isa = PBXBuildFile; fileRef = EFAA18F4218D22D9003C7508 /* Common.framework */; settings = {ATTRIBUTES = (CodeSignOnCopy, RemoveHeadersOnCopy, ); }; };
		EFB25DB6219C2C9000B644B3 /* RoundedView.swift in Sources */ = {isa = PBXBuildFile; fileRef = EFB25DB5219C2C9000B644B3 /* RoundedView.swift */; };
		EFB25DEB219D1A4900B644B3 /* CellConfigurator.swift in Sources */ = {isa = PBXBuildFile; fileRef = EFB25DEA219D1A4900B644B3 /* CellConfigurator.swift */; };
		EFB25E1C219E3C9D00B644B3 /* NavigationBar+Extension.swift in Sources */ = {isa = PBXBuildFile; fileRef = EFB25E1B219E3C9D00B644B3 /* NavigationBar+Extension.swift */; };
		EFB25E1E219E422B00B644B3 /* Date+Extension.swift in Sources */ = {isa = PBXBuildFile; fileRef = EFB25E1D219E422B00B644B3 /* Date+Extension.swift */; };
		EFB25E21219E424D00B644B3 /* String+Extension.swift in Sources */ = {isa = PBXBuildFile; fileRef = EFB25E20219E424D00B644B3 /* String+Extension.swift */; };
		EFB25E8B219E98B900B644B3 /* BundleResolver.swift in Sources */ = {isa = PBXBuildFile; fileRef = EFB25E8A219E98B900B644B3 /* BundleResolver.swift */; };
		EFB25E8D219E98FF00B644B3 /* NibLoader.swift in Sources */ = {isa = PBXBuildFile; fileRef = EFB25E8C219E98FF00B644B3 /* NibLoader.swift */; };
		EFB25EA2219FBEC600B644B3 /* InputAccesory.swift in Sources */ = {isa = PBXBuildFile; fileRef = EFB25EA1219FBEC600B644B3 /* InputAccesory.swift */; };
		EFB25EAB219FF43B00B644B3 /* Bool+Extension.swift in Sources */ = {isa = PBXBuildFile; fileRef = EFB25EAA219FF43B00B644B3 /* Bool+Extension.swift */; };
/* End PBXBuildFile section */

/* Begin PBXContainerItemProxy section */
		EFAA18FF218D22D9003C7508 /* PBXContainerItemProxy */ = {
			isa = PBXContainerItemProxy;
			containerPortal = EFAA18EB218D22D9003C7508 /* Project object */;
			proxyType = 1;
			remoteGlobalIDString = EFAA18F3218D22D9003C7508;
			remoteInfo = Common;
		};
		EFAA1ADA218F2230003C7508 /* PBXContainerItemProxy */ = {
			isa = PBXContainerItemProxy;
			containerPortal = EFAA18EB218D22D9003C7508 /* Project object */;
			proxyType = 1;
			remoteGlobalIDString = EFAA18F3218D22D9003C7508;
			remoteInfo = Common;
		};
/* End PBXContainerItemProxy section */

/* Begin PBXCopyFilesBuildPhase section */
		EFAA1ADC218F2231003C7508 /* Embed Frameworks */ = {
			isa = PBXCopyFilesBuildPhase;
			buildActionMask = 2147483647;
			dstPath = "";
			dstSubfolderSpec = 10;
			files = (
				EFAA1AD9218F2230003C7508 /* Common.framework in Embed Frameworks */,
			);
			name = "Embed Frameworks";
			runOnlyForDeploymentPostprocessing = 0;
		};
/* End PBXCopyFilesBuildPhase section */

/* Begin PBXFileReference section */
		EF08E1CA21919649004A897D /* UIViewConstraint+Extension.swift */ = {isa = PBXFileReference; lastKnownFileType = sourcecode.swift; path = "UIViewConstraint+Extension.swift"; sourceTree = "<group>"; };
		EF310C2F219FFE0B00C35E36 /* NewRecord.swift */ = {isa = PBXFileReference; lastKnownFileType = sourcecode.swift; path = NewRecord.swift; sourceTree = "<group>"; };
		EFAA18F4218D22D9003C7508 /* Common.framework */ = {isa = PBXFileReference; explicitFileType = wrapper.framework; includeInIndex = 0; path = Common.framework; sourceTree = BUILT_PRODUCTS_DIR; };
		EFAA18F7218D22D9003C7508 /* Common.h */ = {isa = PBXFileReference; lastKnownFileType = sourcecode.c.h; path = Common.h; sourceTree = "<group>"; };
		EFAA18F8218D22D9003C7508 /* Info.plist */ = {isa = PBXFileReference; lastKnownFileType = text.plist.xml; path = Info.plist; sourceTree = "<group>"; };
		EFAA18FD218D22D9003C7508 /* CommonTests.xctest */ = {isa = PBXFileReference; explicitFileType = wrapper.cfbundle; includeInIndex = 0; path = CommonTests.xctest; sourceTree = BUILT_PRODUCTS_DIR; };
		EFAA1902218D22D9003C7508 /* CommonTests.swift */ = {isa = PBXFileReference; lastKnownFileType = sourcecode.swift; path = CommonTests.swift; sourceTree = "<group>"; };
		EFAA1904218D22D9003C7508 /* Info.plist */ = {isa = PBXFileReference; lastKnownFileType = text.plist.xml; path = Info.plist; sourceTree = "<group>"; };
		EFAA1910218D2300003C7508 /* CollectionView+Extension.swift */ = {isa = PBXFileReference; lastKnownFileType = sourcecode.swift; path = "CollectionView+Extension.swift"; sourceTree = "<group>"; };
		EFAA1913218D2343003C7508 /* IReusableCell.swift */ = {isa = PBXFileReference; lastKnownFileType = sourcecode.swift; path = IReusableCell.swift; sourceTree = "<group>"; };
		EFAA1915218D27AB003C7508 /* TableView+Extension.swift */ = {isa = PBXFileReference; lastKnownFileType = sourcecode.swift; path = "TableView+Extension.swift"; sourceTree = "<group>"; };
		EFAA1A1F218D7E35003C7508 /* NavigationItem+Extension.swift */ = {isa = PBXFileReference; lastKnownFileType = sourcecode.swift; path = "NavigationItem+Extension.swift"; sourceTree = "<group>"; };
		EFAA1A21218D8134003C7508 /* Assets.xcassets */ = {isa = PBXFileReference; lastKnownFileType = folder.assetcatalog; path = Assets.xcassets; sourceTree = "<group>"; };
		EFAA1A23218D8153003C7508 /* Configuration.swift */ = {isa = PBXFileReference; lastKnownFileType = sourcecode.swift; path = Configuration.swift; sourceTree = "<group>"; };
		EFAA1A84218EBF02003C7508 /* GradientView.swift */ = {isa = PBXFileReference; lastKnownFileType = sourcecode.swift; path = GradientView.swift; sourceTree = "<group>"; };
		EFAA1AA8218F0B88003C7508 /* PagedScroller.swift */ = {isa = PBXFileReference; lastKnownFileType = sourcecode.swift; path = PagedScroller.swift; sourceTree = "<group>"; };
		EFAA1AC4218F0C29003C7508 /* CommonApp.app */ = {isa = PBXFileReference; explicitFileType = wrapper.application; includeInIndex = 0; path = CommonApp.app; sourceTree = BUILT_PRODUCTS_DIR; };
		EFAA1AC6218F0C29003C7508 /* AppDelegate.swift */ = {isa = PBXFileReference; lastKnownFileType = sourcecode.swift; path = AppDelegate.swift; sourceTree = "<group>"; };
		EFAA1AC8218F0C29003C7508 /* ViewController.swift */ = {isa = PBXFileReference; lastKnownFileType = sourcecode.swift; path = ViewController.swift; sourceTree = "<group>"; };
		EFAA1ACB218F0C29003C7508 /* Base */ = {isa = PBXFileReference; lastKnownFileType = file.storyboard; name = Base; path = Base.lproj/Main.storyboard; sourceTree = "<group>"; };
		EFAA1ACD218F0C29003C7508 /* Assets.xcassets */ = {isa = PBXFileReference; lastKnownFileType = folder.assetcatalog; path = Assets.xcassets; sourceTree = "<group>"; };
		EFAA1AD0218F0C29003C7508 /* Base */ = {isa = PBXFileReference; lastKnownFileType = file.storyboard; name = Base; path = Base.lproj/LaunchScreen.storyboard; sourceTree = "<group>"; };
		EFAA1AD2218F0C29003C7508 /* Info.plist */ = {isa = PBXFileReference; lastKnownFileType = text.plist.xml; path = Info.plist; sourceTree = "<group>"; };
		EFAA1AD7218F0C64003C7508 /* CommonApp.xcconfig */ = {isa = PBXFileReference; lastKnownFileType = text.xcconfig; path = CommonApp.xcconfig; sourceTree = "<group>"; };
		EFB25DB5219C2C9000B644B3 /* RoundedView.swift */ = {isa = PBXFileReference; lastKnownFileType = sourcecode.swift; path = RoundedView.swift; sourceTree = "<group>"; };
		EFB25DEA219D1A4900B644B3 /* CellConfigurator.swift */ = {isa = PBXFileReference; lastKnownFileType = sourcecode.swift; path = CellConfigurator.swift; sourceTree = "<group>"; };
		EFB25E1B219E3C9D00B644B3 /* NavigationBar+Extension.swift */ = {isa = PBXFileReference; lastKnownFileType = sourcecode.swift; path = "NavigationBar+Extension.swift"; sourceTree = "<group>"; };
		EFB25E1D219E422B00B644B3 /* Date+Extension.swift */ = {isa = PBXFileReference; lastKnownFileType = sourcecode.swift; path = "Date+Extension.swift"; sourceTree = "<group>"; };
		EFB25E20219E424D00B644B3 /* String+Extension.swift */ = {isa = PBXFileReference; lastKnownFileType = sourcecode.swift; path = "String+Extension.swift"; sourceTree = "<group>"; };
		EFB25E8A219E98B900B644B3 /* BundleResolver.swift */ = {isa = PBXFileReference; lastKnownFileType = sourcecode.swift; path = BundleResolver.swift; sourceTree = "<group>"; };
		EFB25E8C219E98FF00B644B3 /* NibLoader.swift */ = {isa = PBXFileReference; lastKnownFileType = sourcecode.swift; path = NibLoader.swift; sourceTree = "<group>"; };
		EFB25EA1219FBEC600B644B3 /* InputAccesory.swift */ = {isa = PBXFileReference; lastKnownFileType = sourcecode.swift; path = InputAccesory.swift; sourceTree = "<group>"; };
		EFB25EAA219FF43B00B644B3 /* Bool+Extension.swift */ = {isa = PBXFileReference; lastKnownFileType = sourcecode.swift; path = "Bool+Extension.swift"; sourceTree = "<group>"; };
/* End PBXFileReference section */

/* Begin PBXFrameworksBuildPhase section */
		EFAA18F0218D22D9003C7508 /* Frameworks */ = {
			isa = PBXFrameworksBuildPhase;
			buildActionMask = 2147483647;
			files = (
			);
			runOnlyForDeploymentPostprocessing = 0;
		};
		EFAA18FA218D22D9003C7508 /* Frameworks */ = {
			isa = PBXFrameworksBuildPhase;
			buildActionMask = 2147483647;
			files = (
				EFAA18FE218D22D9003C7508 /* Common.framework in Frameworks */,
			);
			runOnlyForDeploymentPostprocessing = 0;
		};
		EFAA1AC1218F0C29003C7508 /* Frameworks */ = {
			isa = PBXFrameworksBuildPhase;
			buildActionMask = 2147483647;
			files = (
				EFAA1AD8218F2230003C7508 /* Common.framework in Frameworks */,
			);
			runOnlyForDeploymentPostprocessing = 0;
		};
/* End PBXFrameworksBuildPhase section */

/* Begin PBXGroup section */
		EFAA18EA218D22D9003C7508 = {
			isa = PBXGroup;
			children = (
				EFAA18F6218D22D9003C7508 /* Common */,
				EFAA1901218D22D9003C7508 /* CommonTests */,
				EFAA1AC5218F0C29003C7508 /* CommonApp */,
				EFAA18F5218D22D9003C7508 /* Products */,
			);
			sourceTree = "<group>";
		};
		EFAA18F5218D22D9003C7508 /* Products */ = {
			isa = PBXGroup;
			children = (
				EFAA18F4218D22D9003C7508 /* Common.framework */,
				EFAA18FD218D22D9003C7508 /* CommonTests.xctest */,
				EFAA1AC4218F0C29003C7508 /* CommonApp.app */,
			);
			name = Products;
			sourceTree = "<group>";
		};
		EFAA18F6218D22D9003C7508 /* Common */ = {
			isa = PBXGroup;
			children = (
				EFAA1A1E218D7E1B003C7508 /* Protocols */,
				EFAA190F218D22E8003C7508 /* Extensions */,
				EFB25E90219E9A1700B644B3 /* BundleSpecificInstanceHelper */,
				EFAA190E218D22DF003C7508 /* Classes */,
				EFAA18F7218D22D9003C7508 /* Common.h */,
				EFAA18F8218D22D9003C7508 /* Info.plist */,
				EFAA1A21218D8134003C7508 /* Assets.xcassets */,
			);
			path = Common;
			sourceTree = "<group>";
		};
		EFAA1901218D22D9003C7508 /* CommonTests */ = {
			isa = PBXGroup;
			children = (
				EFAA1902218D22D9003C7508 /* CommonTests.swift */,
				EFAA1904218D22D9003C7508 /* Info.plist */,
			);
			path = CommonTests;
			sourceTree = "<group>";
		};
		EFAA190E218D22DF003C7508 /* Classes */ = {
			isa = PBXGroup;
			children = (
				EFAA1A84218EBF02003C7508 /* GradientView.swift */,
				EFAA1AA8218F0B88003C7508 /* PagedScroller.swift */,
				EFB25DB5219C2C9000B644B3 /* RoundedView.swift */,
				EFB25DEA219D1A4900B644B3 /* CellConfigurator.swift */,
				EFB25EA1219FBEC600B644B3 /* InputAccesory.swift */,
			);
			path = Classes;
			sourceTree = "<group>";
		};
		EFAA190F218D22E8003C7508 /* Extensions */ = {
			isa = PBXGroup;
			children = (
				EFB25E1F219E423100B644B3 /* Foundation */,
				EFAA1A1D218D7E11003C7508 /* UIKit */,
				EFAA1A23218D8153003C7508 /* Configuration.swift */,
			);
			path = Extensions;
			sourceTree = "<group>";
		};
		EFAA1A1D218D7E11003C7508 /* UIKit */ = {
			isa = PBXGroup;
			children = (
				EFAA1910218D2300003C7508 /* CollectionView+Extension.swift */,
				EFAA1915218D27AB003C7508 /* TableView+Extension.swift */,
				EFAA1A1F218D7E35003C7508 /* NavigationItem+Extension.swift */,
				EF08E1CA21919649004A897D /* UIViewConstraint+Extension.swift */,
				EFB25E1B219E3C9D00B644B3 /* NavigationBar+Extension.swift */,
			);
			path = UIKit;
			sourceTree = "<group>";
		};
		EFAA1A1E218D7E1B003C7508 /* Protocols */ = {
			isa = PBXGroup;
			children = (
				EFAA1913218D2343003C7508 /* IReusableCell.swift */,
				EF310C2F219FFE0B00C35E36 /* NewRecord.swift */,
			);
			path = Protocols;
			sourceTree = "<group>";
		};
		EFAA1AC5218F0C29003C7508 /* CommonApp */ = {
			isa = PBXGroup;
			children = (
				EFAA1AD6218F0C42003C7508 /* Config */,
				EFAA1AC6218F0C29003C7508 /* AppDelegate.swift */,
				EFAA1AC8218F0C29003C7508 /* ViewController.swift */,
				EFAA1ACA218F0C29003C7508 /* Main.storyboard */,
				EFAA1ACD218F0C29003C7508 /* Assets.xcassets */,
				EFAA1ACF218F0C29003C7508 /* LaunchScreen.storyboard */,
				EFAA1AD2218F0C29003C7508 /* Info.plist */,
			);
			path = CommonApp;
			sourceTree = "<group>";
		};
		EFAA1AD6218F0C42003C7508 /* Config */ = {
			isa = PBXGroup;
			children = (
				EFAA1AD7218F0C64003C7508 /* CommonApp.xcconfig */,
			);
			path = Config;
			sourceTree = "<group>";
		};
		EFB25E1F219E423100B644B3 /* Foundation */ = {
			isa = PBXGroup;
			children = (
				EFB25E1D219E422B00B644B3 /* Date+Extension.swift */,
				EFB25E20219E424D00B644B3 /* String+Extension.swift */,
				EFB25EAA219FF43B00B644B3 /* Bool+Extension.swift */,
			);
			path = Foundation;
			sourceTree = "<group>";
		};
		EFB25E90219E9A1700B644B3 /* BundleSpecificInstanceHelper */ = {
			isa = PBXGroup;
			children = (
				EFB25E8C219E98FF00B644B3 /* NibLoader.swift */,
				EFB25E8A219E98B900B644B3 /* BundleResolver.swift */,
			);
			path = BundleSpecificInstanceHelper;
			sourceTree = "<group>";
		};
/* End PBXGroup section */

/* Begin PBXHeadersBuildPhase section */
		EFAA18F1218D22D9003C7508 /* Headers */ = {
			isa = PBXHeadersBuildPhase;
			buildActionMask = 2147483647;
			files = (
				EFAA1905218D22D9003C7508 /* Common.h in Headers */,
			);
			runOnlyForDeploymentPostprocessing = 0;
		};
/* End PBXHeadersBuildPhase section */

/* Begin PBXNativeTarget section */
		EFAA18F3218D22D9003C7508 /* Common */ = {
			isa = PBXNativeTarget;
			buildConfigurationList = EFAA1908218D22D9003C7508 /* Build configuration list for PBXNativeTarget "Common" */;
			buildPhases = (
				EFAA18EF218D22D9003C7508 /* Sources */,
				EFAA18F0218D22D9003C7508 /* Frameworks */,
				EFAA18F1218D22D9003C7508 /* Headers */,
				EFAA18F2218D22D9003C7508 /* Resources */,
			);
			buildRules = (
			);
			dependencies = (
			);
			name = Common;
			productName = Common;
			productReference = EFAA18F4218D22D9003C7508 /* Common.framework */;
			productType = "com.apple.product-type.framework";
		};
		EFAA18FC218D22D9003C7508 /* CommonTests */ = {
			isa = PBXNativeTarget;
			buildConfigurationList = EFAA190B218D22D9003C7508 /* Build configuration list for PBXNativeTarget "CommonTests" */;
			buildPhases = (
				EFAA18F9218D22D9003C7508 /* Sources */,
				EFAA18FA218D22D9003C7508 /* Frameworks */,
				EFAA18FB218D22D9003C7508 /* Resources */,
			);
			buildRules = (
			);
			dependencies = (
				EFAA1900218D22D9003C7508 /* PBXTargetDependency */,
			);
			name = CommonTests;
			productName = CommonTests;
			productReference = EFAA18FD218D22D9003C7508 /* CommonTests.xctest */;
			productType = "com.apple.product-type.bundle.unit-test";
		};
		EFAA1AC3218F0C29003C7508 /* CommonApp */ = {
			isa = PBXNativeTarget;
			buildConfigurationList = EFAA1AD3218F0C29003C7508 /* Build configuration list for PBXNativeTarget "CommonApp" */;
			buildPhases = (
				EFAA1AC0218F0C29003C7508 /* Sources */,
				EFAA1AC1218F0C29003C7508 /* Frameworks */,
				EFAA1AC2218F0C29003C7508 /* Resources */,
				EFAA1ADC218F2231003C7508 /* Embed Frameworks */,
			);
			buildRules = (
			);
			dependencies = (
				EFAA1ADB218F2230003C7508 /* PBXTargetDependency */,
			);
			name = CommonApp;
			productName = CommonApp;
			productReference = EFAA1AC4218F0C29003C7508 /* CommonApp.app */;
			productType = "com.apple.product-type.application";
		};
/* End PBXNativeTarget section */

/* Begin PBXProject section */
		EFAA18EB218D22D9003C7508 /* Project object */ = {
			isa = PBXProject;
			attributes = {
				LastSwiftUpdateCheck = 0920;
				LastUpgradeCheck = 0920;
				ORGANIZATIONNAME = PondokiOS;
				TargetAttributes = {
					EFAA18F3218D22D9003C7508 = {
						CreatedOnToolsVersion = 9.2;
						LastSwiftMigration = 0920;
						ProvisioningStyle = Automatic;
					};
					EFAA18FC218D22D9003C7508 = {
						CreatedOnToolsVersion = 9.2;
						ProvisioningStyle = Automatic;
					};
					EFAA1AC3218F0C29003C7508 = {
						CreatedOnToolsVersion = 9.2;
						ProvisioningStyle = Automatic;
					};
				};
			};
			buildConfigurationList = EFAA18EE218D22D9003C7508 /* Build configuration list for PBXProject "Common" */;
			compatibilityVersion = "Xcode 8.0";
			developmentRegion = en;
			hasScannedForEncodings = 0;
			knownRegions = (
				en,
				Base,
			);
			mainGroup = EFAA18EA218D22D9003C7508;
			productRefGroup = EFAA18F5218D22D9003C7508 /* Products */;
			projectDirPath = "";
			projectRoot = "";
			targets = (
				EFAA18F3218D22D9003C7508 /* Common */,
				EFAA18FC218D22D9003C7508 /* CommonTests */,
				EFAA1AC3218F0C29003C7508 /* CommonApp */,
			);
		};
/* End PBXProject section */

/* Begin PBXResourcesBuildPhase section */
		EFAA18F2218D22D9003C7508 /* Resources */ = {
			isa = PBXResourcesBuildPhase;
			buildActionMask = 2147483647;
			files = (
				EFAA1A22218D8134003C7508 /* Assets.xcassets in Resources */,
			);
			runOnlyForDeploymentPostprocessing = 0;
		};
		EFAA18FB218D22D9003C7508 /* Resources */ = {
			isa = PBXResourcesBuildPhase;
			buildActionMask = 2147483647;
			files = (
			);
			runOnlyForDeploymentPostprocessing = 0;
		};
		EFAA1AC2218F0C29003C7508 /* Resources */ = {
			isa = PBXResourcesBuildPhase;
			buildActionMask = 2147483647;
			files = (
				EFAA1AD1218F0C29003C7508 /* LaunchScreen.storyboard in Resources */,
				EFAA1ACE218F0C29003C7508 /* Assets.xcassets in Resources */,
				EFAA1ACC218F0C29003C7508 /* Main.storyboard in Resources */,
			);
			runOnlyForDeploymentPostprocessing = 0;
		};
/* End PBXResourcesBuildPhase section */

/* Begin PBXSourcesBuildPhase section */
		EFAA18EF218D22D9003C7508 /* Sources */ = {
			isa = PBXSourcesBuildPhase;
			buildActionMask = 2147483647;
			files = (
				EFAA1A24218D8153003C7508 /* Configuration.swift in Sources */,
				EFAA1A20218D7E35003C7508 /* NavigationItem+Extension.swift in Sources */,
				EFB25E8B219E98B900B644B3 /* BundleResolver.swift in Sources */,
				EFB25E1E219E422B00B644B3 /* Date+Extension.swift in Sources */,
				EFB25DEB219D1A4900B644B3 /* CellConfigurator.swift in Sources */,
				EF08E1CB21919649004A897D /* UIViewConstraint+Extension.swift in Sources */,
				EFB25DB6219C2C9000B644B3 /* RoundedView.swift in Sources */,
				EFB25EA2219FBEC600B644B3 /* InputAccesory.swift in Sources */,
				EFAA1911218D2300003C7508 /* CollectionView+Extension.swift in Sources */,
				EFB25E21219E424D00B644B3 /* String+Extension.swift in Sources */,
				EFB25E8D219E98FF00B644B3 /* NibLoader.swift in Sources */,
				EFAA1A85218EBF02003C7508 /* GradientView.swift in Sources */,
				EFAA1AA9218F0B88003C7508 /* PagedScroller.swift in Sources */,
				EFB25E1C219E3C9D00B644B3 /* NavigationBar+Extension.swift in Sources */,
				EFAA1916218D27AB003C7508 /* TableView+Extension.swift in Sources */,
				EFAA1914218D2343003C7508 /* IReusableCell.swift in Sources */,
				EFB25EAB219FF43B00B644B3 /* Bool+Extension.swift in Sources */,
				EF310C30219FFE0B00C35E36 /* NewRecord.swift in Sources */,
			);
			runOnlyForDeploymentPostprocessing = 0;
		};
		EFAA18F9218D22D9003C7508 /* Sources */ = {
			isa = PBXSourcesBuildPhase;
			buildActionMask = 2147483647;
			files = (
				EFAA1903218D22D9003C7508 /* CommonTests.swift in Sources */,
			);
			runOnlyForDeploymentPostprocessing = 0;
		};
		EFAA1AC0218F0C29003C7508 /* Sources */ = {
			isa = PBXSourcesBuildPhase;
			buildActionMask = 2147483647;
			files = (
				EFAA1AC9218F0C29003C7508 /* ViewController.swift in Sources */,
				EFAA1AC7218F0C29003C7508 /* AppDelegate.swift in Sources */,
			);
			runOnlyForDeploymentPostprocessing = 0;
		};
/* End PBXSourcesBuildPhase section */

/* Begin PBXTargetDependency section */
		EFAA1900218D22D9003C7508 /* PBXTargetDependency */ = {
			isa = PBXTargetDependency;
			target = EFAA18F3218D22D9003C7508 /* Common */;
			targetProxy = EFAA18FF218D22D9003C7508 /* PBXContainerItemProxy */;
		};
		EFAA1ADB218F2230003C7508 /* PBXTargetDependency */ = {
			isa = PBXTargetDependency;
			target = EFAA18F3218D22D9003C7508 /* Common */;
			targetProxy = EFAA1ADA218F2230003C7508 /* PBXContainerItemProxy */;
		};
/* End PBXTargetDependency section */

/* Begin PBXVariantGroup section */
		EFAA1ACA218F0C29003C7508 /* Main.storyboard */ = {
			isa = PBXVariantGroup;
			children = (
				EFAA1ACB218F0C29003C7508 /* Base */,
			);
			name = Main.storyboard;
			sourceTree = "<group>";
		};
		EFAA1ACF218F0C29003C7508 /* LaunchScreen.storyboard */ = {
			isa = PBXVariantGroup;
			children = (
				EFAA1AD0218F0C29003C7508 /* Base */,
			);
			name = LaunchScreen.storyboard;
			sourceTree = "<group>";
		};
/* End PBXVariantGroup section */

/* Begin XCBuildConfiguration section */
		EFAA1906218D22D9003C7508 /* Debug */ = {
			isa = XCBuildConfiguration;
			buildSettings = {
				ALWAYS_SEARCH_USER_PATHS = NO;
				CLANG_ANALYZER_NONNULL = YES;
				CLANG_ANALYZER_NUMBER_OBJECT_CONVERSION = YES_AGGRESSIVE;
				CLANG_CXX_LANGUAGE_STANDARD = "gnu++14";
				CLANG_CXX_LIBRARY = "libc++";
				CLANG_ENABLE_MODULES = YES;
				CLANG_ENABLE_OBJC_ARC = YES;
				CLANG_WARN_BLOCK_CAPTURE_AUTORELEASING = YES;
				CLANG_WARN_BOOL_CONVERSION = YES;
				CLANG_WARN_COMMA = YES;
				CLANG_WARN_CONSTANT_CONVERSION = YES;
				CLANG_WARN_DIRECT_OBJC_ISA_USAGE = YES_ERROR;
				CLANG_WARN_DOCUMENTATION_COMMENTS = YES;
				CLANG_WARN_EMPTY_BODY = YES;
				CLANG_WARN_ENUM_CONVERSION = YES;
				CLANG_WARN_INFINITE_RECURSION = YES;
				CLANG_WARN_INT_CONVERSION = YES;
				CLANG_WARN_NON_LITERAL_NULL_CONVERSION = YES;
				CLANG_WARN_OBJC_LITERAL_CONVERSION = YES;
				CLANG_WARN_OBJC_ROOT_CLASS = YES_ERROR;
				CLANG_WARN_RANGE_LOOP_ANALYSIS = YES;
				CLANG_WARN_STRICT_PROTOTYPES = YES;
				CLANG_WARN_SUSPICIOUS_MOVE = YES;
				CLANG_WARN_UNGUARDED_AVAILABILITY = YES_AGGRESSIVE;
				CLANG_WARN_UNREACHABLE_CODE = YES;
				CLANG_WARN__DUPLICATE_METHOD_MATCH = YES;
				CODE_SIGN_IDENTITY = "iPhone Developer";
				COPY_PHASE_STRIP = NO;
				CURRENT_PROJECT_VERSION = 1;
				DEBUG_INFORMATION_FORMAT = dwarf;
				ENABLE_STRICT_OBJC_MSGSEND = YES;
				ENABLE_TESTABILITY = YES;
				GCC_C_LANGUAGE_STANDARD = gnu11;
				GCC_DYNAMIC_NO_PIC = NO;
				GCC_NO_COMMON_BLOCKS = YES;
				GCC_OPTIMIZATION_LEVEL = 0;
				GCC_PREPROCESSOR_DEFINITIONS = (
					"DEBUG=1",
					"$(inherited)",
				);
				GCC_WARN_64_TO_32_BIT_CONVERSION = YES;
				GCC_WARN_ABOUT_RETURN_TYPE = YES_ERROR;
				GCC_WARN_UNDECLARED_SELECTOR = YES;
				GCC_WARN_UNINITIALIZED_AUTOS = YES_AGGRESSIVE;
				GCC_WARN_UNUSED_FUNCTION = YES;
				GCC_WARN_UNUSED_VARIABLE = YES;
				IPHONEOS_DEPLOYMENT_TARGET = 10.0;
				MTL_ENABLE_DEBUG_INFO = YES;
				ONLY_ACTIVE_ARCH = YES;
				SDKROOT = iphoneos;
				SWIFT_ACTIVE_COMPILATION_CONDITIONS = DEBUG;
				SWIFT_OPTIMIZATION_LEVEL = "-Onone";
				VERSIONING_SYSTEM = "apple-generic";
				VERSION_INFO_PREFIX = "";
			};
			name = Debug;
		};
		EFAA1907218D22D9003C7508 /* Release */ = {
			isa = XCBuildConfiguration;
			buildSettings = {
				ALWAYS_SEARCH_USER_PATHS = NO;
				CLANG_ANALYZER_NONNULL = YES;
				CLANG_ANALYZER_NUMBER_OBJECT_CONVERSION = YES_AGGRESSIVE;
				CLANG_CXX_LANGUAGE_STANDARD = "gnu++14";
				CLANG_CXX_LIBRARY = "libc++";
				CLANG_ENABLE_MODULES = YES;
				CLANG_ENABLE_OBJC_ARC = YES;
				CLANG_WARN_BLOCK_CAPTURE_AUTORELEASING = YES;
				CLANG_WARN_BOOL_CONVERSION = YES;
				CLANG_WARN_COMMA = YES;
				CLANG_WARN_CONSTANT_CONVERSION = YES;
				CLANG_WARN_DIRECT_OBJC_ISA_USAGE = YES_ERROR;
				CLANG_WARN_DOCUMENTATION_COMMENTS = YES;
				CLANG_WARN_EMPTY_BODY = YES;
				CLANG_WARN_ENUM_CONVERSION = YES;
				CLANG_WARN_INFINITE_RECURSION = YES;
				CLANG_WARN_INT_CONVERSION = YES;
				CLANG_WARN_NON_LITERAL_NULL_CONVERSION = YES;
				CLANG_WARN_OBJC_LITERAL_CONVERSION = YES;
				CLANG_WARN_OBJC_ROOT_CLASS = YES_ERROR;
				CLANG_WARN_RANGE_LOOP_ANALYSIS = YES;
				CLANG_WARN_STRICT_PROTOTYPES = YES;
				CLANG_WARN_SUSPICIOUS_MOVE = YES;
				CLANG_WARN_UNGUARDED_AVAILABILITY = YES_AGGRESSIVE;
				CLANG_WARN_UNREACHABLE_CODE = YES;
				CLANG_WARN__DUPLICATE_METHOD_MATCH = YES;
				CODE_SIGN_IDENTITY = "iPhone Developer";
				COPY_PHASE_STRIP = NO;
				CURRENT_PROJECT_VERSION = 1;
				DEBUG_INFORMATION_FORMAT = "dwarf-with-dsym";
				ENABLE_NS_ASSERTIONS = NO;
				ENABLE_STRICT_OBJC_MSGSEND = YES;
				GCC_C_LANGUAGE_STANDARD = gnu11;
				GCC_NO_COMMON_BLOCKS = YES;
				GCC_WARN_64_TO_32_BIT_CONVERSION = YES;
				GCC_WARN_ABOUT_RETURN_TYPE = YES_ERROR;
				GCC_WARN_UNDECLARED_SELECTOR = YES;
				GCC_WARN_UNINITIALIZED_AUTOS = YES_AGGRESSIVE;
				GCC_WARN_UNUSED_FUNCTION = YES;
				GCC_WARN_UNUSED_VARIABLE = YES;
				IPHONEOS_DEPLOYMENT_TARGET = 10.0;
				MTL_ENABLE_DEBUG_INFO = NO;
				SDKROOT = iphoneos;
				SWIFT_OPTIMIZATION_LEVEL = "-Owholemodule";
				VALIDATE_PRODUCT = YES;
				VERSIONING_SYSTEM = "apple-generic";
				VERSION_INFO_PREFIX = "";
			};
			name = Release;
		};
		EFAA1909218D22D9003C7508 /* Debug */ = {
			isa = XCBuildConfiguration;
			buildSettings = {
				CLANG_ENABLE_MODULES = YES;
				CODE_SIGN_IDENTITY = "";
				CODE_SIGN_STYLE = Automatic;
				DEFINES_MODULE = YES;
				DEVELOPMENT_TEAM = SDSLU2QT5X;
				DYLIB_COMPATIBILITY_VERSION = 1;
				DYLIB_CURRENT_VERSION = 1;
				DYLIB_INSTALL_NAME_BASE = "@rpath";
				INFOPLIST_FILE = Common/Info.plist;
				INSTALL_PATH = "$(LOCAL_LIBRARY_DIR)/Frameworks";
				LD_RUNPATH_SEARCH_PATHS = "$(inherited) @executable_path/Frameworks @loader_path/Frameworks";
				PRODUCT_BUNDLE_IDENTIFIER = com.pondokios.Common;
				PRODUCT_NAME = "$(TARGET_NAME:c99extidentifier)";
				SKIP_INSTALL = YES;
				SWIFT_OPTIMIZATION_LEVEL = "-Onone";
				SWIFT_VERSION = 4.0;
				TARGETED_DEVICE_FAMILY = "1,2";
			};
			name = Debug;
		};
		EFAA190A218D22D9003C7508 /* Release */ = {
			isa = XCBuildConfiguration;
			buildSettings = {
				CLANG_ENABLE_MODULES = YES;
				CODE_SIGN_IDENTITY = "";
				CODE_SIGN_STYLE = Automatic;
				DEFINES_MODULE = YES;
				DEVELOPMENT_TEAM = SDSLU2QT5X;
				DYLIB_COMPATIBILITY_VERSION = 1;
				DYLIB_CURRENT_VERSION = 1;
				DYLIB_INSTALL_NAME_BASE = "@rpath";
				INFOPLIST_FILE = Common/Info.plist;
				INSTALL_PATH = "$(LOCAL_LIBRARY_DIR)/Frameworks";
				LD_RUNPATH_SEARCH_PATHS = "$(inherited) @executable_path/Frameworks @loader_path/Frameworks";
				PRODUCT_BUNDLE_IDENTIFIER = com.pondokios.Common;
				PRODUCT_NAME = "$(TARGET_NAME:c99extidentifier)";
				SKIP_INSTALL = YES;
				SWIFT_VERSION = 4.0;
				TARGETED_DEVICE_FAMILY = "1,2";
			};
			name = Release;
		};
		EFAA190C218D22D9003C7508 /* Debug */ = {
			isa = XCBuildConfiguration;
			buildSettings = {
				ALWAYS_EMBED_SWIFT_STANDARD_LIBRARIES = YES;
				CODE_SIGN_STYLE = Automatic;
				DEVELOPMENT_TEAM = SDSLU2QT5X;
				INFOPLIST_FILE = CommonTests/Info.plist;
				LD_RUNPATH_SEARCH_PATHS = "$(inherited) @executable_path/Frameworks @loader_path/Frameworks";
				PRODUCT_BUNDLE_IDENTIFIER = com.pondokios.CommonTests;
				PRODUCT_NAME = "$(TARGET_NAME)";
				SWIFT_VERSION = 4.0;
				TARGETED_DEVICE_FAMILY = "1,2";
			};
			name = Debug;
		};
		EFAA190D218D22D9003C7508 /* Release */ = {
			isa = XCBuildConfiguration;
			buildSettings = {
				ALWAYS_EMBED_SWIFT_STANDARD_LIBRARIES = YES;
				CODE_SIGN_STYLE = Automatic;
				DEVELOPMENT_TEAM = SDSLU2QT5X;
				INFOPLIST_FILE = CommonTests/Info.plist;
				LD_RUNPATH_SEARCH_PATHS = "$(inherited) @executable_path/Frameworks @loader_path/Frameworks";
				PRODUCT_BUNDLE_IDENTIFIER = com.pondokios.CommonTests;
				PRODUCT_NAME = "$(TARGET_NAME)";
				SWIFT_VERSION = 4.0;
				TARGETED_DEVICE_FAMILY = "1,2";
			};
			name = Release;
		};
		EFAA1AD4218F0C29003C7508 /* Debug */ = {
			isa = XCBuildConfiguration;
			baseConfigurationReference = EFAA1AD7218F0C64003C7508 /* CommonApp.xcconfig */;
			buildSettings = {
				ALWAYS_EMBED_SWIFT_STANDARD_LIBRARIES = YES;
				ASSETCATALOG_COMPILER_APPICON_NAME = AppIcon;
				CODE_SIGN_STYLE = Automatic;
				DEVELOPMENT_TEAM = SDSLU2QT5X;
				INFOPLIST_FILE = CommonApp/Info.plist;
				IPHONEOS_DEPLOYMENT_TARGET = 10.0;
				LD_RUNPATH_SEARCH_PATHS = "$(inherited) @executable_path/Frameworks";
				PRODUCT_NAME = "$(TARGET_NAME)";
				SWIFT_VERSION = 4.0;
				TARGETED_DEVICE_FAMILY = "1,2";
			};
			name = Debug;
		};
		EFAA1AD5218F0C29003C7508 /* Release */ = {
			isa = XCBuildConfiguration;
			buildSettings = {
				ALWAYS_EMBED_SWIFT_STANDARD_LIBRARIES = YES;
				ASSETCATALOG_COMPILER_APPICON_NAME = AppIcon;
				CODE_SIGN_STYLE = Automatic;
				DEVELOPMENT_TEAM = SDSLU2QT5X;
				INFOPLIST_FILE = CommonApp/Info.plist;
				IPHONEOS_DEPLOYMENT_TARGET = 10.0;
				LD_RUNPATH_SEARCH_PATHS = "$(inherited) @executable_path/Frameworks";
				PRODUCT_NAME = "$(TARGET_NAME)";
				SWIFT_VERSION = 4.0;
				TARGETED_DEVICE_FAMILY = "1,2";
			};
			name = Release;
		};
/* End XCBuildConfiguration section */

/* Begin XCConfigurationList section */
		EFAA18EE218D22D9003C7508 /* Build configuration list for PBXProject "Common" */ = {
			isa = XCConfigurationList;
			buildConfigurations = (
				EFAA1906218D22D9003C7508 /* Debug */,
				EFAA1907218D22D9003C7508 /* Release */,
			);
			defaultConfigurationIsVisible = 0;
			defaultConfigurationName = Release;
		};
		EFAA1908218D22D9003C7508 /* Build configuration list for PBXNativeTarget "Common" */ = {
			isa = XCConfigurationList;
			buildConfigurations = (
				EFAA1909218D22D9003C7508 /* Debug */,
				EFAA190A218D22D9003C7508 /* Release */,
			);
			defaultConfigurationIsVisible = 0;
			defaultConfigurationName = Release;
		};
		EFAA190B218D22D9003C7508 /* Build configuration list for PBXNativeTarget "CommonTests" */ = {
			isa = XCConfigurationList;
			buildConfigurations = (
				EFAA190C218D22D9003C7508 /* Debug */,
				EFAA190D218D22D9003C7508 /* Release */,
			);
			defaultConfigurationIsVisible = 0;
			defaultConfigurationName = Release;
		};
		EFAA1AD3218F0C29003C7508 /* Build configuration list for PBXNativeTarget "CommonApp" */ = {
			isa = XCConfigurationList;
			buildConfigurations = (
				EFAA1AD4218F0C29003C7508 /* Debug */,
				EFAA1AD5218F0C29003C7508 /* Release */,
			);
			defaultConfigurationIsVisible = 0;
			defaultConfigurationName = Release;
		};
/* End XCConfigurationList section */
	};
	rootObject = EFAA18EB218D22D9003C7508 /* Project object */;
}
