// !$*UTF8*$!
{
	archiveVersion = 1;
	classes = {
	};
	objectVersion = 48;
	objects = {

/* Begin PBXBuildFile section */
		EFAA18E4218D1FDC003C7508 /* SubApplicationManager.swift in Sources */ = {isa = PBXBuildFile; fileRef = EFAA18E3218D1FDC003C7508 /* SubApplicationManager.swift */; };
		EFAA18E8218D2293003C7508 /* LauncherCell.swift in Sources */ = {isa = PBXBuildFile; fileRef = EFAA18E6218D2293003C7508 /* LauncherCell.swift */; };
		EFAA18E9218D2293003C7508 /* LauncherCell.xib in Resources */ = {isa = PBXBuildFile; fileRef = EFAA18E7218D2293003C7508 /* LauncherCell.xib */; };
		EFAA191A218D29DA003C7508 /* Common.framework in Frameworks */ = {isa = PBXBuildFile; fileRef = EFAA1919218D29DA003C7508 /* Common.framework */; };
		EFAA191B218D29DA003C7508 /* Common.framework in Embed Frameworks */ = {isa = PBXBuildFile; fileRef = EFAA1919218D29DA003C7508 /* Common.framework */; settings = {ATTRIBUTES = (CodeSignOnCopy, RemoveHeadersOnCopy, ); }; };
		EFAA191D218D2A75003C7508 /* Configuration.swift in Sources */ = {isa = PBXBuildFile; fileRef = EFAA191C218D2A75003C7508 /* Configuration.swift */; };
		EFAA1920218D2C82003C7508 /* Networking.framework in Frameworks */ = {isa = PBXBuildFile; fileRef = EFAA191F218D2C82003C7508 /* Networking.framework */; };
		EFAA1921218D2C82003C7508 /* Networking.framework in Embed Frameworks */ = {isa = PBXBuildFile; fileRef = EFAA191F218D2C82003C7508 /* Networking.framework */; settings = {ATTRIBUTES = (CodeSignOnCopy, RemoveHeadersOnCopy, ); }; };
		EFAA1923218D2C82003C7508 /* Database.framework in Frameworks */ = {isa = PBXBuildFile; fileRef = EFAA1922218D2C82003C7508 /* Database.framework */; };
		EFAA1924218D2C82003C7508 /* Database.framework in Embed Frameworks */ = {isa = PBXBuildFile; fileRef = EFAA1922218D2C82003C7508 /* Database.framework */; settings = {ATTRIBUTES = (CodeSignOnCopy, RemoveHeadersOnCopy, ); }; };
		EFAA1926218D2C82003C7508 /* LowonganKerjaMuslim.framework in Frameworks */ = {isa = PBXBuildFile; fileRef = EFAA1925218D2C82003C7508 /* LowonganKerjaMuslim.framework */; };
		EFAA1927218D2C82003C7508 /* LowonganKerjaMuslim.framework in Embed Frameworks */ = {isa = PBXBuildFile; fileRef = EFAA1925218D2C82003C7508 /* LowonganKerjaMuslim.framework */; settings = {ATTRIBUTES = (CodeSignOnCopy, RemoveHeadersOnCopy, ); }; };
		EFAA1929218D2C82003C7508 /* AgendaMuslim.framework in Frameworks */ = {isa = PBXBuildFile; fileRef = EFAA1928218D2C82003C7508 /* AgendaMuslim.framework */; };
		EFAA192A218D2C82003C7508 /* AgendaMuslim.framework in Embed Frameworks */ = {isa = PBXBuildFile; fileRef = EFAA1928218D2C82003C7508 /* AgendaMuslim.framework */; settings = {ATTRIBUTES = (CodeSignOnCopy, RemoveHeadersOnCopy, ); }; };
		EFAA192C218D2D92003C7508 /* HomeController.xib in Resources */ = {isa = PBXBuildFile; fileRef = EFAA192B218D2D92003C7508 /* HomeController.xib */; };
		EFAA192E218D3A23003C7508 /* UIView+Extension.swift in Sources */ = {isa = PBXBuildFile; fileRef = EFAA192D218D3A23003C7508 /* UIView+Extension.swift */; };
		EFAA19E0218D54B6003C7508 /* KakakAsuh.framework in Frameworks */ = {isa = PBXBuildFile; fileRef = EFAA19DF218D54B6003C7508 /* KakakAsuh.framework */; };
		EFAA19E1218D54B6003C7508 /* KakakAsuh.framework in Embed Frameworks */ = {isa = PBXBuildFile; fileRef = EFAA19DF218D54B6003C7508 /* KakakAsuh.framework */; settings = {ATTRIBUTES = (CodeSignOnCopy, RemoveHeadersOnCopy, ); }; };
		EFAA19E3218D54BD003C7508 /* CatatanMuslim.framework in Frameworks */ = {isa = PBXBuildFile; fileRef = EFAA19E2218D54BD003C7508 /* CatatanMuslim.framework */; };
		EFAA19E4218D54BD003C7508 /* CatatanMuslim.framework in Embed Frameworks */ = {isa = PBXBuildFile; fileRef = EFAA19E2218D54BD003C7508 /* CatatanMuslim.framework */; settings = {ATTRIBUTES = (CodeSignOnCopy, RemoveHeadersOnCopy, ); }; };
		EFAA19E6218D54CE003C7508 /* JadwalShalat.framework in Frameworks */ = {isa = PBXBuildFile; fileRef = EFAA19E5218D54CE003C7508 /* JadwalShalat.framework */; };
		EFAA19E7218D54CE003C7508 /* JadwalShalat.framework in Embed Frameworks */ = {isa = PBXBuildFile; fileRef = EFAA19E5218D54CE003C7508 /* JadwalShalat.framework */; settings = {ATTRIBUTES = (CodeSignOnCopy, RemoveHeadersOnCopy, ); }; };
		EFAA19E9218D54CE003C7508 /* AmalanYaumiyah.framework in Frameworks */ = {isa = PBXBuildFile; fileRef = EFAA19E8218D54CE003C7508 /* AmalanYaumiyah.framework */; };
		EFAA19EA218D54CE003C7508 /* AmalanYaumiyah.framework in Embed Frameworks */ = {isa = PBXBuildFile; fileRef = EFAA19E8218D54CE003C7508 /* AmalanYaumiyah.framework */; settings = {ATTRIBUTES = (CodeSignOnCopy, RemoveHeadersOnCopy, ); }; };
		EFAA1A0A218D76E9003C7508 /* ProfileController.swift in Sources */ = {isa = PBXBuildFile; fileRef = EFAA1A09218D76E9003C7508 /* ProfileController.swift */; };
		EFAA1A0C218D7722003C7508 /* NotificationController.swift in Sources */ = {isa = PBXBuildFile; fileRef = EFAA1A0B218D7722003C7508 /* NotificationController.swift */; };
		EFAA1A0E218D77D8003C7508 /* Coordinator.swift in Sources */ = {isa = PBXBuildFile; fileRef = EFAA1A0D218D77D8003C7508 /* Coordinator.swift */; };
		EFAA1A11218D7823003C7508 /* Navigator.swift in Sources */ = {isa = PBXBuildFile; fileRef = EFAA1A10218D7823003C7508 /* Navigator.swift */; };
		EFAA1A13218D78ED003C7508 /* HomeCoordinator.swift in Sources */ = {isa = PBXBuildFile; fileRef = EFAA1A12218D78ED003C7508 /* HomeCoordinator.swift */; };
		EFAA1A16218D7B03003C7508 /* SubApplicationCoordinator.swift in Sources */ = {isa = PBXBuildFile; fileRef = EFAA1A15218D7B03003C7508 /* SubApplicationCoordinator.swift */; };
		EFAA1A18218D7BD7003C7508 /* ProfileCoordinator.swift in Sources */ = {isa = PBXBuildFile; fileRef = EFAA1A17218D7BD7003C7508 /* ProfileCoordinator.swift */; };
		EFAA1A1A218D7C9B003C7508 /* HomePresenter.swift in Sources */ = {isa = PBXBuildFile; fileRef = EFAA1A19218D7C9B003C7508 /* HomePresenter.swift */; };
		EFAA1A1C218D7D50003C7508 /* NotificationCoordinator.swift in Sources */ = {isa = PBXBuildFile; fileRef = EFAA1A1B218D7D50003C7508 /* NotificationCoordinator.swift */; };
		EFAA1A26218DAE5C003C7508 /* AssetsFileNames.swift in Sources */ = {isa = PBXBuildFile; fileRef = EFAA1A25218DAE5C003C7508 /* AssetsFileNames.swift */; };
		EFB90B12218C7CAE00CAEC2E /* AppDelegate.swift in Sources */ = {isa = PBXBuildFile; fileRef = EFB90B11218C7CAE00CAEC2E /* AppDelegate.swift */; };
		EFB90B14218C7CAE00CAEC2E /* ViewController.swift in Sources */ = {isa = PBXBuildFile; fileRef = EFB90B13218C7CAE00CAEC2E /* ViewController.swift */; };
		EFB90B19218C7CAE00CAEC2E /* Assets.xcassets in Resources */ = {isa = PBXBuildFile; fileRef = EFB90B18218C7CAE00CAEC2E /* Assets.xcassets */; };
		EFB90B1C218C7CAE00CAEC2E /* LaunchScreen.storyboard in Resources */ = {isa = PBXBuildFile; fileRef = EFB90B1A218C7CAE00CAEC2E /* LaunchScreen.storyboard */; };
		EFB90BCE218C7F4000CAEC2E /* SubApplication.framework in Frameworks */ = {isa = PBXBuildFile; fileRef = EFB90BC5218C7F4000CAEC2E /* SubApplication.framework */; };
		EFB90BD5218C7F4000CAEC2E /* SubApplicationTests.swift in Sources */ = {isa = PBXBuildFile; fileRef = EFB90BD4218C7F4000CAEC2E /* SubApplicationTests.swift */; };
		EFB90BD7218C7F4000CAEC2E /* SubApplication.h in Headers */ = {isa = PBXBuildFile; fileRef = EFB90BC7218C7F4000CAEC2E /* SubApplication.h */; settings = {ATTRIBUTES = (Public, ); }; };
		EFB90BDA218C7F4000CAEC2E /* SubApplication.framework in Frameworks */ = {isa = PBXBuildFile; fileRef = EFB90BC5218C7F4000CAEC2E /* SubApplication.framework */; };
		EFB90BDB218C7F4000CAEC2E /* SubApplication.framework in Embed Frameworks */ = {isa = PBXBuildFile; fileRef = EFB90BC5218C7F4000CAEC2E /* SubApplication.framework */; settings = {ATTRIBUTES = (CodeSignOnCopy, RemoveHeadersOnCopy, ); }; };
		EFB90BE4218C7F8B00CAEC2E /* SubApplication.swift in Sources */ = {isa = PBXBuildFile; fileRef = EFB90BE3218C7F8B00CAEC2E /* SubApplication.swift */; };
		EFB90C5E218C883800CAEC2E /* Application.swift in Sources */ = {isa = PBXBuildFile; fileRef = EFB90C5D218C883800CAEC2E /* Application.swift */; };
		EFB90C60218C899500CAEC2E /* HomeController.swift in Sources */ = {isa = PBXBuildFile; fileRef = EFB90C5F218C899500CAEC2E /* HomeController.swift */; };
/* End PBXBuildFile section */

/* Begin PBXContainerItemProxy section */
		EFB90BCF218C7F4000CAEC2E /* PBXContainerItemProxy */ = {
			isa = PBXContainerItemProxy;
			containerPortal = EFB90B06218C7CAE00CAEC2E /* Project object */;
			proxyType = 1;
			remoteGlobalIDString = EFB90BC4218C7F4000CAEC2E;
			remoteInfo = SubApplication;
		};
		EFB90BD1218C7F4000CAEC2E /* PBXContainerItemProxy */ = {
			isa = PBXContainerItemProxy;
			containerPortal = EFB90B06218C7CAE00CAEC2E /* Project object */;
			proxyType = 1;
			remoteGlobalIDString = EFB90B0D218C7CAE00CAEC2E;
			remoteInfo = MuslimApp;
		};
		EFB90BD8218C7F4000CAEC2E /* PBXContainerItemProxy */ = {
			isa = PBXContainerItemProxy;
			containerPortal = EFB90B06218C7CAE00CAEC2E /* Project object */;
			proxyType = 1;
			remoteGlobalIDString = EFB90BC4218C7F4000CAEC2E;
			remoteInfo = SubApplication;
		};
/* End PBXContainerItemProxy section */

/* Begin PBXCopyFilesBuildPhase section */
		EFB90BB7218C7EFB00CAEC2E /* Embed Frameworks */ = {
			isa = PBXCopyFilesBuildPhase;
			buildActionMask = 2147483647;
			dstPath = "";
			dstSubfolderSpec = 10;
			files = (
				EFB90BDB218C7F4000CAEC2E /* SubApplication.framework in Embed Frameworks */,
				EFAA191B218D29DA003C7508 /* Common.framework in Embed Frameworks */,
				EFAA19E1218D54B6003C7508 /* KakakAsuh.framework in Embed Frameworks */,
				EFAA19E7218D54CE003C7508 /* JadwalShalat.framework in Embed Frameworks */,
				EFAA1921218D2C82003C7508 /* Networking.framework in Embed Frameworks */,
				EFAA1927218D2C82003C7508 /* LowonganKerjaMuslim.framework in Embed Frameworks */,
				EFAA1924218D2C82003C7508 /* Database.framework in Embed Frameworks */,
				EFAA19E4218D54BD003C7508 /* CatatanMuslim.framework in Embed Frameworks */,
				EFAA192A218D2C82003C7508 /* AgendaMuslim.framework in Embed Frameworks */,
				EFAA19EA218D54CE003C7508 /* AmalanYaumiyah.framework in Embed Frameworks */,
			);
			name = "Embed Frameworks";
			runOnlyForDeploymentPostprocessing = 0;
		};
/* End PBXCopyFilesBuildPhase section */

/* Begin PBXFileReference section */
		EFAA18E3218D1FDC003C7508 /* SubApplicationManager.swift */ = {isa = PBXFileReference; lastKnownFileType = sourcecode.swift; path = SubApplicationManager.swift; sourceTree = "<group>"; };
		EFAA18E6218D2293003C7508 /* LauncherCell.swift */ = {isa = PBXFileReference; lastKnownFileType = sourcecode.swift; path = LauncherCell.swift; sourceTree = "<group>"; };
		EFAA18E7218D2293003C7508 /* LauncherCell.xib */ = {isa = PBXFileReference; lastKnownFileType = file.xib; path = LauncherCell.xib; sourceTree = "<group>"; };
		EFAA1919218D29DA003C7508 /* Common.framework */ = {isa = PBXFileReference; explicitFileType = wrapper.framework; path = Common.framework; sourceTree = BUILT_PRODUCTS_DIR; };
		EFAA191C218D2A75003C7508 /* Configuration.swift */ = {isa = PBXFileReference; lastKnownFileType = sourcecode.swift; path = Configuration.swift; sourceTree = "<group>"; };
		EFAA191F218D2C82003C7508 /* Networking.framework */ = {isa = PBXFileReference; explicitFileType = wrapper.framework; path = Networking.framework; sourceTree = BUILT_PRODUCTS_DIR; };
		EFAA1922218D2C82003C7508 /* Database.framework */ = {isa = PBXFileReference; explicitFileType = wrapper.framework; path = Database.framework; sourceTree = BUILT_PRODUCTS_DIR; };
		EFAA1925218D2C82003C7508 /* LowonganKerjaMuslim.framework */ = {isa = PBXFileReference; explicitFileType = wrapper.framework; path = LowonganKerjaMuslim.framework; sourceTree = BUILT_PRODUCTS_DIR; };
		EFAA1928218D2C82003C7508 /* AgendaMuslim.framework */ = {isa = PBXFileReference; explicitFileType = wrapper.framework; path = AgendaMuslim.framework; sourceTree = BUILT_PRODUCTS_DIR; };
		EFAA192B218D2D92003C7508 /* HomeController.xib */ = {isa = PBXFileReference; lastKnownFileType = file.xib; path = HomeController.xib; sourceTree = "<group>"; };
		EFAA192D218D3A23003C7508 /* UIView+Extension.swift */ = {isa = PBXFileReference; lastKnownFileType = sourcecode.swift; path = "UIView+Extension.swift"; sourceTree = "<group>"; };
		EFAA19DF218D54B6003C7508 /* KakakAsuh.framework */ = {isa = PBXFileReference; explicitFileType = wrapper.framework; path = KakakAsuh.framework; sourceTree = BUILT_PRODUCTS_DIR; };
		EFAA19E2218D54BD003C7508 /* CatatanMuslim.framework */ = {isa = PBXFileReference; explicitFileType = wrapper.framework; path = CatatanMuslim.framework; sourceTree = BUILT_PRODUCTS_DIR; };
		EFAA19E5218D54CE003C7508 /* JadwalShalat.framework */ = {isa = PBXFileReference; explicitFileType = wrapper.framework; path = JadwalShalat.framework; sourceTree = BUILT_PRODUCTS_DIR; };
		EFAA19E8218D54CE003C7508 /* AmalanYaumiyah.framework */ = {isa = PBXFileReference; explicitFileType = wrapper.framework; path = AmalanYaumiyah.framework; sourceTree = BUILT_PRODUCTS_DIR; };
		EFAA1A09218D76E9003C7508 /* ProfileController.swift */ = {isa = PBXFileReference; lastKnownFileType = sourcecode.swift; path = ProfileController.swift; sourceTree = "<group>"; };
		EFAA1A0B218D7722003C7508 /* NotificationController.swift */ = {isa = PBXFileReference; lastKnownFileType = sourcecode.swift; path = NotificationController.swift; sourceTree = "<group>"; };
		EFAA1A0D218D77D8003C7508 /* Coordinator.swift */ = {isa = PBXFileReference; lastKnownFileType = sourcecode.swift; path = Coordinator.swift; sourceTree = "<group>"; };
		EFAA1A10218D7823003C7508 /* Navigator.swift */ = {isa = PBXFileReference; lastKnownFileType = sourcecode.swift; path = Navigator.swift; sourceTree = "<group>"; };
		EFAA1A12218D78ED003C7508 /* HomeCoordinator.swift */ = {isa = PBXFileReference; lastKnownFileType = sourcecode.swift; path = HomeCoordinator.swift; sourceTree = "<group>"; };
		EFAA1A15218D7B03003C7508 /* SubApplicationCoordinator.swift */ = {isa = PBXFileReference; lastKnownFileType = sourcecode.swift; path = SubApplicationCoordinator.swift; sourceTree = "<group>"; };
		EFAA1A17218D7BD7003C7508 /* ProfileCoordinator.swift */ = {isa = PBXFileReference; lastKnownFileType = sourcecode.swift; path = ProfileCoordinator.swift; sourceTree = "<group>"; };
		EFAA1A19218D7C9B003C7508 /* HomePresenter.swift */ = {isa = PBXFileReference; lastKnownFileType = sourcecode.swift; path = HomePresenter.swift; sourceTree = "<group>"; };
		EFAA1A1B218D7D50003C7508 /* NotificationCoordinator.swift */ = {isa = PBXFileReference; lastKnownFileType = sourcecode.swift; path = NotificationCoordinator.swift; sourceTree = "<group>"; };
		EFAA1A25218DAE5C003C7508 /* AssetsFileNames.swift */ = {isa = PBXFileReference; lastKnownFileType = sourcecode.swift; path = AssetsFileNames.swift; sourceTree = "<group>"; };
		EFB90B0E218C7CAE00CAEC2E /* MuslimApp.app */ = {isa = PBXFileReference; explicitFileType = wrapper.application; includeInIndex = 0; path = MuslimApp.app; sourceTree = BUILT_PRODUCTS_DIR; };
		EFB90B11218C7CAE00CAEC2E /* AppDelegate.swift */ = {isa = PBXFileReference; lastKnownFileType = sourcecode.swift; path = AppDelegate.swift; sourceTree = "<group>"; };
		EFB90B13218C7CAE00CAEC2E /* ViewController.swift */ = {isa = PBXFileReference; lastKnownFileType = sourcecode.swift; path = ViewController.swift; sourceTree = "<group>"; };
		EFB90B18218C7CAE00CAEC2E /* Assets.xcassets */ = {isa = PBXFileReference; lastKnownFileType = folder.assetcatalog; path = Assets.xcassets; sourceTree = "<group>"; };
		EFB90B1B218C7CAE00CAEC2E /* Base */ = {isa = PBXFileReference; lastKnownFileType = file.storyboard; name = Base; path = Base.lproj/LaunchScreen.storyboard; sourceTree = "<group>"; };
		EFB90B1D218C7CAE00CAEC2E /* Info.plist */ = {isa = PBXFileReference; lastKnownFileType = text.plist.xml; path = Info.plist; sourceTree = "<group>"; };
		EFB90BC5218C7F4000CAEC2E /* SubApplication.framework */ = {isa = PBXFileReference; explicitFileType = wrapper.framework; includeInIndex = 0; path = SubApplication.framework; sourceTree = BUILT_PRODUCTS_DIR; };
		EFB90BC7218C7F4000CAEC2E /* SubApplication.h */ = {isa = PBXFileReference; lastKnownFileType = sourcecode.c.h; path = SubApplication.h; sourceTree = "<group>"; };
		EFB90BC8218C7F4000CAEC2E /* Info.plist */ = {isa = PBXFileReference; lastKnownFileType = text.plist.xml; path = Info.plist; sourceTree = "<group>"; };
		EFB90BCD218C7F4000CAEC2E /* SubApplicationTests.xctest */ = {isa = PBXFileReference; explicitFileType = wrapper.cfbundle; includeInIndex = 0; path = SubApplicationTests.xctest; sourceTree = BUILT_PRODUCTS_DIR; };
		EFB90BD4218C7F4000CAEC2E /* SubApplicationTests.swift */ = {isa = PBXFileReference; lastKnownFileType = sourcecode.swift; path = SubApplicationTests.swift; sourceTree = "<group>"; };
		EFB90BD6218C7F4000CAEC2E /* Info.plist */ = {isa = PBXFileReference; lastKnownFileType = text.plist.xml; path = Info.plist; sourceTree = "<group>"; };
		EFB90BE3218C7F8B00CAEC2E /* SubApplication.swift */ = {isa = PBXFileReference; lastKnownFileType = sourcecode.swift; path = SubApplication.swift; sourceTree = "<group>"; };
		EFB90C5D218C883800CAEC2E /* Application.swift */ = {isa = PBXFileReference; lastKnownFileType = sourcecode.swift; path = Application.swift; sourceTree = "<group>"; };
		EFB90C5F218C899500CAEC2E /* HomeController.swift */ = {isa = PBXFileReference; lastKnownFileType = sourcecode.swift; path = HomeController.swift; sourceTree = "<group>"; };
/* End PBXFileReference section */

/* Begin PBXFrameworksBuildPhase section */
		EFB90B0B218C7CAE00CAEC2E /* Frameworks */ = {
			isa = PBXFrameworksBuildPhase;
			buildActionMask = 2147483647;
			files = (
				EFB90BDA218C7F4000CAEC2E /* SubApplication.framework in Frameworks */,
				EFAA191A218D29DA003C7508 /* Common.framework in Frameworks */,
				EFAA19E0218D54B6003C7508 /* KakakAsuh.framework in Frameworks */,
				EFAA19E6218D54CE003C7508 /* JadwalShalat.framework in Frameworks */,
				EFAA1920218D2C82003C7508 /* Networking.framework in Frameworks */,
				EFAA1926218D2C82003C7508 /* LowonganKerjaMuslim.framework in Frameworks */,
				EFAA1923218D2C82003C7508 /* Database.framework in Frameworks */,
				EFAA19E3218D54BD003C7508 /* CatatanMuslim.framework in Frameworks */,
				EFAA1929218D2C82003C7508 /* AgendaMuslim.framework in Frameworks */,
				EFAA19E9218D54CE003C7508 /* AmalanYaumiyah.framework in Frameworks */,
			);
			runOnlyForDeploymentPostprocessing = 0;
		};
		EFB90BC1218C7F4000CAEC2E /* Frameworks */ = {
			isa = PBXFrameworksBuildPhase;
			buildActionMask = 2147483647;
			files = (
			);
			runOnlyForDeploymentPostprocessing = 0;
		};
		EFB90BCA218C7F4000CAEC2E /* Frameworks */ = {
			isa = PBXFrameworksBuildPhase;
			buildActionMask = 2147483647;
			files = (
				EFB90BCE218C7F4000CAEC2E /* SubApplication.framework in Frameworks */,
			);
			runOnlyForDeploymentPostprocessing = 0;
		};
/* End PBXFrameworksBuildPhase section */

/* Begin PBXGroup section */
		EF1B88B0218D0D9F00A71AFE /* HomeLauncher */ = {
			isa = PBXGroup;
			children = (
				EFAA18E5218D2256003C7508 /* Components */,
				EFB90C5F218C899500CAEC2E /* HomeController.swift */,
				EFAA192B218D2D92003C7508 /* HomeController.xib */,
				EFAA1A12218D78ED003C7508 /* HomeCoordinator.swift */,
				EFAA1A19218D7C9B003C7508 /* HomePresenter.swift */,
			);
			path = HomeLauncher;
			sourceTree = "<group>";
		};
		EF1B88B5218D0DAE00A71AFE /* Scenes */ = {
			isa = PBXGroup;
			children = (
				EFAA1A14218D7AF5003C7508 /* SubApplication */,
				EFAA1A08218D769D003C7508 /* Notification */,
				EFAA1A07218D7693003C7508 /* Profile */,
				EF1B88B6218D0DDC00A71AFE /* Authentication */,
				EF1B88B0218D0D9F00A71AFE /* HomeLauncher */,
			);
			path = Scenes;
			sourceTree = "<group>";
		};
		EF1B88B6218D0DDC00A71AFE /* Authentication */ = {
			isa = PBXGroup;
			children = (
				EF1B88B9218D0E2100A71AFE /* Login */,
				EF1B88B7218D0DE800A71AFE /* Registration */,
			);
			path = Authentication;
			sourceTree = "<group>";
		};
		EF1B88B7218D0DE800A71AFE /* Registration */ = {
			isa = PBXGroup;
			children = (
			);
			path = Registration;
			sourceTree = "<group>";
		};
		EF1B88B9218D0E2100A71AFE /* Login */ = {
			isa = PBXGroup;
			children = (
			);
			path = Login;
			sourceTree = "<group>";
		};
		EFAA18E5218D2256003C7508 /* Components */ = {
			isa = PBXGroup;
			children = (
				EFAA18E6218D2293003C7508 /* LauncherCell.swift */,
				EFAA18E7218D2293003C7508 /* LauncherCell.xib */,
			);
			path = Components;
			sourceTree = "<group>";
		};
		EFAA191E218D2A7C003C7508 /* Extensions */ = {
			isa = PBXGroup;
			children = (
				EFAA191C218D2A75003C7508 /* Configuration.swift */,
				EFAA192D218D3A23003C7508 /* UIView+Extension.swift */,
				EFAA1A25218DAE5C003C7508 /* AssetsFileNames.swift */,
			);
			path = Extensions;
			sourceTree = "<group>";
		};
		EFAA1A07218D7693003C7508 /* Profile */ = {
			isa = PBXGroup;
			children = (
				EFAA1A09218D76E9003C7508 /* ProfileController.swift */,
				EFAA1A17218D7BD7003C7508 /* ProfileCoordinator.swift */,
			);
			path = Profile;
			sourceTree = "<group>";
		};
		EFAA1A08218D769D003C7508 /* Notification */ = {
			isa = PBXGroup;
			children = (
				EFAA1A0B218D7722003C7508 /* NotificationController.swift */,
				EFAA1A1B218D7D50003C7508 /* NotificationCoordinator.swift */,
			);
			path = Notification;
			sourceTree = "<group>";
		};
		EFAA1A0F218D77F3003C7508 /* Utilities */ = {
			isa = PBXGroup;
			children = (
				EFAA1A0D218D77D8003C7508 /* Coordinator.swift */,
				EFAA1A10218D7823003C7508 /* Navigator.swift */,
			);
			path = Utilities;
			sourceTree = "<group>";
		};
		EFAA1A14218D7AF5003C7508 /* SubApplication */ = {
			isa = PBXGroup;
			children = (
				EFAA1A15218D7B03003C7508 /* SubApplicationCoordinator.swift */,
			);
			path = SubApplication;
			sourceTree = "<group>";
		};
		EFB90B05218C7CAE00CAEC2E = {
			isa = PBXGroup;
			children = (
				EFAA19E8218D54CE003C7508 /* AmalanYaumiyah.framework */,
				EFAA19E5218D54CE003C7508 /* JadwalShalat.framework */,
				EFAA19E2218D54BD003C7508 /* CatatanMuslim.framework */,
				EFAA19DF218D54B6003C7508 /* KakakAsuh.framework */,
				EFAA1928218D2C82003C7508 /* AgendaMuslim.framework */,
				EFAA1925218D2C82003C7508 /* LowonganKerjaMuslim.framework */,
				EFAA1922218D2C82003C7508 /* Database.framework */,
				EFAA191F218D2C82003C7508 /* Networking.framework */,
				EFAA1919218D29DA003C7508 /* Common.framework */,
				EFB90B10218C7CAE00CAEC2E /* MuslimApp */,
				EFB90BC6218C7F4000CAEC2E /* SubApplication */,
				EFB90BD3218C7F4000CAEC2E /* SubApplicationTests */,
				EFB90B0F218C7CAE00CAEC2E /* Products */,
			);
			sourceTree = "<group>";
		};
		EFB90B0F218C7CAE00CAEC2E /* Products */ = {
			isa = PBXGroup;
			children = (
				EFB90B0E218C7CAE00CAEC2E /* MuslimApp.app */,
				EFB90BC5218C7F4000CAEC2E /* SubApplication.framework */,
				EFB90BCD218C7F4000CAEC2E /* SubApplicationTests.xctest */,
			);
			name = Products;
			sourceTree = "<group>";
		};
		EFB90B10218C7CAE00CAEC2E /* MuslimApp */ = {
			isa = PBXGroup;
			children = (
				EFB90B11218C7CAE00CAEC2E /* AppDelegate.swift */,
				EFB90B13218C7CAE00CAEC2E /* ViewController.swift */,
				EFB90B18218C7CAE00CAEC2E /* Assets.xcassets */,
				EFB90B1A218C7CAE00CAEC2E /* LaunchScreen.storyboard */,
				EFB90B1D218C7CAE00CAEC2E /* Info.plist */,
				EFB90C5D218C883800CAEC2E /* Application.swift */,
				EFAA18E3218D1FDC003C7508 /* SubApplicationManager.swift */,
				EF1B88B5218D0DAE00A71AFE /* Scenes */,
				EFAA191E218D2A7C003C7508 /* Extensions */,
				EFAA1A0F218D77F3003C7508 /* Utilities */,
			);
			path = MuslimApp;
			sourceTree = "<group>";
		};
		EFB90BC6218C7F4000CAEC2E /* SubApplication */ = {
			isa = PBXGroup;
			children = (
				EFB90BE2218C7F7B00CAEC2E /* Classes */,
				EFB90BC7218C7F4000CAEC2E /* SubApplication.h */,
				EFB90BC8218C7F4000CAEC2E /* Info.plist */,
			);
			path = SubApplication;
			sourceTree = "<group>";
		};
		EFB90BD3218C7F4000CAEC2E /* SubApplicationTests */ = {
			isa = PBXGroup;
			children = (
				EFB90BD4218C7F4000CAEC2E /* SubApplicationTests.swift */,
				EFB90BD6218C7F4000CAEC2E /* Info.plist */,
			);
			path = SubApplicationTests;
			sourceTree = "<group>";
		};
		EFB90BE2218C7F7B00CAEC2E /* Classes */ = {
			isa = PBXGroup;
			children = (
				EFB90BE3218C7F8B00CAEC2E /* SubApplication.swift */,
			);
			path = Classes;
			sourceTree = "<group>";
		};
/* End PBXGroup section */

/* Begin PBXHeadersBuildPhase section */
		EFB90BC2218C7F4000CAEC2E /* Headers */ = {
			isa = PBXHeadersBuildPhase;
			buildActionMask = 2147483647;
			files = (
				EFB90BD7218C7F4000CAEC2E /* SubApplication.h in Headers */,
			);
			runOnlyForDeploymentPostprocessing = 0;
		};
/* End PBXHeadersBuildPhase section */

/* Begin PBXNativeTarget section */
		EFB90B0D218C7CAE00CAEC2E /* MuslimApp */ = {
			isa = PBXNativeTarget;
			buildConfigurationList = EFB90B20218C7CAE00CAEC2E /* Build configuration list for PBXNativeTarget "MuslimApp" */;
			buildPhases = (
				EFB90B0A218C7CAE00CAEC2E /* Sources */,
				EFB90B0B218C7CAE00CAEC2E /* Frameworks */,
				EFB90B0C218C7CAE00CAEC2E /* Resources */,
				EFB90BB7218C7EFB00CAEC2E /* Embed Frameworks */,
			);
			buildRules = (
			);
			dependencies = (
				EFB90BD9218C7F4000CAEC2E /* PBXTargetDependency */,
			);
			name = MuslimApp;
			productName = MuslimApp;
			productReference = EFB90B0E218C7CAE00CAEC2E /* MuslimApp.app */;
			productType = "com.apple.product-type.application";
		};
		EFB90BC4218C7F4000CAEC2E /* SubApplication */ = {
			isa = PBXNativeTarget;
			buildConfigurationList = EFB90BDC218C7F4000CAEC2E /* Build configuration list for PBXNativeTarget "SubApplication" */;
			buildPhases = (
				EFB90BC0218C7F4000CAEC2E /* Sources */,
				EFB90BC1218C7F4000CAEC2E /* Frameworks */,
				EFB90BC2218C7F4000CAEC2E /* Headers */,
				EFB90BC3218C7F4000CAEC2E /* Resources */,
			);
			buildRules = (
			);
			dependencies = (
			);
			name = SubApplication;
			productName = SubApplication;
			productReference = EFB90BC5218C7F4000CAEC2E /* SubApplication.framework */;
			productType = "com.apple.product-type.framework";
		};
		EFB90BCC218C7F4000CAEC2E /* SubApplicationTests */ = {
			isa = PBXNativeTarget;
			buildConfigurationList = EFB90BDF218C7F4000CAEC2E /* Build configuration list for PBXNativeTarget "SubApplicationTests" */;
			buildPhases = (
				EFB90BC9218C7F4000CAEC2E /* Sources */,
				EFB90BCA218C7F4000CAEC2E /* Frameworks */,
				EFB90BCB218C7F4000CAEC2E /* Resources */,
			);
			buildRules = (
			);
			dependencies = (
				EFB90BD0218C7F4000CAEC2E /* PBXTargetDependency */,
				EFB90BD2218C7F4000CAEC2E /* PBXTargetDependency */,
			);
			name = SubApplicationTests;
			productName = SubApplicationTests;
			productReference = EFB90BCD218C7F4000CAEC2E /* SubApplicationTests.xctest */;
			productType = "com.apple.product-type.bundle.unit-test";
		};
/* End PBXNativeTarget section */

/* Begin PBXProject section */
		EFB90B06218C7CAE00CAEC2E /* Project object */ = {
			isa = PBXProject;
			attributes = {
				LastSwiftUpdateCheck = 0920;
				LastUpgradeCheck = 0920;
				ORGANIZATIONNAME = PondokiOS;
				TargetAttributes = {
					EFB90B0D218C7CAE00CAEC2E = {
						CreatedOnToolsVersion = 9.2;
						ProvisioningStyle = Automatic;
					};
					EFB90BC4218C7F4000CAEC2E = {
						CreatedOnToolsVersion = 9.2;
						LastSwiftMigration = 0920;
						ProvisioningStyle = Automatic;
					};
					EFB90BCC218C7F4000CAEC2E = {
						CreatedOnToolsVersion = 9.2;
						ProvisioningStyle = Automatic;
						TestTargetID = EFB90B0D218C7CAE00CAEC2E;
					};
				};
			};
			buildConfigurationList = EFB90B09218C7CAE00CAEC2E /* Build configuration list for PBXProject "MuslimApp" */;
			compatibilityVersion = "Xcode 8.0";
			developmentRegion = en;
			hasScannedForEncodings = 0;
			knownRegions = (
				en,
				Base,
			);
			mainGroup = EFB90B05218C7CAE00CAEC2E;
			productRefGroup = EFB90B0F218C7CAE00CAEC2E /* Products */;
			projectDirPath = "";
			projectRoot = "";
			targets = (
				EFB90B0D218C7CAE00CAEC2E /* MuslimApp */,
				EFB90BC4218C7F4000CAEC2E /* SubApplication */,
				EFB90BCC218C7F4000CAEC2E /* SubApplicationTests */,
			);
		};
/* End PBXProject section */

/* Begin PBXResourcesBuildPhase section */
		EFB90B0C218C7CAE00CAEC2E /* Resources */ = {
			isa = PBXResourcesBuildPhase;
			buildActionMask = 2147483647;
			files = (
				EFAA192C218D2D92003C7508 /* HomeController.xib in Resources */,
				EFB90B1C218C7CAE00CAEC2E /* LaunchScreen.storyboard in Resources */,
				EFAA18E9218D2293003C7508 /* LauncherCell.xib in Resources */,
				EFB90B19218C7CAE00CAEC2E /* Assets.xcassets in Resources */,
			);
			runOnlyForDeploymentPostprocessing = 0;
		};
		EFB90BC3218C7F4000CAEC2E /* Resources */ = {
			isa = PBXResourcesBuildPhase;
			buildActionMask = 2147483647;
			files = (
			);
			runOnlyForDeploymentPostprocessing = 0;
		};
		EFB90BCB218C7F4000CAEC2E /* Resources */ = {
			isa = PBXResourcesBuildPhase;
			buildActionMask = 2147483647;
			files = (
			);
			runOnlyForDeploymentPostprocessing = 0;
		};
/* End PBXResourcesBuildPhase section */

/* Begin PBXSourcesBuildPhase section */
		EFB90B0A218C7CAE00CAEC2E /* Sources */ = {
			isa = PBXSourcesBuildPhase;
			buildActionMask = 2147483647;
			files = (
				EFAA1A1C218D7D50003C7508 /* NotificationCoordinator.swift in Sources */,
				EFAA1A0C218D7722003C7508 /* NotificationController.swift in Sources */,
				EFB90C60218C899500CAEC2E /* HomeController.swift in Sources */,
				EFAA1A18218D7BD7003C7508 /* ProfileCoordinator.swift in Sources */,
				EFAA191D218D2A75003C7508 /* Configuration.swift in Sources */,
				EFAA192E218D3A23003C7508 /* UIView+Extension.swift in Sources */,
				EFAA18E8218D2293003C7508 /* LauncherCell.swift in Sources */,
				EFAA1A26218DAE5C003C7508 /* AssetsFileNames.swift in Sources */,
				EFAA1A11218D7823003C7508 /* Navigator.swift in Sources */,
				EFB90C5E218C883800CAEC2E /* Application.swift in Sources */,
				EFAA1A0E218D77D8003C7508 /* Coordinator.swift in Sources */,
				EFAA1A16218D7B03003C7508 /* SubApplicationCoordinator.swift in Sources */,
				EFAA1A13218D78ED003C7508 /* HomeCoordinator.swift in Sources */,
				EFAA1A0A218D76E9003C7508 /* ProfileController.swift in Sources */,
				EFB90B14218C7CAE00CAEC2E /* ViewController.swift in Sources */,
				EFB90B12218C7CAE00CAEC2E /* AppDelegate.swift in Sources */,
				EFAA18E4218D1FDC003C7508 /* SubApplicationManager.swift in Sources */,
				EFAA1A1A218D7C9B003C7508 /* HomePresenter.swift in Sources */,
			);
			runOnlyForDeploymentPostprocessing = 0;
		};
		EFB90BC0218C7F4000CAEC2E /* Sources */ = {
			isa = PBXSourcesBuildPhase;
			buildActionMask = 2147483647;
			files = (
				EFB90BE4218C7F8B00CAEC2E /* SubApplication.swift in Sources */,
			);
			runOnlyForDeploymentPostprocessing = 0;
		};
		EFB90BC9218C7F4000CAEC2E /* Sources */ = {
			isa = PBXSourcesBuildPhase;
			buildActionMask = 2147483647;
			files = (
				EFB90BD5218C7F4000CAEC2E /* SubApplicationTests.swift in Sources */,
			);
			runOnlyForDeploymentPostprocessing = 0;
		};
/* End PBXSourcesBuildPhase section */

/* Begin PBXTargetDependency section */
		EFB90BD0218C7F4000CAEC2E /* PBXTargetDependency */ = {
			isa = PBXTargetDependency;
			target = EFB90BC4218C7F4000CAEC2E /* SubApplication */;
			targetProxy = EFB90BCF218C7F4000CAEC2E /* PBXContainerItemProxy */;
		};
		EFB90BD2218C7F4000CAEC2E /* PBXTargetDependency */ = {
			isa = PBXTargetDependency;
			target = EFB90B0D218C7CAE00CAEC2E /* MuslimApp */;
			targetProxy = EFB90BD1218C7F4000CAEC2E /* PBXContainerItemProxy */;
		};
		EFB90BD9218C7F4000CAEC2E /* PBXTargetDependency */ = {
			isa = PBXTargetDependency;
			target = EFB90BC4218C7F4000CAEC2E /* SubApplication */;
			targetProxy = EFB90BD8218C7F4000CAEC2E /* PBXContainerItemProxy */;
		};
/* End PBXTargetDependency section */

/* Begin PBXVariantGroup section */
		EFB90B1A218C7CAE00CAEC2E /* LaunchScreen.storyboard */ = {
			isa = PBXVariantGroup;
			children = (
				EFB90B1B218C7CAE00CAEC2E /* Base */,
			);
			name = LaunchScreen.storyboard;
			sourceTree = "<group>";
		};
/* End PBXVariantGroup section */

/* Begin XCBuildConfiguration section */
		EFB90B1E218C7CAE00CAEC2E /* Debug */ = {
			isa = XCBuildConfiguration;
			buildSettings = {
				ALWAYS_SEARCH_USER_PATHS = NO;
				CLANG_ANALYZER_NONNULL = YES;
				CLANG_ANALYZER_NUMBER_OBJECT_CONVERSION = YES_AGGRESSIVE;
				CLANG_CXX_LANGUAGE_STANDARD = "gnu++14";
				CLANG_CXX_LIBRARY = "libc++";
				CLANG_ENABLE_MODULES = YES;
				CLANG_ENABLE_OBJC_ARC = YES;
				CLANG_WARN_BLOCK_CAPTURE_AUTORELEASING = YES;
				CLANG_WARN_BOOL_CONVERSION = YES;
				CLANG_WARN_COMMA = YES;
				CLANG_WARN_CONSTANT_CONVERSION = YES;
				CLANG_WARN_DIRECT_OBJC_ISA_USAGE = YES_ERROR;
				CLANG_WARN_DOCUMENTATION_COMMENTS = YES;
				CLANG_WARN_EMPTY_BODY = YES;
				CLANG_WARN_ENUM_CONVERSION = YES;
				CLANG_WARN_INFINITE_RECURSION = YES;
				CLANG_WARN_INT_CONVERSION = YES;
				CLANG_WARN_NON_LITERAL_NULL_CONVERSION = YES;
				CLANG_WARN_OBJC_LITERAL_CONVERSION = YES;
				CLANG_WARN_OBJC_ROOT_CLASS = YES_ERROR;
				CLANG_WARN_RANGE_LOOP_ANALYSIS = YES;
				CLANG_WARN_STRICT_PROTOTYPES = YES;
				CLANG_WARN_SUSPICIOUS_MOVE = YES;
				CLANG_WARN_UNGUARDED_AVAILABILITY = YES_AGGRESSIVE;
				CLANG_WARN_UNREACHABLE_CODE = YES;
				CLANG_WARN__DUPLICATE_METHOD_MATCH = YES;
				CODE_SIGN_IDENTITY = "iPhone Developer";
				COPY_PHASE_STRIP = NO;
				DEBUG_INFORMATION_FORMAT = dwarf;
				ENABLE_STRICT_OBJC_MSGSEND = YES;
				ENABLE_TESTABILITY = YES;
				GCC_C_LANGUAGE_STANDARD = gnu11;
				GCC_DYNAMIC_NO_PIC = NO;
				GCC_NO_COMMON_BLOCKS = YES;
				GCC_OPTIMIZATION_LEVEL = 0;
				GCC_PREPROCESSOR_DEFINITIONS = (
					"DEBUG=1",
					"$(inherited)",
				);
				GCC_WARN_64_TO_32_BIT_CONVERSION = YES;
				GCC_WARN_ABOUT_RETURN_TYPE = YES_ERROR;
				GCC_WARN_UNDECLARED_SELECTOR = YES;
				GCC_WARN_UNINITIALIZED_AUTOS = YES_AGGRESSIVE;
				GCC_WARN_UNUSED_FUNCTION = YES;
				GCC_WARN_UNUSED_VARIABLE = YES;
				IPHONEOS_DEPLOYMENT_TARGET = 10.0;
				MTL_ENABLE_DEBUG_INFO = YES;
				ONLY_ACTIVE_ARCH = YES;
				SDKROOT = iphoneos;
				SWIFT_ACTIVE_COMPILATION_CONDITIONS = DEBUG;
				SWIFT_OPTIMIZATION_LEVEL = "-Onone";
			};
			name = Debug;
		};
		EFB90B1F218C7CAE00CAEC2E /* Release */ = {
			isa = XCBuildConfiguration;
			buildSettings = {
				ALWAYS_SEARCH_USER_PATHS = NO;
				CLANG_ANALYZER_NONNULL = YES;
				CLANG_ANALYZER_NUMBER_OBJECT_CONVERSION = YES_AGGRESSIVE;
				CLANG_CXX_LANGUAGE_STANDARD = "gnu++14";
				CLANG_CXX_LIBRARY = "libc++";
				CLANG_ENABLE_MODULES = YES;
				CLANG_ENABLE_OBJC_ARC = YES;
				CLANG_WARN_BLOCK_CAPTURE_AUTORELEASING = YES;
				CLANG_WARN_BOOL_CONVERSION = YES;
				CLANG_WARN_COMMA = YES;
				CLANG_WARN_CONSTANT_CONVERSION = YES;
				CLANG_WARN_DIRECT_OBJC_ISA_USAGE = YES_ERROR;
				CLANG_WARN_DOCUMENTATION_COMMENTS = YES;
				CLANG_WARN_EMPTY_BODY = YES;
				CLANG_WARN_ENUM_CONVERSION = YES;
				CLANG_WARN_INFINITE_RECURSION = YES;
				CLANG_WARN_INT_CONVERSION = YES;
				CLANG_WARN_NON_LITERAL_NULL_CONVERSION = YES;
				CLANG_WARN_OBJC_LITERAL_CONVERSION = YES;
				CLANG_WARN_OBJC_ROOT_CLASS = YES_ERROR;
				CLANG_WARN_RANGE_LOOP_ANALYSIS = YES;
				CLANG_WARN_STRICT_PROTOTYPES = YES;
				CLANG_WARN_SUSPICIOUS_MOVE = YES;
				CLANG_WARN_UNGUARDED_AVAILABILITY = YES_AGGRESSIVE;
				CLANG_WARN_UNREACHABLE_CODE = YES;
				CLANG_WARN__DUPLICATE_METHOD_MATCH = YES;
				CODE_SIGN_IDENTITY = "iPhone Developer";
				COPY_PHASE_STRIP = NO;
				DEBUG_INFORMATION_FORMAT = "dwarf-with-dsym";
				ENABLE_NS_ASSERTIONS = NO;
				ENABLE_STRICT_OBJC_MSGSEND = YES;
				GCC_C_LANGUAGE_STANDARD = gnu11;
				GCC_NO_COMMON_BLOCKS = YES;
				GCC_WARN_64_TO_32_BIT_CONVERSION = YES;
				GCC_WARN_ABOUT_RETURN_TYPE = YES_ERROR;
				GCC_WARN_UNDECLARED_SELECTOR = YES;
				GCC_WARN_UNINITIALIZED_AUTOS = YES_AGGRESSIVE;
				GCC_WARN_UNUSED_FUNCTION = YES;
				GCC_WARN_UNUSED_VARIABLE = YES;
				IPHONEOS_DEPLOYMENT_TARGET = 10.0;
				MTL_ENABLE_DEBUG_INFO = NO;
				SDKROOT = iphoneos;
				SWIFT_OPTIMIZATION_LEVEL = "-Owholemodule";
				VALIDATE_PRODUCT = YES;
			};
			name = Release;
		};
		EFB90B21218C7CAE00CAEC2E /* Debug */ = {
			isa = XCBuildConfiguration;
			buildSettings = {
				ALWAYS_EMBED_SWIFT_STANDARD_LIBRARIES = YES;
				ASSETCATALOG_COMPILER_APPICON_NAME = AppIcon;
				CODE_SIGN_STYLE = Automatic;
				DEVELOPMENT_TEAM = SDSLU2QT5X;
				INFOPLIST_FILE = MuslimApp/Info.plist;
				LD_RUNPATH_SEARCH_PATHS = "$(inherited) @executable_path/Frameworks";
				PRODUCT_BUNDLE_IDENTIFIER = com.pondokios.MuslimApp;
				PRODUCT_NAME = "$(TARGET_NAME)";
				SWIFT_VERSION = 4.0;
				TARGETED_DEVICE_FAMILY = "1,2";
			};
			name = Debug;
		};
		EFB90B22218C7CAE00CAEC2E /* Release */ = {
			isa = XCBuildConfiguration;
			buildSettings = {
				ALWAYS_EMBED_SWIFT_STANDARD_LIBRARIES = YES;
				ASSETCATALOG_COMPILER_APPICON_NAME = AppIcon;
				CODE_SIGN_STYLE = Automatic;
				DEVELOPMENT_TEAM = SDSLU2QT5X;
				INFOPLIST_FILE = MuslimApp/Info.plist;
				LD_RUNPATH_SEARCH_PATHS = "$(inherited) @executable_path/Frameworks";
				PRODUCT_BUNDLE_IDENTIFIER = com.pondokios.MuslimApp;
				PRODUCT_NAME = "$(TARGET_NAME)";
				SWIFT_VERSION = 4.0;
				TARGETED_DEVICE_FAMILY = "1,2";
			};
			name = Release;
		};
		EFB90BDD218C7F4000CAEC2E /* Debug */ = {
			isa = XCBuildConfiguration;
			buildSettings = {
				CLANG_ENABLE_MODULES = YES;
				CODE_SIGN_IDENTITY = "";
				CODE_SIGN_STYLE = Automatic;
				CURRENT_PROJECT_VERSION = 1;
				DEFINES_MODULE = YES;
				DEVELOPMENT_TEAM = SDSLU2QT5X;
				DYLIB_COMPATIBILITY_VERSION = 1;
				DYLIB_CURRENT_VERSION = 1;
				DYLIB_INSTALL_NAME_BASE = "@rpath";
				INFOPLIST_FILE = SubApplication/Info.plist;
				INSTALL_PATH = "$(LOCAL_LIBRARY_DIR)/Frameworks";
				IPHONEOS_DEPLOYMENT_TARGET = 10.0;
				LD_RUNPATH_SEARCH_PATHS = "$(inherited) @executable_path/Frameworks @loader_path/Frameworks";
				PRODUCT_BUNDLE_IDENTIFIER = com.pondokios.SubApplication;
				PRODUCT_NAME = "$(TARGET_NAME:c99extidentifier)";
				SKIP_INSTALL = YES;
				SWIFT_OPTIMIZATION_LEVEL = "-Onone";
				SWIFT_VERSION = 4.0;
				TARGETED_DEVICE_FAMILY = "1,2";
				VERSIONING_SYSTEM = "apple-generic";
				VERSION_INFO_PREFIX = "";
			};
			name = Debug;
		};
		EFB90BDE218C7F4000CAEC2E /* Release */ = {
			isa = XCBuildConfiguration;
			buildSettings = {
				CLANG_ENABLE_MODULES = YES;
				CODE_SIGN_IDENTITY = "";
				CODE_SIGN_STYLE = Automatic;
				CURRENT_PROJECT_VERSION = 1;
				DEFINES_MODULE = YES;
				DEVELOPMENT_TEAM = SDSLU2QT5X;
				DYLIB_COMPATIBILITY_VERSION = 1;
				DYLIB_CURRENT_VERSION = 1;
				DYLIB_INSTALL_NAME_BASE = "@rpath";
				INFOPLIST_FILE = SubApplication/Info.plist;
				INSTALL_PATH = "$(LOCAL_LIBRARY_DIR)/Frameworks";
				IPHONEOS_DEPLOYMENT_TARGET = 10.0;
				LD_RUNPATH_SEARCH_PATHS = "$(inherited) @executable_path/Frameworks @loader_path/Frameworks";
				PRODUCT_BUNDLE_IDENTIFIER = com.pondokios.SubApplication;
				PRODUCT_NAME = "$(TARGET_NAME:c99extidentifier)";
				SKIP_INSTALL = YES;
				SWIFT_VERSION = 4.0;
				TARGETED_DEVICE_FAMILY = "1,2";
				VERSIONING_SYSTEM = "apple-generic";
				VERSION_INFO_PREFIX = "";
			};
			name = Release;
		};
		EFB90BE0218C7F4000CAEC2E /* Debug */ = {
			isa = XCBuildConfiguration;
			buildSettings = {
				ALWAYS_EMBED_SWIFT_STANDARD_LIBRARIES = YES;
				CODE_SIGN_STYLE = Automatic;
				DEVELOPMENT_TEAM = SDSLU2QT5X;
				INFOPLIST_FILE = SubApplicationTests/Info.plist;
				IPHONEOS_DEPLOYMENT_TARGET = 11.2;
				LD_RUNPATH_SEARCH_PATHS = "$(inherited) @executable_path/Frameworks @loader_path/Frameworks";
				PRODUCT_BUNDLE_IDENTIFIER = com.pondokios.SubApplicationTests;
				PRODUCT_NAME = "$(TARGET_NAME)";
				SWIFT_VERSION = 4.0;
				TARGETED_DEVICE_FAMILY = "1,2";
				TEST_HOST = "$(BUILT_PRODUCTS_DIR)/MuslimApp.app/MuslimApp";
			};
			name = Debug;
		};
		EFB90BE1218C7F4000CAEC2E /* Release */ = {
			isa = XCBuildConfiguration;
			buildSettings = {
				ALWAYS_EMBED_SWIFT_STANDARD_LIBRARIES = YES;
				CODE_SIGN_STYLE = Automatic;
				DEVELOPMENT_TEAM = SDSLU2QT5X;
				INFOPLIST_FILE = SubApplicationTests/Info.plist;
				IPHONEOS_DEPLOYMENT_TARGET = 11.2;
				LD_RUNPATH_SEARCH_PATHS = "$(inherited) @executable_path/Frameworks @loader_path/Frameworks";
				PRODUCT_BUNDLE_IDENTIFIER = com.pondokios.SubApplicationTests;
				PRODUCT_NAME = "$(TARGET_NAME)";
				SWIFT_VERSION = 4.0;
				TARGETED_DEVICE_FAMILY = "1,2";
				TEST_HOST = "$(BUILT_PRODUCTS_DIR)/MuslimApp.app/MuslimApp";
			};
			name = Release;
		};
/* End XCBuildConfiguration section */

/* Begin XCConfigurationList section */
		EFB90B09218C7CAE00CAEC2E /* Build configuration list for PBXProject "MuslimApp" */ = {
			isa = XCConfigurationList;
			buildConfigurations = (
				EFB90B1E218C7CAE00CAEC2E /* Debug */,
				EFB90B1F218C7CAE00CAEC2E /* Release */,
			);
			defaultConfigurationIsVisible = 0;
			defaultConfigurationName = Release;
		};
		EFB90B20218C7CAE00CAEC2E /* Build configuration list for PBXNativeTarget "MuslimApp" */ = {
			isa = XCConfigurationList;
			buildConfigurations = (
				EFB90B21218C7CAE00CAEC2E /* Debug */,
				EFB90B22218C7CAE00CAEC2E /* Release */,
			);
			defaultConfigurationIsVisible = 0;
			defaultConfigurationName = Release;
		};
		EFB90BDC218C7F4000CAEC2E /* Build configuration list for PBXNativeTarget "SubApplication" */ = {
			isa = XCConfigurationList;
			buildConfigurations = (
				EFB90BDD218C7F4000CAEC2E /* Debug */,
				EFB90BDE218C7F4000CAEC2E /* Release */,
			);
			defaultConfigurationIsVisible = 0;
			defaultConfigurationName = Release;
		};
		EFB90BDF218C7F4000CAEC2E /* Build configuration list for PBXNativeTarget "SubApplicationTests" */ = {
			isa = XCConfigurationList;
			buildConfigurations = (
				EFB90BE0218C7F4000CAEC2E /* Debug */,
				EFB90BE1218C7F4000CAEC2E /* Release */,
			);
			defaultConfigurationIsVisible = 0;
			defaultConfigurationName = Release;
		};
/* End XCConfigurationList section */
	};
	rootObject = EFB90B06218C7CAE00CAEC2E /* Project object */;
}
