// !$*UTF8*$!
{
	archiveVersion = 1;
	classes = {
	};
	objectVersion = 48;
	objects = {

/* Begin PBXBuildFile section */
		EFB90B12218C7CAE00CAEC2E /* AppDelegate.swift in Sources */ = {isa = PBXBuildFile; fileRef = EFB90B11218C7CAE00CAEC2E /* AppDelegate.swift */; };
		EFB90B14218C7CAE00CAEC2E /* ViewController.swift in Sources */ = {isa = PBXBuildFile; fileRef = EFB90B13218C7CAE00CAEC2E /* ViewController.swift */; };
		EFB90B19218C7CAE00CAEC2E /* Assets.xcassets in Resources */ = {isa = PBXBuildFile; fileRef = EFB90B18218C7CAE00CAEC2E /* Assets.xcassets */; };
		EFB90B1C218C7CAE00CAEC2E /* LaunchScreen.storyboard in Resources */ = {isa = PBXBuildFile; fileRef = EFB90B1A218C7CAE00CAEC2E /* LaunchScreen.storyboard */; };
		EFB90BCE218C7F4000CAEC2E /* SubApplication.framework in Frameworks */ = {isa = PBXBuildFile; fileRef = EFB90BC5218C7F4000CAEC2E /* SubApplication.framework */; };
		EFB90BD5218C7F4000CAEC2E /* SubApplicationTests.swift in Sources */ = {isa = PBXBuildFile; fileRef = EFB90BD4218C7F4000CAEC2E /* SubApplicationTests.swift */; };
		EFB90BD7218C7F4000CAEC2E /* SubApplication.h in Headers */ = {isa = PBXBuildFile; fileRef = EFB90BC7218C7F4000CAEC2E /* SubApplication.h */; settings = {ATTRIBUTES = (Public, ); }; };
		EFB90BDA218C7F4000CAEC2E /* SubApplication.framework in Frameworks */ = {isa = PBXBuildFile; fileRef = EFB90BC5218C7F4000CAEC2E /* SubApplication.framework */; };
		EFB90BDB218C7F4000CAEC2E /* SubApplication.framework in Embed Frameworks */ = {isa = PBXBuildFile; fileRef = EFB90BC5218C7F4000CAEC2E /* SubApplication.framework */; settings = {ATTRIBUTES = (CodeSignOnCopy, RemoveHeadersOnCopy, ); }; };
		EFB90BE4218C7F8B00CAEC2E /* SubApplication.swift in Sources */ = {isa = PBXBuildFile; fileRef = EFB90BE3218C7F8B00CAEC2E /* SubApplication.swift */; };
		EFB90C4C218C835F00CAEC2E /* LowonganKerjaMuslim.framework in Frameworks */ = {isa = PBXBuildFile; fileRef = EFB90C48218C82F200CAEC2E /* LowonganKerjaMuslim.framework */; };
		EFB90C4D218C835F00CAEC2E /* LowonganKerjaMuslim.framework in Embed Frameworks */ = {isa = PBXBuildFile; fileRef = EFB90C48218C82F200CAEC2E /* LowonganKerjaMuslim.framework */; settings = {ATTRIBUTES = (CodeSignOnCopy, RemoveHeadersOnCopy, ); }; };
		EFB90C50218C835F00CAEC2E /* AgendaMuslim.framework in Frameworks */ = {isa = PBXBuildFile; fileRef = EFB90C3F218C82ED00CAEC2E /* AgendaMuslim.framework */; };
		EFB90C51218C835F00CAEC2E /* AgendaMuslim.framework in Embed Frameworks */ = {isa = PBXBuildFile; fileRef = EFB90C3F218C82ED00CAEC2E /* AgendaMuslim.framework */; settings = {ATTRIBUTES = (CodeSignOnCopy, RemoveHeadersOnCopy, ); }; };
		EFB90C54218C835F00CAEC2E /* Networking.framework in Frameworks */ = {isa = PBXBuildFile; fileRef = EFB90C36218C82E700CAEC2E /* Networking.framework */; };
		EFB90C55218C835F00CAEC2E /* Networking.framework in Embed Frameworks */ = {isa = PBXBuildFile; fileRef = EFB90C36218C82E700CAEC2E /* Networking.framework */; settings = {ATTRIBUTES = (CodeSignOnCopy, RemoveHeadersOnCopy, ); }; };
		EFB90C58218C835F00CAEC2E /* Database.framework in Frameworks */ = {isa = PBXBuildFile; fileRef = EFB90C2D218C82DB00CAEC2E /* Database.framework */; };
		EFB90C59218C835F00CAEC2E /* Database.framework in Embed Frameworks */ = {isa = PBXBuildFile; fileRef = EFB90C2D218C82DB00CAEC2E /* Database.framework */; settings = {ATTRIBUTES = (CodeSignOnCopy, RemoveHeadersOnCopy, ); }; };
		EFB90C5E218C883800CAEC2E /* Application.swift in Sources */ = {isa = PBXBuildFile; fileRef = EFB90C5D218C883800CAEC2E /* Application.swift */; };
		EFB90C60218C899500CAEC2E /* HomeController.swift in Sources */ = {isa = PBXBuildFile; fileRef = EFB90C5F218C899500CAEC2E /* HomeController.swift */; };
/* End PBXBuildFile section */

/* Begin PBXContainerItemProxy section */
		EFB90BCF218C7F4000CAEC2E /* PBXContainerItemProxy */ = {
			isa = PBXContainerItemProxy;
			containerPortal = EFB90B06218C7CAE00CAEC2E /* Project object */;
			proxyType = 1;
			remoteGlobalIDString = EFB90BC4218C7F4000CAEC2E;
			remoteInfo = SubApplication;
		};
		EFB90BD1218C7F4000CAEC2E /* PBXContainerItemProxy */ = {
			isa = PBXContainerItemProxy;
			containerPortal = EFB90B06218C7CAE00CAEC2E /* Project object */;
			proxyType = 1;
			remoteGlobalIDString = EFB90B0D218C7CAE00CAEC2E;
			remoteInfo = MuslimApp;
		};
		EFB90BD8218C7F4000CAEC2E /* PBXContainerItemProxy */ = {
			isa = PBXContainerItemProxy;
			containerPortal = EFB90B06218C7CAE00CAEC2E /* Project object */;
			proxyType = 1;
			remoteGlobalIDString = EFB90BC4218C7F4000CAEC2E;
			remoteInfo = SubApplication;
		};
/* End PBXContainerItemProxy section */

/* Begin PBXCopyFilesBuildPhase section */
		EFB90BB7218C7EFB00CAEC2E /* Embed Frameworks */ = {
			isa = PBXCopyFilesBuildPhase;
			buildActionMask = 2147483647;
			dstPath = "";
			dstSubfolderSpec = 10;
			files = (
				EFB90BDB218C7F4000CAEC2E /* SubApplication.framework in Embed Frameworks */,
			);
			name = "Embed Frameworks";
			runOnlyForDeploymentPostprocessing = 0;
		};
/* End PBXCopyFilesBuildPhase section */

/* Begin PBXFileReference section */
		EFB90B0E218C7CAE00CAEC2E /* MuslimApp.app */ = {isa = PBXFileReference; explicitFileType = wrapper.application; includeInIndex = 0; path = MuslimApp.app; sourceTree = BUILT_PRODUCTS_DIR; };
		EFB90B11218C7CAE00CAEC2E /* AppDelegate.swift */ = {isa = PBXFileReference; lastKnownFileType = sourcecode.swift; path = AppDelegate.swift; sourceTree = "<group>"; };
		EFB90B13218C7CAE00CAEC2E /* ViewController.swift */ = {isa = PBXFileReference; lastKnownFileType = sourcecode.swift; path = ViewController.swift; sourceTree = "<group>"; };
		EFB90B18218C7CAE00CAEC2E /* Assets.xcassets */ = {isa = PBXFileReference; lastKnownFileType = folder.assetcatalog; path = Assets.xcassets; sourceTree = "<group>"; };
		EFB90B1B218C7CAE00CAEC2E /* Base */ = {isa = PBXFileReference; lastKnownFileType = file.storyboard; name = Base; path = Base.lproj/LaunchScreen.storyboard; sourceTree = "<group>"; };
		EFB90B1D218C7CAE00CAEC2E /* Info.plist */ = {isa = PBXFileReference; lastKnownFileType = text.plist.xml; path = Info.plist; sourceTree = "<group>"; };
		EFB90BC5218C7F4000CAEC2E /* SubApplication.framework */ = {isa = PBXFileReference; explicitFileType = wrapper.framework; includeInIndex = 0; path = SubApplication.framework; sourceTree = BUILT_PRODUCTS_DIR; };
		EFB90BC7218C7F4000CAEC2E /* SubApplication.h */ = {isa = PBXFileReference; lastKnownFileType = sourcecode.c.h; path = SubApplication.h; sourceTree = "<group>"; };
		EFB90BC8218C7F4000CAEC2E /* Info.plist */ = {isa = PBXFileReference; lastKnownFileType = text.plist.xml; path = Info.plist; sourceTree = "<group>"; };
		EFB90BCD218C7F4000CAEC2E /* SubApplicationTests.xctest */ = {isa = PBXFileReference; explicitFileType = wrapper.cfbundle; includeInIndex = 0; path = SubApplicationTests.xctest; sourceTree = BUILT_PRODUCTS_DIR; };
		EFB90BD4218C7F4000CAEC2E /* SubApplicationTests.swift */ = {isa = PBXFileReference; lastKnownFileType = sourcecode.swift; path = SubApplicationTests.swift; sourceTree = "<group>"; };
		EFB90BD6218C7F4000CAEC2E /* Info.plist */ = {isa = PBXFileReference; lastKnownFileType = text.plist.xml; path = Info.plist; sourceTree = "<group>"; };
		EFB90BE3218C7F8B00CAEC2E /* SubApplication.swift */ = {isa = PBXFileReference; lastKnownFileType = sourcecode.swift; path = SubApplication.swift; sourceTree = "<group>"; };
		EFB90C27218C82DB00CAEC2E /* Database.xcodeproj */ = {isa = PBXFileReference; lastKnownFileType = "wrapper.pb-project"; name = Database.xcodeproj; path = ../Modules/Database/Database.xcodeproj; sourceTree = "<group>"; };
		EFB90C30218C82E700CAEC2E /* Networking.xcodeproj */ = {isa = PBXFileReference; lastKnownFileType = "wrapper.pb-project"; name = Networking.xcodeproj; path = ../Modules/Networking/Networking.xcodeproj; sourceTree = "<group>"; };
		EFB90C39218C82ED00CAEC2E /* AgendaMuslim.xcodeproj */ = {isa = PBXFileReference; lastKnownFileType = "wrapper.pb-project"; name = AgendaMuslim.xcodeproj; path = ../SubApplication/AgendaMuslim/AgendaMuslim.xcodeproj; sourceTree = "<group>"; };
		EFB90C42218C82F200CAEC2E /* LowonganKerjaMuslim.xcodeproj */ = {isa = PBXFileReference; lastKnownFileType = "wrapper.pb-project"; name = LowonganKerjaMuslim.xcodeproj; path = ../SubApplication/LowonganKerjaMuslim/LowonganKerjaMuslim.xcodeproj; sourceTree = "<group>"; };
		EFB90C5C218C84EA00CAEC2E /* README.md */ = {isa = PBXFileReference; lastKnownFileType = net.daringfireball.markdown; name = README.md; path = ../README.md; sourceTree = "<group>"; };
		EFB90C5D218C883800CAEC2E /* Application.swift */ = {isa = PBXFileReference; lastKnownFileType = sourcecode.swift; path = Application.swift; sourceTree = "<group>"; };
		EFB90C5F218C899500CAEC2E /* HomeController.swift */ = {isa = PBXFileReference; lastKnownFileType = sourcecode.swift; path = HomeController.swift; sourceTree = "<group>"; };
/* End PBXFileReference section */

/* Begin PBXFrameworksBuildPhase section */
		EFB90B0B218C7CAE00CAEC2E /* Frameworks */ = {
			isa = PBXFrameworksBuildPhase;
			buildActionMask = 2147483647;
			files = (
				EFB90BDA218C7F4000CAEC2E /* SubApplication.framework in Frameworks */,
			);
			runOnlyForDeploymentPostprocessing = 0;
		};
		EFB90BC1218C7F4000CAEC2E /* Frameworks */ = {
			isa = PBXFrameworksBuildPhase;
			buildActionMask = 2147483647;
			files = (
			);
			runOnlyForDeploymentPostprocessing = 0;
		};
		EFB90BCA218C7F4000CAEC2E /* Frameworks */ = {
			isa = PBXFrameworksBuildPhase;
			buildActionMask = 2147483647;
			files = (
				EFB90BCE218C7F4000CAEC2E /* SubApplication.framework in Frameworks */,
			);
			runOnlyForDeploymentPostprocessing = 0;
		};
/* End PBXFrameworksBuildPhase section */

/* Begin PBXGroup section */
		EF1B88B0218D0D9F00A71AFE /* HomeLauncher */ = {
			isa = PBXGroup;
			children = (
				EFB90C5F218C899500CAEC2E /* HomeController.swift */,
			);
			path = HomeLauncher;
			sourceTree = "<group>";
		};
		EF1B88B5218D0DAE00A71AFE /* Scenes */ = {
			isa = PBXGroup;
			children = (
				EF1B88B6218D0DDC00A71AFE /* Authentication */,
				EF1B88B0218D0D9F00A71AFE /* HomeLauncher */,
			);
			path = Scenes;
			sourceTree = "<group>";
		};
		EF1B88B6218D0DDC00A71AFE /* Authentication */ = {
			isa = PBXGroup;
			children = (
				EF1B88B9218D0E2100A71AFE /* Login */,
				EF1B88B7218D0DE800A71AFE /* Registration */,
			);
			path = Authentication;
			sourceTree = "<group>";
		};
		EF1B88B7218D0DE800A71AFE /* Registration */ = {
			isa = PBXGroup;
			children = (
			);
			path = Registration;
			sourceTree = "<group>";
		};
		EF1B88B9218D0E2100A71AFE /* Login */ = {
			isa = PBXGroup;
			children = (
			);
			path = Login;
			sourceTree = "<group>";
		};
		EFB90B05218C7CAE00CAEC2E = {
			isa = PBXGroup;
			children = (
				EFB90B10218C7CAE00CAEC2E /* MuslimApp */,
				EFB90BC6218C7F4000CAEC2E /* SubApplication */,
				EFB90BD3218C7F4000CAEC2E /* SubApplicationTests */,
				EFB90B0F218C7CAE00CAEC2E /* Products */,
			);
			sourceTree = "<group>";
		};
		EFB90B0F218C7CAE00CAEC2E /* Products */ = {
			isa = PBXGroup;
			children = (
				EFB90B0E218C7CAE00CAEC2E /* MuslimApp.app */,
				EFB90BC5218C7F4000CAEC2E /* SubApplication.framework */,
				EFB90BCD218C7F4000CAEC2E /* SubApplicationTests.xctest */,
			);
			name = Products;
			sourceTree = "<group>";
		};
		EFB90B10218C7CAE00CAEC2E /* MuslimApp */ = {
			isa = PBXGroup;
			children = (
				EFB90B11218C7CAE00CAEC2E /* AppDelegate.swift */,
				EFB90B13218C7CAE00CAEC2E /* ViewController.swift */,
				EFB90B18218C7CAE00CAEC2E /* Assets.xcassets */,
				EFB90B1A218C7CAE00CAEC2E /* LaunchScreen.storyboard */,
				EFB90B1D218C7CAE00CAEC2E /* Info.plist */,
				EFB90C5D218C883800CAEC2E /* Application.swift */,
				EF1B88B5218D0DAE00A71AFE /* Scenes */,
			);
			path = MuslimApp;
			sourceTree = "<group>";
		};
		EFB90BC6218C7F4000CAEC2E /* SubApplication */ = {
			isa = PBXGroup;
			children = (
				EFB90BE2218C7F7B00CAEC2E /* Classes */,
				EFB90BC7218C7F4000CAEC2E /* SubApplication.h */,
				EFB90BC8218C7F4000CAEC2E /* Info.plist */,
			);
			path = SubApplication;
			sourceTree = "<group>";
		};
		EFB90BD3218C7F4000CAEC2E /* SubApplicationTests */ = {
			isa = PBXGroup;
			children = (
				EFB90BD4218C7F4000CAEC2E /* SubApplicationTests.swift */,
				EFB90BD6218C7F4000CAEC2E /* Info.plist */,
			);
			path = SubApplicationTests;
			sourceTree = "<group>";
		};
		EFB90BE2218C7F7B00CAEC2E /* Classes */ = {
			isa = PBXGroup;
			children = (
				EFB90BE3218C7F8B00CAEC2E /* SubApplication.swift */,
			);
			path = Classes;
			sourceTree = "<group>";
		};
/* End PBXGroup section */

/* Begin PBXHeadersBuildPhase section */
		EFB90BC2218C7F4000CAEC2E /* Headers */ = {
			isa = PBXHeadersBuildPhase;
			buildActionMask = 2147483647;
			files = (
				EFB90BD7218C7F4000CAEC2E /* SubApplication.h in Headers */,
			);
			runOnlyForDeploymentPostprocessing = 0;
		};
/* End PBXHeadersBuildPhase section */

/* Begin PBXNativeTarget section */
		EFB90B0D218C7CAE00CAEC2E /* MuslimApp */ = {
			isa = PBXNativeTarget;
			buildConfigurationList = EFB90B20218C7CAE00CAEC2E /* Build configuration list for PBXNativeTarget "MuslimApp" */;
			buildPhases = (
				EFB90B0A218C7CAE00CAEC2E /* Sources */,
				EFB90B0B218C7CAE00CAEC2E /* Frameworks */,
				EFB90B0C218C7CAE00CAEC2E /* Resources */,
				EFB90BB7218C7EFB00CAEC2E /* Embed Frameworks */,
			);
			buildRules = (
			);
			dependencies = (
				EFB90BD9218C7F4000CAEC2E /* PBXTargetDependency */,
			);
			name = MuslimApp;
			productName = MuslimApp;
			productReference = EFB90B0E218C7CAE00CAEC2E /* MuslimApp.app */;
			productType = "com.apple.product-type.application";
		};
		EFB90BC4218C7F4000CAEC2E /* SubApplication */ = {
			isa = PBXNativeTarget;
			buildConfigurationList = EFB90BDC218C7F4000CAEC2E /* Build configuration list for PBXNativeTarget "SubApplication" */;
			buildPhases = (
				EFB90BC0218C7F4000CAEC2E /* Sources */,
				EFB90BC1218C7F4000CAEC2E /* Frameworks */,
				EFB90BC2218C7F4000CAEC2E /* Headers */,
				EFB90BC3218C7F4000CAEC2E /* Resources */,
			);
			buildRules = (
			);
			dependencies = (
			);
			name = SubApplication;
			productName = SubApplication;
			productReference = EFB90BC5218C7F4000CAEC2E /* SubApplication.framework */;
			productType = "com.apple.product-type.framework";
		};
		EFB90BCC218C7F4000CAEC2E /* SubApplicationTests */ = {
			isa = PBXNativeTarget;
			buildConfigurationList = EFB90BDF218C7F4000CAEC2E /* Build configuration list for PBXNativeTarget "SubApplicationTests" */;
			buildPhases = (
				EFB90BC9218C7F4000CAEC2E /* Sources */,
				EFB90BCA218C7F4000CAEC2E /* Frameworks */,
				EFB90BCB218C7F4000CAEC2E /* Resources */,
			);
			buildRules = (
			);
			dependencies = (
				EFB90BD0218C7F4000CAEC2E /* PBXTargetDependency */,
				EFB90BD2218C7F4000CAEC2E /* PBXTargetDependency */,
			);
			name = SubApplicationTests;
			productName = SubApplicationTests;
			productReference = EFB90BCD218C7F4000CAEC2E /* SubApplicationTests.xctest */;
			productType = "com.apple.product-type.bundle.unit-test";
		};
/* End PBXNativeTarget section */

/* Begin PBXProject section */
		EFB90B06218C7CAE00CAEC2E /* Project object */ = {
			isa = PBXProject;
			attributes = {
				LastSwiftUpdateCheck = 0920;
				LastUpgradeCheck = 0920;
				ORGANIZATIONNAME = PondokiOS;
				TargetAttributes = {
					EFB90B0D218C7CAE00CAEC2E = {
						CreatedOnToolsVersion = 9.2;
						ProvisioningStyle = Automatic;
					};
					EFB90BC4218C7F4000CAEC2E = {
						CreatedOnToolsVersion = 9.2;
						LastSwiftMigration = 0920;
						ProvisioningStyle = Automatic;
					};
					EFB90BCC218C7F4000CAEC2E = {
						CreatedOnToolsVersion = 9.2;
						ProvisioningStyle = Automatic;
						TestTargetID = EFB90B0D218C7CAE00CAEC2E;
					};
				};
			};
			buildConfigurationList = EFB90B09218C7CAE00CAEC2E /* Build configuration list for PBXProject "MuslimApp" */;
			compatibilityVersion = "Xcode 8.0";
			developmentRegion = en;
			hasScannedForEncodings = 0;
			knownRegions = (
				en,
				Base,
			);
			mainGroup = EFB90B05218C7CAE00CAEC2E;
			productRefGroup = EFB90B0F218C7CAE00CAEC2E /* Products */;
			projectDirPath = "";
			projectRoot = "";
			targets = (
				EFB90B0D218C7CAE00CAEC2E /* MuslimApp */,
				EFB90BC4218C7F4000CAEC2E /* SubApplication */,
				EFB90BCC218C7F4000CAEC2E /* SubApplicationTests */,
			);
		};
/* End PBXProject section */

/* Begin PBXResourcesBuildPhase section */
		EFB90B0C218C7CAE00CAEC2E /* Resources */ = {
			isa = PBXResourcesBuildPhase;
			buildActionMask = 2147483647;
			files = (
				EFB90B1C218C7CAE00CAEC2E /* LaunchScreen.storyboard in Resources */,
				EFB90B19218C7CAE00CAEC2E /* Assets.xcassets in Resources */,
			);
			runOnlyForDeploymentPostprocessing = 0;
		};
		EFB90BC3218C7F4000CAEC2E /* Resources */ = {
			isa = PBXResourcesBuildPhase;
			buildActionMask = 2147483647;
			files = (
			);
			runOnlyForDeploymentPostprocessing = 0;
		};
		EFB90BCB218C7F4000CAEC2E /* Resources */ = {
			isa = PBXResourcesBuildPhase;
			buildActionMask = 2147483647;
			files = (
			);
			runOnlyForDeploymentPostprocessing = 0;
		};
/* End PBXResourcesBuildPhase section */

/* Begin PBXSourcesBuildPhase section */
		EFB90B0A218C7CAE00CAEC2E /* Sources */ = {
			isa = PBXSourcesBuildPhase;
			buildActionMask = 2147483647;
			files = (
				EFB90C60218C899500CAEC2E /* HomeController.swift in Sources */,
				EFB90C5E218C883800CAEC2E /* Application.swift in Sources */,
				EFB90B14218C7CAE00CAEC2E /* ViewController.swift in Sources */,
				EFB90B12218C7CAE00CAEC2E /* AppDelegate.swift in Sources */,
			);
			runOnlyForDeploymentPostprocessing = 0;
		};
		EFB90BC0218C7F4000CAEC2E /* Sources */ = {
			isa = PBXSourcesBuildPhase;
			buildActionMask = 2147483647;
			files = (
				EFB90BE4218C7F8B00CAEC2E /* SubApplication.swift in Sources */,
			);
			runOnlyForDeploymentPostprocessing = 0;
		};
		EFB90BC9218C7F4000CAEC2E /* Sources */ = {
			isa = PBXSourcesBuildPhase;
			buildActionMask = 2147483647;
			files = (
				EFB90BD5218C7F4000CAEC2E /* SubApplicationTests.swift in Sources */,
			);
			runOnlyForDeploymentPostprocessing = 0;
		};
/* End PBXSourcesBuildPhase section */

/* Begin PBXTargetDependency section */
		EFB90BD0218C7F4000CAEC2E /* PBXTargetDependency */ = {
			isa = PBXTargetDependency;
			target = EFB90BC4218C7F4000CAEC2E /* SubApplication */;
			targetProxy = EFB90BCF218C7F4000CAEC2E /* PBXContainerItemProxy */;
		};
		EFB90BD2218C7F4000CAEC2E /* PBXTargetDependency */ = {
			isa = PBXTargetDependency;
			target = EFB90B0D218C7CAE00CAEC2E /* MuslimApp */;
			targetProxy = EFB90BD1218C7F4000CAEC2E /* PBXContainerItemProxy */;
		};
		EFB90BD9218C7F4000CAEC2E /* PBXTargetDependency */ = {
			isa = PBXTargetDependency;
			target = EFB90BC4218C7F4000CAEC2E /* SubApplication */;
			targetProxy = EFB90BD8218C7F4000CAEC2E /* PBXContainerItemProxy */;
		};
/* End PBXTargetDependency section */

/* Begin PBXVariantGroup section */
		EFB90B1A218C7CAE00CAEC2E /* LaunchScreen.storyboard */ = {
			isa = PBXVariantGroup;
			children = (
				EFB90B1B218C7CAE00CAEC2E /* Base */,
			);
			name = LaunchScreen.storyboard;
			sourceTree = "<group>";
		};
/* End PBXVariantGroup section */

/* Begin XCBuildConfiguration section */
		EFB90B1E218C7CAE00CAEC2E /* Debug */ = {
			isa = XCBuildConfiguration;
			buildSettings = {
				ALWAYS_SEARCH_USER_PATHS = NO;
				CLANG_ANALYZER_NONNULL = YES;
				CLANG_ANALYZER_NUMBER_OBJECT_CONVERSION = YES_AGGRESSIVE;
				CLANG_CXX_LANGUAGE_STANDARD = "gnu++14";
				CLANG_CXX_LIBRARY = "libc++";
				CLANG_ENABLE_MODULES = YES;
				CLANG_ENABLE_OBJC_ARC = YES;
				CLANG_WARN_BLOCK_CAPTURE_AUTORELEASING = YES;
				CLANG_WARN_BOOL_CONVERSION = YES;
				CLANG_WARN_COMMA = YES;
				CLANG_WARN_CONSTANT_CONVERSION = YES;
				CLANG_WARN_DIRECT_OBJC_ISA_USAGE = YES_ERROR;
				CLANG_WARN_DOCUMENTATION_COMMENTS = YES;
				CLANG_WARN_EMPTY_BODY = YES;
				CLANG_WARN_ENUM_CONVERSION = YES;
				CLANG_WARN_INFINITE_RECURSION = YES;
				CLANG_WARN_INT_CONVERSION = YES;
				CLANG_WARN_NON_LITERAL_NULL_CONVERSION = YES;
				CLANG_WARN_OBJC_LITERAL_CONVERSION = YES;
				CLANG_WARN_OBJC_ROOT_CLASS = YES_ERROR;
				CLANG_WARN_RANGE_LOOP_ANALYSIS = YES;
				CLANG_WARN_STRICT_PROTOTYPES = YES;
				CLANG_WARN_SUSPICIOUS_MOVE = YES;
				CLANG_WARN_UNGUARDED_AVAILABILITY = YES_AGGRESSIVE;
				CLANG_WARN_UNREACHABLE_CODE = YES;
				CLANG_WARN__DUPLICATE_METHOD_MATCH = YES;
				CODE_SIGN_IDENTITY = "iPhone Developer";
				COPY_PHASE_STRIP = NO;
				DEBUG_INFORMATION_FORMAT = dwarf;
				ENABLE_STRICT_OBJC_MSGSEND = YES;
				ENABLE_TESTABILITY = YES;
				GCC_C_LANGUAGE_STANDARD = gnu11;
				GCC_DYNAMIC_NO_PIC = NO;
				GCC_NO_COMMON_BLOCKS = YES;
				GCC_OPTIMIZATION_LEVEL = 0;
				GCC_PREPROCESSOR_DEFINITIONS = (
					"DEBUG=1",
					"$(inherited)",
				);
				GCC_WARN_64_TO_32_BIT_CONVERSION = YES;
				GCC_WARN_ABOUT_RETURN_TYPE = YES_ERROR;
				GCC_WARN_UNDECLARED_SELECTOR = YES;
				GCC_WARN_UNINITIALIZED_AUTOS = YES_AGGRESSIVE;
				GCC_WARN_UNUSED_FUNCTION = YES;
				GCC_WARN_UNUSED_VARIABLE = YES;
				IPHONEOS_DEPLOYMENT_TARGET = 10.0;
				MTL_ENABLE_DEBUG_INFO = YES;
				ONLY_ACTIVE_ARCH = YES;
				SDKROOT = iphoneos;
				SWIFT_ACTIVE_COMPILATION_CONDITIONS = DEBUG;
				SWIFT_OPTIMIZATION_LEVEL = "-Onone";
			};
			name = Debug;
		};
		EFB90B1F218C7CAE00CAEC2E /* Release */ = {
			isa = XCBuildConfiguration;
			buildSettings = {
				ALWAYS_SEARCH_USER_PATHS = NO;
				CLANG_ANALYZER_NONNULL = YES;
				CLANG_ANALYZER_NUMBER_OBJECT_CONVERSION = YES_AGGRESSIVE;
				CLANG_CXX_LANGUAGE_STANDARD = "gnu++14";
				CLANG_CXX_LIBRARY = "libc++";
				CLANG_ENABLE_MODULES = YES;
				CLANG_ENABLE_OBJC_ARC = YES;
				CLANG_WARN_BLOCK_CAPTURE_AUTORELEASING = YES;
				CLANG_WARN_BOOL_CONVERSION = YES;
				CLANG_WARN_COMMA = YES;
				CLANG_WARN_CONSTANT_CONVERSION = YES;
				CLANG_WARN_DIRECT_OBJC_ISA_USAGE = YES_ERROR;
				CLANG_WARN_DOCUMENTATION_COMMENTS = YES;
				CLANG_WARN_EMPTY_BODY = YES;
				CLANG_WARN_ENUM_CONVERSION = YES;
				CLANG_WARN_INFINITE_RECURSION = YES;
				CLANG_WARN_INT_CONVERSION = YES;
				CLANG_WARN_NON_LITERAL_NULL_CONVERSION = YES;
				CLANG_WARN_OBJC_LITERAL_CONVERSION = YES;
				CLANG_WARN_OBJC_ROOT_CLASS = YES_ERROR;
				CLANG_WARN_RANGE_LOOP_ANALYSIS = YES;
				CLANG_WARN_STRICT_PROTOTYPES = YES;
				CLANG_WARN_SUSPICIOUS_MOVE = YES;
				CLANG_WARN_UNGUARDED_AVAILABILITY = YES_AGGRESSIVE;
				CLANG_WARN_UNREACHABLE_CODE = YES;
				CLANG_WARN__DUPLICATE_METHOD_MATCH = YES;
				CODE_SIGN_IDENTITY = "iPhone Developer";
				COPY_PHASE_STRIP = NO;
				DEBUG_INFORMATION_FORMAT = "dwarf-with-dsym";
				ENABLE_NS_ASSERTIONS = NO;
				ENABLE_STRICT_OBJC_MSGSEND = YES;
				GCC_C_LANGUAGE_STANDARD = gnu11;
				GCC_NO_COMMON_BLOCKS = YES;
				GCC_WARN_64_TO_32_BIT_CONVERSION = YES;
				GCC_WARN_ABOUT_RETURN_TYPE = YES_ERROR;
				GCC_WARN_UNDECLARED_SELECTOR = YES;
				GCC_WARN_UNINITIALIZED_AUTOS = YES_AGGRESSIVE;
				GCC_WARN_UNUSED_FUNCTION = YES;
				GCC_WARN_UNUSED_VARIABLE = YES;
				IPHONEOS_DEPLOYMENT_TARGET = 10.0;
				MTL_ENABLE_DEBUG_INFO = NO;
				SDKROOT = iphoneos;
				SWIFT_OPTIMIZATION_LEVEL = "-Owholemodule";
				VALIDATE_PRODUCT = YES;
			};
			name = Release;
		};
		EFB90B21218C7CAE00CAEC2E /* Debug */ = {
			isa = XCBuildConfiguration;
			buildSettings = {
				ALWAYS_EMBED_SWIFT_STANDARD_LIBRARIES = YES;
				ASSETCATALOG_COMPILER_APPICON_NAME = AppIcon;
				CODE_SIGN_STYLE = Automatic;
				DEVELOPMENT_TEAM = SDSLU2QT5X;
				INFOPLIST_FILE = MuslimApp/Info.plist;
				LD_RUNPATH_SEARCH_PATHS = "$(inherited) @executable_path/Frameworks";
				PRODUCT_BUNDLE_IDENTIFIER = com.pondokios.MuslimApp;
				PRODUCT_NAME = "$(TARGET_NAME)";
				SWIFT_VERSION = 4.0;
				TARGETED_DEVICE_FAMILY = "1,2";
			};
			name = Debug;
		};
		EFB90B22218C7CAE00CAEC2E /* Release */ = {
			isa = XCBuildConfiguration;
			buildSettings = {
				ALWAYS_EMBED_SWIFT_STANDARD_LIBRARIES = YES;
				ASSETCATALOG_COMPILER_APPICON_NAME = AppIcon;
				CODE_SIGN_STYLE = Automatic;
				DEVELOPMENT_TEAM = SDSLU2QT5X;
				INFOPLIST_FILE = MuslimApp/Info.plist;
				LD_RUNPATH_SEARCH_PATHS = "$(inherited) @executable_path/Frameworks";
				PRODUCT_BUNDLE_IDENTIFIER = com.pondokios.MuslimApp;
				PRODUCT_NAME = "$(TARGET_NAME)";
				SWIFT_VERSION = 4.0;
				TARGETED_DEVICE_FAMILY = "1,2";
			};
			name = Release;
		};
		EFB90BDD218C7F4000CAEC2E /* Debug */ = {
			isa = XCBuildConfiguration;
			buildSettings = {
				CLANG_ENABLE_MODULES = YES;
				CODE_SIGN_IDENTITY = "";
				CODE_SIGN_STYLE = Automatic;
				CURRENT_PROJECT_VERSION = 1;
				DEFINES_MODULE = YES;
				DEVELOPMENT_TEAM = SDSLU2QT5X;
				DYLIB_COMPATIBILITY_VERSION = 1;
				DYLIB_CURRENT_VERSION = 1;
				DYLIB_INSTALL_NAME_BASE = "@rpath";
				INFOPLIST_FILE = SubApplication/Info.plist;
				INSTALL_PATH = "$(LOCAL_LIBRARY_DIR)/Frameworks";
				IPHONEOS_DEPLOYMENT_TARGET = 10.0;
				LD_RUNPATH_SEARCH_PATHS = "$(inherited) @executable_path/Frameworks @loader_path/Frameworks";
				PRODUCT_BUNDLE_IDENTIFIER = com.pondokios.SubApplication;
				PRODUCT_NAME = "$(TARGET_NAME:c99extidentifier)";
				SKIP_INSTALL = YES;
				SWIFT_OPTIMIZATION_LEVEL = "-Onone";
				SWIFT_VERSION = 4.0;
				TARGETED_DEVICE_FAMILY = "1,2";
				VERSIONING_SYSTEM = "apple-generic";
				VERSION_INFO_PREFIX = "";
			};
			name = Debug;
		};
		EFB90BDE218C7F4000CAEC2E /* Release */ = {
			isa = XCBuildConfiguration;
			buildSettings = {
				CLANG_ENABLE_MODULES = YES;
				CODE_SIGN_IDENTITY = "";
				CODE_SIGN_STYLE = Automatic;
				CURRENT_PROJECT_VERSION = 1;
				DEFINES_MODULE = YES;
				DEVELOPMENT_TEAM = SDSLU2QT5X;
				DYLIB_COMPATIBILITY_VERSION = 1;
				DYLIB_CURRENT_VERSION = 1;
				DYLIB_INSTALL_NAME_BASE = "@rpath";
				INFOPLIST_FILE = SubApplication/Info.plist;
				INSTALL_PATH = "$(LOCAL_LIBRARY_DIR)/Frameworks";
				IPHONEOS_DEPLOYMENT_TARGET = 10.0;
				LD_RUNPATH_SEARCH_PATHS = "$(inherited) @executable_path/Frameworks @loader_path/Frameworks";
				PRODUCT_BUNDLE_IDENTIFIER = com.pondokios.SubApplication;
				PRODUCT_NAME = "$(TARGET_NAME:c99extidentifier)";
				SKIP_INSTALL = YES;
				SWIFT_VERSION = 4.0;
				TARGETED_DEVICE_FAMILY = "1,2";
				VERSIONING_SYSTEM = "apple-generic";
				VERSION_INFO_PREFIX = "";
			};
			name = Release;
		};
		EFB90BE0218C7F4000CAEC2E /* Debug */ = {
			isa = XCBuildConfiguration;
			buildSettings = {
				ALWAYS_EMBED_SWIFT_STANDARD_LIBRARIES = YES;
				CODE_SIGN_STYLE = Automatic;
				DEVELOPMENT_TEAM = SDSLU2QT5X;
				INFOPLIST_FILE = SubApplicationTests/Info.plist;
				IPHONEOS_DEPLOYMENT_TARGET = 11.2;
				LD_RUNPATH_SEARCH_PATHS = "$(inherited) @executable_path/Frameworks @loader_path/Frameworks";
				PRODUCT_BUNDLE_IDENTIFIER = com.pondokios.SubApplicationTests;
				PRODUCT_NAME = "$(TARGET_NAME)";
				SWIFT_VERSION = 4.0;
				TARGETED_DEVICE_FAMILY = "1,2";
				TEST_HOST = "$(BUILT_PRODUCTS_DIR)/MuslimApp.app/MuslimApp";
			};
			name = Debug;
		};
		EFB90BE1218C7F4000CAEC2E /* Release */ = {
			isa = XCBuildConfiguration;
			buildSettings = {
				ALWAYS_EMBED_SWIFT_STANDARD_LIBRARIES = YES;
				CODE_SIGN_STYLE = Automatic;
				DEVELOPMENT_TEAM = SDSLU2QT5X;
				INFOPLIST_FILE = SubApplicationTests/Info.plist;
				IPHONEOS_DEPLOYMENT_TARGET = 11.2;
				LD_RUNPATH_SEARCH_PATHS = "$(inherited) @executable_path/Frameworks @loader_path/Frameworks";
				PRODUCT_BUNDLE_IDENTIFIER = com.pondokios.SubApplicationTests;
				PRODUCT_NAME = "$(TARGET_NAME)";
				SWIFT_VERSION = 4.0;
				TARGETED_DEVICE_FAMILY = "1,2";
				TEST_HOST = "$(BUILT_PRODUCTS_DIR)/MuslimApp.app/MuslimApp";
			};
			name = Release;
		};
/* End XCBuildConfiguration section */

/* Begin XCConfigurationList section */
		EFB90B09218C7CAE00CAEC2E /* Build configuration list for PBXProject "MuslimApp" */ = {
			isa = XCConfigurationList;
			buildConfigurations = (
				EFB90B1E218C7CAE00CAEC2E /* Debug */,
				EFB90B1F218C7CAE00CAEC2E /* Release */,
			);
			defaultConfigurationIsVisible = 0;
			defaultConfigurationName = Release;
		};
		EFB90B20218C7CAE00CAEC2E /* Build configuration list for PBXNativeTarget "MuslimApp" */ = {
			isa = XCConfigurationList;
			buildConfigurations = (
				EFB90B21218C7CAE00CAEC2E /* Debug */,
				EFB90B22218C7CAE00CAEC2E /* Release */,
			);
			defaultConfigurationIsVisible = 0;
			defaultConfigurationName = Release;
		};
		EFB90BDC218C7F4000CAEC2E /* Build configuration list for PBXNativeTarget "SubApplication" */ = {
			isa = XCConfigurationList;
			buildConfigurations = (
				EFB90BDD218C7F4000CAEC2E /* Debug */,
				EFB90BDE218C7F4000CAEC2E /* Release */,
			);
			defaultConfigurationIsVisible = 0;
			defaultConfigurationName = Release;
		};
		EFB90BDF218C7F4000CAEC2E /* Build configuration list for PBXNativeTarget "SubApplicationTests" */ = {
			isa = XCConfigurationList;
			buildConfigurations = (
				EFB90BE0218C7F4000CAEC2E /* Debug */,
				EFB90BE1218C7F4000CAEC2E /* Release */,
			);
			defaultConfigurationIsVisible = 0;
			defaultConfigurationName = Release;
		};
/* End XCConfigurationList section */
	};
	rootObject = EFB90B06218C7CAE00CAEC2E /* Project object */;
}
