// !$*UTF8*$!
{
	archiveVersion = 1;
	classes = {
	};
	objectVersion = 48;
	objects = {

/* Begin PBXBuildFile section */
		EFAA1932218D4232003C7508 /* Assets.xcassets in Resources */ = {isa = PBXBuildFile; fileRef = EFAA1931218D4232003C7508 /* Assets.xcassets */; };
		EFAA1938218D4B50003C7508 /* Configuration.swift in Sources */ = {isa = PBXBuildFile; fileRef = EFAA1937218D4B50003C7508 /* Configuration.swift */; };
		EFB90B37218C7D0D00CAEC2E /* AgendaMuslim.framework in Frameworks */ = {isa = PBXBuildFile; fileRef = EFB90B2D218C7D0D00CAEC2E /* AgendaMuslim.framework */; };
		EFB90B3C218C7D0D00CAEC2E /* AgendaMuslimTests.swift in Sources */ = {isa = PBXBuildFile; fileRef = EFB90B3B218C7D0D00CAEC2E /* AgendaMuslimTests.swift */; };
		EFB90B3E218C7D0D00CAEC2E /* AgendaMuslim.h in Headers */ = {isa = PBXBuildFile; fileRef = EFB90B30218C7D0D00CAEC2E /* AgendaMuslim.h */; settings = {ATTRIBUTES = (Public, ); }; };
		EFB90BB2218C7ECB00CAEC2E /* AgendaMuslimError.swift in Sources */ = {isa = PBXBuildFile; fileRef = EFB90BB1218C7ECB00CAEC2E /* AgendaMuslimError.swift */; };
		EFB90BE6218C7FBA00CAEC2E /* SubApplication.framework in Frameworks */ = {isa = PBXBuildFile; fileRef = EFB90BE7218C7FBA00CAEC2E /* SubApplication.framework */; };
		EFB90BE9218C7FCA00CAEC2E /* Application.swift in Sources */ = {isa = PBXBuildFile; fileRef = EFB90BE8218C7FCA00CAEC2E /* Application.swift */; };
/* End PBXBuildFile section */

/* Begin PBXContainerItemProxy section */
		EFB90B38218C7D0D00CAEC2E /* PBXContainerItemProxy */ = {
			isa = PBXContainerItemProxy;
			containerPortal = EFB90B24218C7D0D00CAEC2E /* Project object */;
			proxyType = 1;
			remoteGlobalIDString = EFB90B2C218C7D0D00CAEC2E;
			remoteInfo = AgendaMuslim;
		};
/* End PBXContainerItemProxy section */

/* Begin PBXFileReference section */
		EFAA1931218D4232003C7508 /* Assets.xcassets */ = {isa = PBXFileReference; lastKnownFileType = folder.assetcatalog; path = Assets.xcassets; sourceTree = "<group>"; };
		EFAA1937218D4B50003C7508 /* Configuration.swift */ = {isa = PBXFileReference; lastKnownFileType = sourcecode.swift; path = Configuration.swift; sourceTree = "<group>"; };
		EFB90B2D218C7D0D00CAEC2E /* AgendaMuslim.framework */ = {isa = PBXFileReference; explicitFileType = wrapper.framework; includeInIndex = 0; path = AgendaMuslim.framework; sourceTree = BUILT_PRODUCTS_DIR; };
		EFB90B30218C7D0D00CAEC2E /* AgendaMuslim.h */ = {isa = PBXFileReference; lastKnownFileType = sourcecode.c.h; path = AgendaMuslim.h; sourceTree = "<group>"; };
		EFB90B31218C7D0D00CAEC2E /* Info.plist */ = {isa = PBXFileReference; lastKnownFileType = text.plist.xml; path = Info.plist; sourceTree = "<group>"; };
		EFB90B36218C7D0D00CAEC2E /* AgendaMuslimTests.xctest */ = {isa = PBXFileReference; explicitFileType = wrapper.cfbundle; includeInIndex = 0; path = AgendaMuslimTests.xctest; sourceTree = BUILT_PRODUCTS_DIR; };
		EFB90B3B218C7D0D00CAEC2E /* AgendaMuslimTests.swift */ = {isa = PBXFileReference; lastKnownFileType = sourcecode.swift; path = AgendaMuslimTests.swift; sourceTree = "<group>"; };
		EFB90B3D218C7D0D00CAEC2E /* Info.plist */ = {isa = PBXFileReference; lastKnownFileType = text.plist.xml; path = Info.plist; sourceTree = "<group>"; };
		EFB90BB1218C7ECB00CAEC2E /* AgendaMuslimError.swift */ = {isa = PBXFileReference; lastKnownFileType = sourcecode.swift; path = AgendaMuslimError.swift; sourceTree = "<group>"; };
		EFB90BE7218C7FBA00CAEC2E /* SubApplication.framework */ = {isa = PBXFileReference; explicitFileType = wrapper.framework; path = SubApplication.framework; sourceTree = BUILT_PRODUCTS_DIR; };
		EFB90BE8218C7FCA00CAEC2E /* Application.swift */ = {isa = PBXFileReference; lastKnownFileType = sourcecode.swift; path = Application.swift; sourceTree = "<group>"; };
/* End PBXFileReference section */

/* Begin PBXFrameworksBuildPhase section */
		EFB90B29218C7D0D00CAEC2E /* Frameworks */ = {
			isa = PBXFrameworksBuildPhase;
			buildActionMask = 2147483647;
			files = (
				EFB90BE6218C7FBA00CAEC2E /* SubApplication.framework in Frameworks */,
			);
			runOnlyForDeploymentPostprocessing = 0;
		};
		EFB90B33218C7D0D00CAEC2E /* Frameworks */ = {
			isa = PBXFrameworksBuildPhase;
			buildActionMask = 2147483647;
			files = (
				EFB90B37218C7D0D00CAEC2E /* AgendaMuslim.framework in Frameworks */,
			);
			runOnlyForDeploymentPostprocessing = 0;
		};
/* End PBXFrameworksBuildPhase section */

/* Begin PBXGroup section */
		EFAA1936218D4B44003C7508 /* Extensions */ = {
			isa = PBXGroup;
			children = (
				EFAA1937218D4B50003C7508 /* Configuration.swift */,
			);
			path = Extensions;
			sourceTree = "<group>";
		};
		EFB90B23218C7D0D00CAEC2E = {
			isa = PBXGroup;
			children = (
				EFB90B2F218C7D0D00CAEC2E /* AgendaMuslim */,
				EFB90B3A218C7D0D00CAEC2E /* AgendaMuslimTests */,
				EFB90B2E218C7D0D00CAEC2E /* Products */,
				EFB90BE5218C7FBA00CAEC2E /* Frameworks */,
			);
			sourceTree = "<group>";
		};
		EFB90B2E218C7D0D00CAEC2E /* Products */ = {
			isa = PBXGroup;
			children = (
				EFB90B2D218C7D0D00CAEC2E /* AgendaMuslim.framework */,
				EFB90B36218C7D0D00CAEC2E /* AgendaMuslimTests.xctest */,
			);
			name = Products;
			sourceTree = "<group>";
		};
		EFB90B2F218C7D0D00CAEC2E /* AgendaMuslim */ = {
			isa = PBXGroup;
			children = (
				EFAA1936218D4B44003C7508 /* Extensions */,
				EFB90BAC218C7E2B00CAEC2E /* Classes */,
				EFB90B30218C7D0D00CAEC2E /* AgendaMuslim.h */,
				EFB90B31218C7D0D00CAEC2E /* Info.plist */,
				EFAA1931218D4232003C7508 /* Assets.xcassets */,
			);
			path = AgendaMuslim;
			sourceTree = "<group>";
		};
		EFB90B3A218C7D0D00CAEC2E /* AgendaMuslimTests */ = {
			isa = PBXGroup;
			children = (
				EFB90B3B218C7D0D00CAEC2E /* AgendaMuslimTests.swift */,
				EFB90B3D218C7D0D00CAEC2E /* Info.plist */,
			);
			path = AgendaMuslimTests;
			sourceTree = "<group>";
		};
		EFB90BAC218C7E2B00CAEC2E /* Classes */ = {
			isa = PBXGroup;
			children = (
				EFB90BB1218C7ECB00CAEC2E /* AgendaMuslimError.swift */,
				EFB90BE8218C7FCA00CAEC2E /* Application.swift */,
			);
			path = Classes;
			sourceTree = "<group>";
		};
		EFB90BE5218C7FBA00CAEC2E /* Frameworks */ = {
			isa = PBXGroup;
			children = (
				EFB90BE7218C7FBA00CAEC2E /* SubApplication.framework */,
			);
			name = Frameworks;
			sourceTree = "<group>";
		};
/* End PBXGroup section */

/* Begin PBXHeadersBuildPhase section */
		EFB90B2A218C7D0D00CAEC2E /* Headers */ = {
			isa = PBXHeadersBuildPhase;
			buildActionMask = 2147483647;
			files = (
				EFB90B3E218C7D0D00CAEC2E /* AgendaMuslim.h in Headers */,
			);
			runOnlyForDeploymentPostprocessing = 0;
		};
/* End PBXHeadersBuildPhase section */

/* Begin PBXNativeTarget section */
		EFB90B2C218C7D0D00CAEC2E /* AgendaMuslim */ = {
			isa = PBXNativeTarget;
			buildConfigurationList = EFB90B41218C7D0D00CAEC2E /* Build configuration list for PBXNativeTarget "AgendaMuslim" */;
			buildPhases = (
				EFB90B28218C7D0D00CAEC2E /* Sources */,
				EFB90B29218C7D0D00CAEC2E /* Frameworks */,
				EFB90B2A218C7D0D00CAEC2E /* Headers */,
				EFB90B2B218C7D0D00CAEC2E /* Resources */,
			);
			buildRules = (
			);
			dependencies = (
			);
			name = AgendaMuslim;
			productName = AgendaMuslim;
			productReference = EFB90B2D218C7D0D00CAEC2E /* AgendaMuslim.framework */;
			productType = "com.apple.product-type.framework";
		};
		EFB90B35218C7D0D00CAEC2E /* AgendaMuslimTests */ = {
			isa = PBXNativeTarget;
			buildConfigurationList = EFB90B44218C7D0D00CAEC2E /* Build configuration list for PBXNativeTarget "AgendaMuslimTests" */;
			buildPhases = (
				EFB90B32218C7D0D00CAEC2E /* Sources */,
				EFB90B33218C7D0D00CAEC2E /* Frameworks */,
				EFB90B34218C7D0D00CAEC2E /* Resources */,
			);
			buildRules = (
			);
			dependencies = (
				EFB90B39218C7D0D00CAEC2E /* PBXTargetDependency */,
			);
			name = AgendaMuslimTests;
			productName = AgendaMuslimTests;
			productReference = EFB90B36218C7D0D00CAEC2E /* AgendaMuslimTests.xctest */;
			productType = "com.apple.product-type.bundle.unit-test";
		};
/* End PBXNativeTarget section */

/* Begin PBXProject section */
		EFB90B24218C7D0D00CAEC2E /* Project object */ = {
			isa = PBXProject;
			attributes = {
				LastSwiftUpdateCheck = 0920;
				LastUpgradeCheck = 0920;
				ORGANIZATIONNAME = PondokiOS;
				TargetAttributes = {
					EFB90B2C218C7D0D00CAEC2E = {
						CreatedOnToolsVersion = 9.2;
						LastSwiftMigration = 0920;
						ProvisioningStyle = Automatic;
					};
					EFB90B35218C7D0D00CAEC2E = {
						CreatedOnToolsVersion = 9.2;
						ProvisioningStyle = Automatic;
					};
				};
			};
			buildConfigurationList = EFB90B27218C7D0D00CAEC2E /* Build configuration list for PBXProject "AgendaMuslim" */;
			compatibilityVersion = "Xcode 8.0";
			developmentRegion = en;
			hasScannedForEncodings = 0;
			knownRegions = (
				en,
			);
			mainGroup = EFB90B23218C7D0D00CAEC2E;
			productRefGroup = EFB90B2E218C7D0D00CAEC2E /* Products */;
			projectDirPath = "";
			projectRoot = "";
			targets = (
				EFB90B2C218C7D0D00CAEC2E /* AgendaMuslim */,
				EFB90B35218C7D0D00CAEC2E /* AgendaMuslimTests */,
			);
		};
/* End PBXProject section */

/* Begin PBXResourcesBuildPhase section */
		EFB90B2B218C7D0D00CAEC2E /* Resources */ = {
			isa = PBXResourcesBuildPhase;
			buildActionMask = 2147483647;
			files = (
				EFAA1932218D4232003C7508 /* Assets.xcassets in Resources */,
			);
			runOnlyForDeploymentPostprocessing = 0;
		};
		EFB90B34218C7D0D00CAEC2E /* Resources */ = {
			isa = PBXResourcesBuildPhase;
			buildActionMask = 2147483647;
			files = (
			);
			runOnlyForDeploymentPostprocessing = 0;
		};
/* End PBXResourcesBuildPhase section */

/* Begin PBXSourcesBuildPhase section */
		EFB90B28218C7D0D00CAEC2E /* Sources */ = {
			isa = PBXSourcesBuildPhase;
			buildActionMask = 2147483647;
			files = (
				EFAA1938218D4B50003C7508 /* Configuration.swift in Sources */,
				EFB90BE9218C7FCA00CAEC2E /* Application.swift in Sources */,
				EFB90BB2218C7ECB00CAEC2E /* AgendaMuslimError.swift in Sources */,
			);
			runOnlyForDeploymentPostprocessing = 0;
		};
		EFB90B32218C7D0D00CAEC2E /* Sources */ = {
			isa = PBXSourcesBuildPhase;
			buildActionMask = 2147483647;
			files = (
				EFB90B3C218C7D0D00CAEC2E /* AgendaMuslimTests.swift in Sources */,
			);
			runOnlyForDeploymentPostprocessing = 0;
		};
/* End PBXSourcesBuildPhase section */

/* Begin PBXTargetDependency section */
		EFB90B39218C7D0D00CAEC2E /* PBXTargetDependency */ = {
			isa = PBXTargetDependency;
			target = EFB90B2C218C7D0D00CAEC2E /* AgendaMuslim */;
			targetProxy = EFB90B38218C7D0D00CAEC2E /* PBXContainerItemProxy */;
		};
/* End PBXTargetDependency section */

/* Begin XCBuildConfiguration section */
		EFB90B3F218C7D0D00CAEC2E /* Debug */ = {
			isa = XCBuildConfiguration;
			buildSettings = {
				ALWAYS_SEARCH_USER_PATHS = NO;
				CLANG_ANALYZER_NONNULL = YES;
				CLANG_ANALYZER_NUMBER_OBJECT_CONVERSION = YES_AGGRESSIVE;
				CLANG_CXX_LANGUAGE_STANDARD = "gnu++14";
				CLANG_CXX_LIBRARY = "libc++";
				CLANG_ENABLE_MODULES = YES;
				CLANG_ENABLE_OBJC_ARC = YES;
				CLANG_WARN_BLOCK_CAPTURE_AUTORELEASING = YES;
				CLANG_WARN_BOOL_CONVERSION = YES;
				CLANG_WARN_COMMA = YES;
				CLANG_WARN_CONSTANT_CONVERSION = YES;
				CLANG_WARN_DIRECT_OBJC_ISA_USAGE = YES_ERROR;
				CLANG_WARN_DOCUMENTATION_COMMENTS = YES;
				CLANG_WARN_EMPTY_BODY = YES;
				CLANG_WARN_ENUM_CONVERSION = YES;
				CLANG_WARN_INFINITE_RECURSION = YES;
				CLANG_WARN_INT_CONVERSION = YES;
				CLANG_WARN_NON_LITERAL_NULL_CONVERSION = YES;
				CLANG_WARN_OBJC_LITERAL_CONVERSION = YES;
				CLANG_WARN_OBJC_ROOT_CLASS = YES_ERROR;
				CLANG_WARN_RANGE_LOOP_ANALYSIS = YES;
				CLANG_WARN_STRICT_PROTOTYPES = YES;
				CLANG_WARN_SUSPICIOUS_MOVE = YES;
				CLANG_WARN_UNGUARDED_AVAILABILITY = YES_AGGRESSIVE;
				CLANG_WARN_UNREACHABLE_CODE = YES;
				CLANG_WARN__DUPLICATE_METHOD_MATCH = YES;
				CODE_SIGN_IDENTITY = "iPhone Developer";
				COPY_PHASE_STRIP = NO;
				CURRENT_PROJECT_VERSION = 1;
				DEBUG_INFORMATION_FORMAT = dwarf;
				ENABLE_STRICT_OBJC_MSGSEND = YES;
				ENABLE_TESTABILITY = YES;
				GCC_C_LANGUAGE_STANDARD = gnu11;
				GCC_DYNAMIC_NO_PIC = NO;
				GCC_NO_COMMON_BLOCKS = YES;
				GCC_OPTIMIZATION_LEVEL = 0;
				GCC_PREPROCESSOR_DEFINITIONS = (
					"DEBUG=1",
					"$(inherited)",
				);
				GCC_WARN_64_TO_32_BIT_CONVERSION = YES;
				GCC_WARN_ABOUT_RETURN_TYPE = YES_ERROR;
				GCC_WARN_UNDECLARED_SELECTOR = YES;
				GCC_WARN_UNINITIALIZED_AUTOS = YES_AGGRESSIVE;
				GCC_WARN_UNUSED_FUNCTION = YES;
				GCC_WARN_UNUSED_VARIABLE = YES;
				IPHONEOS_DEPLOYMENT_TARGET = 10.0;
				MTL_ENABLE_DEBUG_INFO = YES;
				ONLY_ACTIVE_ARCH = YES;
				SDKROOT = iphoneos;
				SWIFT_ACTIVE_COMPILATION_CONDITIONS = DEBUG;
				SWIFT_OPTIMIZATION_LEVEL = "-Onone";
				VERSIONING_SYSTEM = "apple-generic";
				VERSION_INFO_PREFIX = "";
			};
			name = Debug;
		};
		EFB90B40218C7D0D00CAEC2E /* Release */ = {
			isa = XCBuildConfiguration;
			buildSettings = {
				ALWAYS_SEARCH_USER_PATHS = NO;
				CLANG_ANALYZER_NONNULL = YES;
				CLANG_ANALYZER_NUMBER_OBJECT_CONVERSION = YES_AGGRESSIVE;
				CLANG_CXX_LANGUAGE_STANDARD = "gnu++14";
				CLANG_CXX_LIBRARY = "libc++";
				CLANG_ENABLE_MODULES = YES;
				CLANG_ENABLE_OBJC_ARC = YES;
				CLANG_WARN_BLOCK_CAPTURE_AUTORELEASING = YES;
				CLANG_WARN_BOOL_CONVERSION = YES;
				CLANG_WARN_COMMA = YES;
				CLANG_WARN_CONSTANT_CONVERSION = YES;
				CLANG_WARN_DIRECT_OBJC_ISA_USAGE = YES_ERROR;
				CLANG_WARN_DOCUMENTATION_COMMENTS = YES;
				CLANG_WARN_EMPTY_BODY = YES;
				CLANG_WARN_ENUM_CONVERSION = YES;
				CLANG_WARN_INFINITE_RECURSION = YES;
				CLANG_WARN_INT_CONVERSION = YES;
				CLANG_WARN_NON_LITERAL_NULL_CONVERSION = YES;
				CLANG_WARN_OBJC_LITERAL_CONVERSION = YES;
				CLANG_WARN_OBJC_ROOT_CLASS = YES_ERROR;
				CLANG_WARN_RANGE_LOOP_ANALYSIS = YES;
				CLANG_WARN_STRICT_PROTOTYPES = YES;
				CLANG_WARN_SUSPICIOUS_MOVE = YES;
				CLANG_WARN_UNGUARDED_AVAILABILITY = YES_AGGRESSIVE;
				CLANG_WARN_UNREACHABLE_CODE = YES;
				CLANG_WARN__DUPLICATE_METHOD_MATCH = YES;
				CODE_SIGN_IDENTITY = "iPhone Developer";
				COPY_PHASE_STRIP = NO;
				CURRENT_PROJECT_VERSION = 1;
				DEBUG_INFORMATION_FORMAT = "dwarf-with-dsym";
				ENABLE_NS_ASSERTIONS = NO;
				ENABLE_STRICT_OBJC_MSGSEND = YES;
				GCC_C_LANGUAGE_STANDARD = gnu11;
				GCC_NO_COMMON_BLOCKS = YES;
				GCC_WARN_64_TO_32_BIT_CONVERSION = YES;
				GCC_WARN_ABOUT_RETURN_TYPE = YES_ERROR;
				GCC_WARN_UNDECLARED_SELECTOR = YES;
				GCC_WARN_UNINITIALIZED_AUTOS = YES_AGGRESSIVE;
				GCC_WARN_UNUSED_FUNCTION = YES;
				GCC_WARN_UNUSED_VARIABLE = YES;
				IPHONEOS_DEPLOYMENT_TARGET = 10.0;
				MTL_ENABLE_DEBUG_INFO = NO;
				SDKROOT = iphoneos;
				SWIFT_OPTIMIZATION_LEVEL = "-Owholemodule";
				VALIDATE_PRODUCT = YES;
				VERSIONING_SYSTEM = "apple-generic";
				VERSION_INFO_PREFIX = "";
			};
			name = Release;
		};
		EFB90B42218C7D0D00CAEC2E /* Debug */ = {
			isa = XCBuildConfiguration;
			buildSettings = {
				CLANG_ENABLE_MODULES = YES;
				CODE_SIGN_IDENTITY = "";
				CODE_SIGN_STYLE = Automatic;
				DEFINES_MODULE = YES;
				DEVELOPMENT_TEAM = SDSLU2QT5X;
				DYLIB_COMPATIBILITY_VERSION = 1;
				DYLIB_CURRENT_VERSION = 1;
				DYLIB_INSTALL_NAME_BASE = "@rpath";
				INFOPLIST_FILE = AgendaMuslim/Info.plist;
				INSTALL_PATH = "$(LOCAL_LIBRARY_DIR)/Frameworks";
				LD_RUNPATH_SEARCH_PATHS = "$(inherited) @executable_path/Frameworks @loader_path/Frameworks";
				PRODUCT_BUNDLE_IDENTIFIER = com.pondokios.AgendaMuslim;
				PRODUCT_NAME = "$(TARGET_NAME:c99extidentifier)";
				SKIP_INSTALL = YES;
				SWIFT_OPTIMIZATION_LEVEL = "-Onone";
				SWIFT_VERSION = 4.0;
				TARGETED_DEVICE_FAMILY = "1,2";
			};
			name = Debug;
		};
		EFB90B43218C7D0D00CAEC2E /* Release */ = {
			isa = XCBuildConfiguration;
			buildSettings = {
				CLANG_ENABLE_MODULES = YES;
				CODE_SIGN_IDENTITY = "";
				CODE_SIGN_STYLE = Automatic;
				DEFINES_MODULE = YES;
				DEVELOPMENT_TEAM = SDSLU2QT5X;
				DYLIB_COMPATIBILITY_VERSION = 1;
				DYLIB_CURRENT_VERSION = 1;
				DYLIB_INSTALL_NAME_BASE = "@rpath";
				INFOPLIST_FILE = AgendaMuslim/Info.plist;
				INSTALL_PATH = "$(LOCAL_LIBRARY_DIR)/Frameworks";
				LD_RUNPATH_SEARCH_PATHS = "$(inherited) @executable_path/Frameworks @loader_path/Frameworks";
				PRODUCT_BUNDLE_IDENTIFIER = com.pondokios.AgendaMuslim;
				PRODUCT_NAME = "$(TARGET_NAME:c99extidentifier)";
				SKIP_INSTALL = YES;
				SWIFT_VERSION = 4.0;
				TARGETED_DEVICE_FAMILY = "1,2";
			};
			name = Release;
		};
		EFB90B45218C7D0D00CAEC2E /* Debug */ = {
			isa = XCBuildConfiguration;
			buildSettings = {
				ALWAYS_EMBED_SWIFT_STANDARD_LIBRARIES = YES;
				CODE_SIGN_STYLE = Automatic;
				DEVELOPMENT_TEAM = SDSLU2QT5X;
				INFOPLIST_FILE = AgendaMuslimTests/Info.plist;
				LD_RUNPATH_SEARCH_PATHS = "$(inherited) @executable_path/Frameworks @loader_path/Frameworks";
				PRODUCT_BUNDLE_IDENTIFIER = com.pondokios.AgendaMuslimTests;
				PRODUCT_NAME = "$(TARGET_NAME)";
				SWIFT_VERSION = 4.0;
				TARGETED_DEVICE_FAMILY = "1,2";
			};
			name = Debug;
		};
		EFB90B46218C7D0D00CAEC2E /* Release */ = {
			isa = XCBuildConfiguration;
			buildSettings = {
				ALWAYS_EMBED_SWIFT_STANDARD_LIBRARIES = YES;
				CODE_SIGN_STYLE = Automatic;
				DEVELOPMENT_TEAM = SDSLU2QT5X;
				INFOPLIST_FILE = AgendaMuslimTests/Info.plist;
				LD_RUNPATH_SEARCH_PATHS = "$(inherited) @executable_path/Frameworks @loader_path/Frameworks";
				PRODUCT_BUNDLE_IDENTIFIER = com.pondokios.AgendaMuslimTests;
				PRODUCT_NAME = "$(TARGET_NAME)";
				SWIFT_VERSION = 4.0;
				TARGETED_DEVICE_FAMILY = "1,2";
			};
			name = Release;
		};
/* End XCBuildConfiguration section */

/* Begin XCConfigurationList section */
		EFB90B27218C7D0D00CAEC2E /* Build configuration list for PBXProject "AgendaMuslim" */ = {
			isa = XCConfigurationList;
			buildConfigurations = (
				EFB90B3F218C7D0D00CAEC2E /* Debug */,
				EFB90B40218C7D0D00CAEC2E /* Release */,
			);
			defaultConfigurationIsVisible = 0;
			defaultConfigurationName = Release;
		};
		EFB90B41218C7D0D00CAEC2E /* Build configuration list for PBXNativeTarget "AgendaMuslim" */ = {
			isa = XCConfigurationList;
			buildConfigurations = (
				EFB90B42218C7D0D00CAEC2E /* Debug */,
				EFB90B43218C7D0D00CAEC2E /* Release */,
			);
			defaultConfigurationIsVisible = 0;
			defaultConfigurationName = Release;
		};
		EFB90B44218C7D0D00CAEC2E /* Build configuration list for PBXNativeTarget "AgendaMuslimTests" */ = {
			isa = XCConfigurationList;
			buildConfigurations = (
				EFB90B45218C7D0D00CAEC2E /* Debug */,
				EFB90B46218C7D0D00CAEC2E /* Release */,
			);
			defaultConfigurationIsVisible = 0;
			defaultConfigurationName = Release;
		};
/* End XCConfigurationList section */
	};
	rootObject = EFB90B24218C7D0D00CAEC2E /* Project object */;
}
