// !$*UTF8*$!
{
	archiveVersion = 1;
	classes = {
	};
	objectVersion = 48;
	objects = {

/* Begin PBXBuildFile section */
		EFAA1930218D41AE003C7508 /* Assets.xcassets in Resources */ = {isa = PBXBuildFile; fileRef = EFAA192F218D41AE003C7508 /* Assets.xcassets */; };
		EFAA1934218D4570003C7508 /* Configuration.swift in Sources */ = {isa = PBXBuildFile; fileRef = EFAA1933218D4570003C7508 /* Configuration.swift */; };
		EFB90BFE218C80ED00CAEC2E /* LowonganKerjaMuslim.framework in Frameworks */ = {isa = PBXBuildFile; fileRef = EFB90BF4218C80ED00CAEC2E /* LowonganKerjaMuslim.framework */; };
		EFB90C03218C80ED00CAEC2E /* LowonganKerjaMuslimTests.swift in Sources */ = {isa = PBXBuildFile; fileRef = EFB90C02218C80ED00CAEC2E /* LowonganKerjaMuslimTests.swift */; };
		EFB90C05218C80ED00CAEC2E /* LowonganKerjaMuslim.h in Headers */ = {isa = PBXBuildFile; fileRef = EFB90BF7218C80ED00CAEC2E /* LowonganKerjaMuslim.h */; settings = {ATTRIBUTES = (Public, ); }; };
		EFB90C10218C810A00CAEC2E /* LowonganKerjaMuslimError.swift in Sources */ = {isa = PBXBuildFile; fileRef = EFB90C0F218C810A00CAEC2E /* LowonganKerjaMuslimError.swift */; };
		EFB90C12218C815000CAEC2E /* Application.swift in Sources */ = {isa = PBXBuildFile; fileRef = EFB90C11218C815000CAEC2E /* Application.swift */; };
		EFB90C4B218C830F00CAEC2E /* SubApplication.framework in Frameworks */ = {isa = PBXBuildFile; fileRef = EFB90C1E218C81ED00CAEC2E /* SubApplication.framework */; };
/* End PBXBuildFile section */

/* Begin PBXContainerItemProxy section */
		EFB90BFF218C80ED00CAEC2E /* PBXContainerItemProxy */ = {
			isa = PBXContainerItemProxy;
			containerPortal = EFB90BEB218C80ED00CAEC2E /* Project object */;
			proxyType = 1;
			remoteGlobalIDString = EFB90BF3218C80ED00CAEC2E;
			remoteInfo = LowonganKerjaMuslim;
		};
/* End PBXContainerItemProxy section */

/* Begin PBXFileReference section */
		EFAA192F218D41AE003C7508 /* Assets.xcassets */ = {isa = PBXFileReference; lastKnownFileType = folder.assetcatalog; path = Assets.xcassets; sourceTree = "<group>"; };
		EFAA1933218D4570003C7508 /* Configuration.swift */ = {isa = PBXFileReference; lastKnownFileType = sourcecode.swift; path = Configuration.swift; sourceTree = "<group>"; };
		EFB90BF4218C80ED00CAEC2E /* LowonganKerjaMuslim.framework */ = {isa = PBXFileReference; explicitFileType = wrapper.framework; includeInIndex = 0; path = LowonganKerjaMuslim.framework; sourceTree = BUILT_PRODUCTS_DIR; };
		EFB90BF7218C80ED00CAEC2E /* LowonganKerjaMuslim.h */ = {isa = PBXFileReference; lastKnownFileType = sourcecode.c.h; path = LowonganKerjaMuslim.h; sourceTree = "<group>"; };
		EFB90BF8218C80ED00CAEC2E /* Info.plist */ = {isa = PBXFileReference; lastKnownFileType = text.plist.xml; path = Info.plist; sourceTree = "<group>"; };
		EFB90BFD218C80ED00CAEC2E /* LowonganKerjaMuslimTests.xctest */ = {isa = PBXFileReference; explicitFileType = wrapper.cfbundle; includeInIndex = 0; path = LowonganKerjaMuslimTests.xctest; sourceTree = BUILT_PRODUCTS_DIR; };
		EFB90C02218C80ED00CAEC2E /* LowonganKerjaMuslimTests.swift */ = {isa = PBXFileReference; lastKnownFileType = sourcecode.swift; path = LowonganKerjaMuslimTests.swift; sourceTree = "<group>"; };
		EFB90C04218C80ED00CAEC2E /* Info.plist */ = {isa = PBXFileReference; lastKnownFileType = text.plist.xml; path = Info.plist; sourceTree = "<group>"; };
		EFB90C0F218C810A00CAEC2E /* LowonganKerjaMuslimError.swift */ = {isa = PBXFileReference; lastKnownFileType = sourcecode.swift; path = LowonganKerjaMuslimError.swift; sourceTree = "<group>"; };
		EFB90C11218C815000CAEC2E /* Application.swift */ = {isa = PBXFileReference; lastKnownFileType = sourcecode.swift; path = Application.swift; sourceTree = "<group>"; };
		EFB90C1E218C81ED00CAEC2E /* SubApplication.framework */ = {isa = PBXFileReference; explicitFileType = wrapper.framework; path = SubApplication.framework; sourceTree = BUILT_PRODUCTS_DIR; };
/* End PBXFileReference section */

/* Begin PBXFrameworksBuildPhase section */
		EFB90BF0218C80ED00CAEC2E /* Frameworks */ = {
			isa = PBXFrameworksBuildPhase;
			buildActionMask = 2147483647;
			files = (
				EFB90C4B218C830F00CAEC2E /* SubApplication.framework in Frameworks */,
			);
			runOnlyForDeploymentPostprocessing = 0;
		};
		EFB90BFA218C80ED00CAEC2E /* Frameworks */ = {
			isa = PBXFrameworksBuildPhase;
			buildActionMask = 2147483647;
			files = (
				EFB90BFE218C80ED00CAEC2E /* LowonganKerjaMuslim.framework in Frameworks */,
			);
			runOnlyForDeploymentPostprocessing = 0;
		};
/* End PBXFrameworksBuildPhase section */

/* Begin PBXGroup section */
		EFAA1935218D45A5003C7508 /* Extension */ = {
			isa = PBXGroup;
			children = (
				EFAA1933218D4570003C7508 /* Configuration.swift */,
			);
			path = Extension;
			sourceTree = "<group>";
		};
		EFB90BEA218C80ED00CAEC2E = {
			isa = PBXGroup;
			children = (
				EFB90BF6218C80ED00CAEC2E /* LowonganKerjaMuslim */,
				EFB90C01218C80ED00CAEC2E /* LowonganKerjaMuslimTests */,
				EFB90BF5218C80ED00CAEC2E /* Products */,
				EFB90C1C218C81ED00CAEC2E /* Frameworks */,
			);
			sourceTree = "<group>";
		};
		EFB90BF5218C80ED00CAEC2E /* Products */ = {
			isa = PBXGroup;
			children = (
				EFB90BF4218C80ED00CAEC2E /* LowonganKerjaMuslim.framework */,
				EFB90BFD218C80ED00CAEC2E /* LowonganKerjaMuslimTests.xctest */,
			);
			name = Products;
			sourceTree = "<group>";
		};
		EFB90BF6218C80ED00CAEC2E /* LowonganKerjaMuslim */ = {
			isa = PBXGroup;
			children = (
				EFB90C0E218C80FA00CAEC2E /* Classes */,
				EFAA1935218D45A5003C7508 /* Extension */,
				EFB90BF7218C80ED00CAEC2E /* LowonganKerjaMuslim.h */,
				EFB90BF8218C80ED00CAEC2E /* Info.plist */,
				EFAA192F218D41AE003C7508 /* Assets.xcassets */,
			);
			path = LowonganKerjaMuslim;
			sourceTree = "<group>";
		};
		EFB90C01218C80ED00CAEC2E /* LowonganKerjaMuslimTests */ = {
			isa = PBXGroup;
			children = (
				EFB90C02218C80ED00CAEC2E /* LowonganKerjaMuslimTests.swift */,
				EFB90C04218C80ED00CAEC2E /* Info.plist */,
			);
			path = LowonganKerjaMuslimTests;
			sourceTree = "<group>";
		};
		EFB90C0E218C80FA00CAEC2E /* Classes */ = {
			isa = PBXGroup;
			children = (
				EFB90C0F218C810A00CAEC2E /* LowonganKerjaMuslimError.swift */,
				EFB90C11218C815000CAEC2E /* Application.swift */,
			);
			path = Classes;
			sourceTree = "<group>";
		};
		EFB90C1C218C81ED00CAEC2E /* Frameworks */ = {
			isa = PBXGroup;
			children = (
				EFB90C1E218C81ED00CAEC2E /* SubApplication.framework */,
			);
			name = Frameworks;
			sourceTree = "<group>";
		};
/* End PBXGroup section */

/* Begin PBXHeadersBuildPhase section */
		EFB90BF1218C80ED00CAEC2E /* Headers */ = {
			isa = PBXHeadersBuildPhase;
			buildActionMask = 2147483647;
			files = (
				EFB90C05218C80ED00CAEC2E /* LowonganKerjaMuslim.h in Headers */,
			);
			runOnlyForDeploymentPostprocessing = 0;
		};
/* End PBXHeadersBuildPhase section */

/* Begin PBXNativeTarget section */
		EFB90BF3218C80ED00CAEC2E /* LowonganKerjaMuslim */ = {
			isa = PBXNativeTarget;
			buildConfigurationList = EFB90C08218C80ED00CAEC2E /* Build configuration list for PBXNativeTarget "LowonganKerjaMuslim" */;
			buildPhases = (
				EFB90BEF218C80ED00CAEC2E /* Sources */,
				EFB90BF0218C80ED00CAEC2E /* Frameworks */,
				EFB90BF1218C80ED00CAEC2E /* Headers */,
				EFB90BF2218C80ED00CAEC2E /* Resources */,
			);
			buildRules = (
			);
			dependencies = (
			);
			name = LowonganKerjaMuslim;
			productName = LowonganKerjaMuslim;
			productReference = EFB90BF4218C80ED00CAEC2E /* LowonganKerjaMuslim.framework */;
			productType = "com.apple.product-type.framework";
		};
		EFB90BFC218C80ED00CAEC2E /* LowonganKerjaMuslimTests */ = {
			isa = PBXNativeTarget;
			buildConfigurationList = EFB90C0B218C80ED00CAEC2E /* Build configuration list for PBXNativeTarget "LowonganKerjaMuslimTests" */;
			buildPhases = (
				EFB90BF9218C80ED00CAEC2E /* Sources */,
				EFB90BFA218C80ED00CAEC2E /* Frameworks */,
				EFB90BFB218C80ED00CAEC2E /* Resources */,
			);
			buildRules = (
			);
			dependencies = (
				EFB90C00218C80ED00CAEC2E /* PBXTargetDependency */,
			);
			name = LowonganKerjaMuslimTests;
			productName = LowonganKerjaMuslimTests;
			productReference = EFB90BFD218C80ED00CAEC2E /* LowonganKerjaMuslimTests.xctest */;
			productType = "com.apple.product-type.bundle.unit-test";
		};
/* End PBXNativeTarget section */

/* Begin PBXProject section */
		EFB90BEB218C80ED00CAEC2E /* Project object */ = {
			isa = PBXProject;
			attributes = {
				LastSwiftUpdateCheck = 0920;
				LastUpgradeCheck = 0920;
				ORGANIZATIONNAME = PondokiOS;
				TargetAttributes = {
					EFB90BF3218C80ED00CAEC2E = {
						CreatedOnToolsVersion = 9.2;
						LastSwiftMigration = 0920;
						ProvisioningStyle = Automatic;
					};
					EFB90BFC218C80ED00CAEC2E = {
						CreatedOnToolsVersion = 9.2;
						ProvisioningStyle = Automatic;
					};
				};
			};
			buildConfigurationList = EFB90BEE218C80ED00CAEC2E /* Build configuration list for PBXProject "LowonganKerjaMuslim" */;
			compatibilityVersion = "Xcode 8.0";
			developmentRegion = en;
			hasScannedForEncodings = 0;
			knownRegions = (
				en,
			);
			mainGroup = EFB90BEA218C80ED00CAEC2E;
			productRefGroup = EFB90BF5218C80ED00CAEC2E /* Products */;
			projectDirPath = "";
			projectRoot = "";
			targets = (
				EFB90BF3218C80ED00CAEC2E /* LowonganKerjaMuslim */,
				EFB90BFC218C80ED00CAEC2E /* LowonganKerjaMuslimTests */,
			);
		};
/* End PBXProject section */

/* Begin PBXResourcesBuildPhase section */
		EFB90BF2218C80ED00CAEC2E /* Resources */ = {
			isa = PBXResourcesBuildPhase;
			buildActionMask = 2147483647;
			files = (
				EFAA1930218D41AE003C7508 /* Assets.xcassets in Resources */,
			);
			runOnlyForDeploymentPostprocessing = 0;
		};
		EFB90BFB218C80ED00CAEC2E /* Resources */ = {
			isa = PBXResourcesBuildPhase;
			buildActionMask = 2147483647;
			files = (
			);
			runOnlyForDeploymentPostprocessing = 0;
		};
/* End PBXResourcesBuildPhase section */

/* Begin PBXSourcesBuildPhase section */
		EFB90BEF218C80ED00CAEC2E /* Sources */ = {
			isa = PBXSourcesBuildPhase;
			buildActionMask = 2147483647;
			files = (
				EFAA1934218D4570003C7508 /* Configuration.swift in Sources */,
				EFB90C12218C815000CAEC2E /* Application.swift in Sources */,
				EFB90C10218C810A00CAEC2E /* LowonganKerjaMuslimError.swift in Sources */,
			);
			runOnlyForDeploymentPostprocessing = 0;
		};
		EFB90BF9218C80ED00CAEC2E /* Sources */ = {
			isa = PBXSourcesBuildPhase;
			buildActionMask = 2147483647;
			files = (
				EFB90C03218C80ED00CAEC2E /* LowonganKerjaMuslimTests.swift in Sources */,
			);
			runOnlyForDeploymentPostprocessing = 0;
		};
/* End PBXSourcesBuildPhase section */

/* Begin PBXTargetDependency section */
		EFB90C00218C80ED00CAEC2E /* PBXTargetDependency */ = {
			isa = PBXTargetDependency;
			target = EFB90BF3218C80ED00CAEC2E /* LowonganKerjaMuslim */;
			targetProxy = EFB90BFF218C80ED00CAEC2E /* PBXContainerItemProxy */;
		};
/* End PBXTargetDependency section */

/* Begin XCBuildConfiguration section */
		EFB90C06218C80ED00CAEC2E /* Debug */ = {
			isa = XCBuildConfiguration;
			buildSettings = {
				ALWAYS_SEARCH_USER_PATHS = NO;
				CLANG_ANALYZER_NONNULL = YES;
				CLANG_ANALYZER_NUMBER_OBJECT_CONVERSION = YES_AGGRESSIVE;
				CLANG_CXX_LANGUAGE_STANDARD = "gnu++14";
				CLANG_CXX_LIBRARY = "libc++";
				CLANG_ENABLE_MODULES = YES;
				CLANG_ENABLE_OBJC_ARC = YES;
				CLANG_WARN_BLOCK_CAPTURE_AUTORELEASING = YES;
				CLANG_WARN_BOOL_CONVERSION = YES;
				CLANG_WARN_COMMA = YES;
				CLANG_WARN_CONSTANT_CONVERSION = YES;
				CLANG_WARN_DIRECT_OBJC_ISA_USAGE = YES_ERROR;
				CLANG_WARN_DOCUMENTATION_COMMENTS = YES;
				CLANG_WARN_EMPTY_BODY = YES;
				CLANG_WARN_ENUM_CONVERSION = YES;
				CLANG_WARN_INFINITE_RECURSION = YES;
				CLANG_WARN_INT_CONVERSION = YES;
				CLANG_WARN_NON_LITERAL_NULL_CONVERSION = YES;
				CLANG_WARN_OBJC_LITERAL_CONVERSION = YES;
				CLANG_WARN_OBJC_ROOT_CLASS = YES_ERROR;
				CLANG_WARN_RANGE_LOOP_ANALYSIS = YES;
				CLANG_WARN_STRICT_PROTOTYPES = YES;
				CLANG_WARN_SUSPICIOUS_MOVE = YES;
				CLANG_WARN_UNGUARDED_AVAILABILITY = YES_AGGRESSIVE;
				CLANG_WARN_UNREACHABLE_CODE = YES;
				CLANG_WARN__DUPLICATE_METHOD_MATCH = YES;
				CODE_SIGN_IDENTITY = "iPhone Developer";
				COPY_PHASE_STRIP = NO;
				CURRENT_PROJECT_VERSION = 1;
				DEBUG_INFORMATION_FORMAT = dwarf;
				ENABLE_STRICT_OBJC_MSGSEND = YES;
				ENABLE_TESTABILITY = YES;
				GCC_C_LANGUAGE_STANDARD = gnu11;
				GCC_DYNAMIC_NO_PIC = NO;
				GCC_NO_COMMON_BLOCKS = YES;
				GCC_OPTIMIZATION_LEVEL = 0;
				GCC_PREPROCESSOR_DEFINITIONS = (
					"DEBUG=1",
					"$(inherited)",
				);
				GCC_WARN_64_TO_32_BIT_CONVERSION = YES;
				GCC_WARN_ABOUT_RETURN_TYPE = YES_ERROR;
				GCC_WARN_UNDECLARED_SELECTOR = YES;
				GCC_WARN_UNINITIALIZED_AUTOS = YES_AGGRESSIVE;
				GCC_WARN_UNUSED_FUNCTION = YES;
				GCC_WARN_UNUSED_VARIABLE = YES;
				IPHONEOS_DEPLOYMENT_TARGET = 10.0;
				MTL_ENABLE_DEBUG_INFO = YES;
				ONLY_ACTIVE_ARCH = YES;
				SDKROOT = iphoneos;
				SWIFT_ACTIVE_COMPILATION_CONDITIONS = DEBUG;
				SWIFT_OPTIMIZATION_LEVEL = "-Onone";
				VERSIONING_SYSTEM = "apple-generic";
				VERSION_INFO_PREFIX = "";
			};
			name = Debug;
		};
		EFB90C07218C80ED00CAEC2E /* Release */ = {
			isa = XCBuildConfiguration;
			buildSettings = {
				ALWAYS_SEARCH_USER_PATHS = NO;
				CLANG_ANALYZER_NONNULL = YES;
				CLANG_ANALYZER_NUMBER_OBJECT_CONVERSION = YES_AGGRESSIVE;
				CLANG_CXX_LANGUAGE_STANDARD = "gnu++14";
				CLANG_CXX_LIBRARY = "libc++";
				CLANG_ENABLE_MODULES = YES;
				CLANG_ENABLE_OBJC_ARC = YES;
				CLANG_WARN_BLOCK_CAPTURE_AUTORELEASING = YES;
				CLANG_WARN_BOOL_CONVERSION = YES;
				CLANG_WARN_COMMA = YES;
				CLANG_WARN_CONSTANT_CONVERSION = YES;
				CLANG_WARN_DIRECT_OBJC_ISA_USAGE = YES_ERROR;
				CLANG_WARN_DOCUMENTATION_COMMENTS = YES;
				CLANG_WARN_EMPTY_BODY = YES;
				CLANG_WARN_ENUM_CONVERSION = YES;
				CLANG_WARN_INFINITE_RECURSION = YES;
				CLANG_WARN_INT_CONVERSION = YES;
				CLANG_WARN_NON_LITERAL_NULL_CONVERSION = YES;
				CLANG_WARN_OBJC_LITERAL_CONVERSION = YES;
				CLANG_WARN_OBJC_ROOT_CLASS = YES_ERROR;
				CLANG_WARN_RANGE_LOOP_ANALYSIS = YES;
				CLANG_WARN_STRICT_PROTOTYPES = YES;
				CLANG_WARN_SUSPICIOUS_MOVE = YES;
				CLANG_WARN_UNGUARDED_AVAILABILITY = YES_AGGRESSIVE;
				CLANG_WARN_UNREACHABLE_CODE = YES;
				CLANG_WARN__DUPLICATE_METHOD_MATCH = YES;
				CODE_SIGN_IDENTITY = "iPhone Developer";
				COPY_PHASE_STRIP = NO;
				CURRENT_PROJECT_VERSION = 1;
				DEBUG_INFORMATION_FORMAT = "dwarf-with-dsym";
				ENABLE_NS_ASSERTIONS = NO;
				ENABLE_STRICT_OBJC_MSGSEND = YES;
				GCC_C_LANGUAGE_STANDARD = gnu11;
				GCC_NO_COMMON_BLOCKS = YES;
				GCC_WARN_64_TO_32_BIT_CONVERSION = YES;
				GCC_WARN_ABOUT_RETURN_TYPE = YES_ERROR;
				GCC_WARN_UNDECLARED_SELECTOR = YES;
				GCC_WARN_UNINITIALIZED_AUTOS = YES_AGGRESSIVE;
				GCC_WARN_UNUSED_FUNCTION = YES;
				GCC_WARN_UNUSED_VARIABLE = YES;
				IPHONEOS_DEPLOYMENT_TARGET = 10.0;
				MTL_ENABLE_DEBUG_INFO = NO;
				SDKROOT = iphoneos;
				SWIFT_OPTIMIZATION_LEVEL = "-Owholemodule";
				VALIDATE_PRODUCT = YES;
				VERSIONING_SYSTEM = "apple-generic";
				VERSION_INFO_PREFIX = "";
			};
			name = Release;
		};
		EFB90C09218C80ED00CAEC2E /* Debug */ = {
			isa = XCBuildConfiguration;
			buildSettings = {
				CLANG_ENABLE_MODULES = YES;
				CODE_SIGN_IDENTITY = "";
				CODE_SIGN_STYLE = Automatic;
				DEFINES_MODULE = YES;
				DEVELOPMENT_TEAM = SDSLU2QT5X;
				DYLIB_COMPATIBILITY_VERSION = 1;
				DYLIB_CURRENT_VERSION = 1;
				DYLIB_INSTALL_NAME_BASE = "@rpath";
				INFOPLIST_FILE = LowonganKerjaMuslim/Info.plist;
				INSTALL_PATH = "$(LOCAL_LIBRARY_DIR)/Frameworks";
				LD_RUNPATH_SEARCH_PATHS = "$(inherited) @executable_path/Frameworks @loader_path/Frameworks";
				PRODUCT_BUNDLE_IDENTIFIER = com.pondokios.LowonganKerjaMuslim;
				PRODUCT_NAME = "$(TARGET_NAME:c99extidentifier)";
				SKIP_INSTALL = YES;
				SWIFT_OPTIMIZATION_LEVEL = "-Onone";
				SWIFT_VERSION = 4.0;
				TARGETED_DEVICE_FAMILY = "1,2";
			};
			name = Debug;
		};
		EFB90C0A218C80ED00CAEC2E /* Release */ = {
			isa = XCBuildConfiguration;
			buildSettings = {
				CLANG_ENABLE_MODULES = YES;
				CODE_SIGN_IDENTITY = "";
				CODE_SIGN_STYLE = Automatic;
				DEFINES_MODULE = YES;
				DEVELOPMENT_TEAM = SDSLU2QT5X;
				DYLIB_COMPATIBILITY_VERSION = 1;
				DYLIB_CURRENT_VERSION = 1;
				DYLIB_INSTALL_NAME_BASE = "@rpath";
				INFOPLIST_FILE = LowonganKerjaMuslim/Info.plist;
				INSTALL_PATH = "$(LOCAL_LIBRARY_DIR)/Frameworks";
				LD_RUNPATH_SEARCH_PATHS = "$(inherited) @executable_path/Frameworks @loader_path/Frameworks";
				PRODUCT_BUNDLE_IDENTIFIER = com.pondokios.LowonganKerjaMuslim;
				PRODUCT_NAME = "$(TARGET_NAME:c99extidentifier)";
				SKIP_INSTALL = YES;
				SWIFT_VERSION = 4.0;
				TARGETED_DEVICE_FAMILY = "1,2";
			};
			name = Release;
		};
		EFB90C0C218C80ED00CAEC2E /* Debug */ = {
			isa = XCBuildConfiguration;
			buildSettings = {
				ALWAYS_EMBED_SWIFT_STANDARD_LIBRARIES = YES;
				CODE_SIGN_STYLE = Automatic;
				DEVELOPMENT_TEAM = SDSLU2QT5X;
				INFOPLIST_FILE = LowonganKerjaMuslimTests/Info.plist;
				LD_RUNPATH_SEARCH_PATHS = "$(inherited) @executable_path/Frameworks @loader_path/Frameworks";
				PRODUCT_BUNDLE_IDENTIFIER = com.pondokios.LowonganKerjaMuslimTests;
				PRODUCT_NAME = "$(TARGET_NAME)";
				SWIFT_VERSION = 4.0;
				TARGETED_DEVICE_FAMILY = "1,2";
			};
			name = Debug;
		};
		EFB90C0D218C80ED00CAEC2E /* Release */ = {
			isa = XCBuildConfiguration;
			buildSettings = {
				ALWAYS_EMBED_SWIFT_STANDARD_LIBRARIES = YES;
				CODE_SIGN_STYLE = Automatic;
				DEVELOPMENT_TEAM = SDSLU2QT5X;
				INFOPLIST_FILE = LowonganKerjaMuslimTests/Info.plist;
				LD_RUNPATH_SEARCH_PATHS = "$(inherited) @executable_path/Frameworks @loader_path/Frameworks";
				PRODUCT_BUNDLE_IDENTIFIER = com.pondokios.LowonganKerjaMuslimTests;
				PRODUCT_NAME = "$(TARGET_NAME)";
				SWIFT_VERSION = 4.0;
				TARGETED_DEVICE_FAMILY = "1,2";
			};
			name = Release;
		};
/* End XCBuildConfiguration section */

/* Begin XCConfigurationList section */
		EFB90BEE218C80ED00CAEC2E /* Build configuration list for PBXProject "LowonganKerjaMuslim" */ = {
			isa = XCConfigurationList;
			buildConfigurations = (
				EFB90C06218C80ED00CAEC2E /* Debug */,
				EFB90C07218C80ED00CAEC2E /* Release */,
			);
			defaultConfigurationIsVisible = 0;
			defaultConfigurationName = Release;
		};
		EFB90C08218C80ED00CAEC2E /* Build configuration list for PBXNativeTarget "LowonganKerjaMuslim" */ = {
			isa = XCConfigurationList;
			buildConfigurations = (
				EFB90C09218C80ED00CAEC2E /* Debug */,
				EFB90C0A218C80ED00CAEC2E /* Release */,
			);
			defaultConfigurationIsVisible = 0;
			defaultConfigurationName = Release;
		};
		EFB90C0B218C80ED00CAEC2E /* Build configuration list for PBXNativeTarget "LowonganKerjaMuslimTests" */ = {
			isa = XCConfigurationList;
			buildConfigurations = (
				EFB90C0C218C80ED00CAEC2E /* Debug */,
				EFB90C0D218C80ED00CAEC2E /* Release */,
			);
			defaultConfigurationIsVisible = 0;
			defaultConfigurationName = Release;
		};
/* End XCConfigurationList section */
	};
	rootObject = EFB90BEB218C80ED00CAEC2E /* Project object */;
}
