// !$*UTF8*$!
{
	archiveVersion = 1;
	classes = {
	};
	objectVersion = 48;
	objects = {

/* Begin PBXBuildFile section */
		1A378A9F8CBAC93234748686 /* Pods_MuslimApp.framework in Frameworks */ = {isa = PBXBuildFile; fileRef = 34D8A52B32E6047CA665E9A8 /* Pods_MuslimApp.framework */; };
		EF21DC6A21A26DF20094A596 /* CocoaLumberjack.framework in Frameworks */ = {isa = PBXBuildFile; fileRef = EF21DC6721A26DF20094A596 /* CocoaLumberjack.framework */; };
		EF21DC6B21A26DF20094A596 /* CocoaLumberjack.framework in Embed Frameworks */ = {isa = PBXBuildFile; fileRef = EF21DC6721A26DF20094A596 /* CocoaLumberjack.framework */; settings = {ATTRIBUTES = (CodeSignOnCopy, RemoveHeadersOnCopy, ); }; };
		EF21DC6C21A26DF20094A596 /* IQKeyboardManagerSwift.framework in Frameworks */ = {isa = PBXBuildFile; fileRef = EF21DC6821A26DF20094A596 /* IQKeyboardManagerSwift.framework */; };
		EF21DC6D21A26DF20094A596 /* IQKeyboardManagerSwift.framework in Embed Frameworks */ = {isa = PBXBuildFile; fileRef = EF21DC6821A26DF20094A596 /* IQKeyboardManagerSwift.framework */; settings = {ATTRIBUTES = (CodeSignOnCopy, RemoveHeadersOnCopy, ); }; };
		EF21DC6E21A26DF30094A596 /* CocoaLumberjackSwift.framework in Frameworks */ = {isa = PBXBuildFile; fileRef = EF21DC6921A26DF20094A596 /* CocoaLumberjackSwift.framework */; };
		EF21DC6F21A26DF30094A596 /* CocoaLumberjackSwift.framework in Embed Frameworks */ = {isa = PBXBuildFile; fileRef = EF21DC6921A26DF20094A596 /* CocoaLumberjackSwift.framework */; settings = {ATTRIBUTES = (CodeSignOnCopy, RemoveHeadersOnCopy, ); }; };
		EF21DC7221A26E920094A596 /* Database.framework in Frameworks */ = {isa = PBXBuildFile; fileRef = EF21DC7121A26E920094A596 /* Database.framework */; };
		EF21DC7321A26E920094A596 /* Database.framework in Embed Frameworks */ = {isa = PBXBuildFile; fileRef = EF21DC7121A26E920094A596 /* Database.framework */; settings = {ATTRIBUTES = (CodeSignOnCopy, RemoveHeadersOnCopy, ); }; };
		EF21DC7521A26E980094A596 /* Networking.framework in Frameworks */ = {isa = PBXBuildFile; fileRef = EF21DC7421A26E980094A596 /* Networking.framework */; };
		EF21DC7621A26E980094A596 /* Networking.framework in Embed Frameworks */ = {isa = PBXBuildFile; fileRef = EF21DC7421A26E980094A596 /* Networking.framework */; settings = {ATTRIBUTES = (CodeSignOnCopy, RemoveHeadersOnCopy, ); }; };
		EF21DC7821A26E9F0094A596 /* Common.framework in Frameworks */ = {isa = PBXBuildFile; fileRef = EF21DC7721A26E9F0094A596 /* Common.framework */; };
		EF21DC7921A26E9F0094A596 /* Common.framework in Embed Frameworks */ = {isa = PBXBuildFile; fileRef = EF21DC7721A26E9F0094A596 /* Common.framework */; settings = {ATTRIBUTES = (CodeSignOnCopy, RemoveHeadersOnCopy, ); }; };
		EF21DC7B21A26EA60094A596 /* Logging.framework in Frameworks */ = {isa = PBXBuildFile; fileRef = EF21DC7A21A26EA60094A596 /* Logging.framework */; };
		EF21DC7C21A26EA60094A596 /* Logging.framework in Embed Frameworks */ = {isa = PBXBuildFile; fileRef = EF21DC7A21A26EA60094A596 /* Logging.framework */; settings = {ATTRIBUTES = (CodeSignOnCopy, RemoveHeadersOnCopy, ); }; };
		EF21DC7E21A26EBA0094A596 /* KakakAsuh.framework in Frameworks */ = {isa = PBXBuildFile; fileRef = EF21DC7D21A26EBA0094A596 /* KakakAsuh.framework */; };
		EF21DC7F21A26EBA0094A596 /* KakakAsuh.framework in Embed Frameworks */ = {isa = PBXBuildFile; fileRef = EF21DC7D21A26EBA0094A596 /* KakakAsuh.framework */; settings = {ATTRIBUTES = (CodeSignOnCopy, RemoveHeadersOnCopy, ); }; };
		EF21DC8121A26EC20094A596 /* JadwalShalat.framework in Frameworks */ = {isa = PBXBuildFile; fileRef = EF21DC8021A26EC20094A596 /* JadwalShalat.framework */; };
		EF21DC8221A26EC20094A596 /* JadwalShalat.framework in Embed Frameworks */ = {isa = PBXBuildFile; fileRef = EF21DC8021A26EC20094A596 /* JadwalShalat.framework */; settings = {ATTRIBUTES = (CodeSignOnCopy, RemoveHeadersOnCopy, ); }; };
		EF21DC8421A26ECC0094A596 /* CatatanMuslim.framework in Frameworks */ = {isa = PBXBuildFile; fileRef = EF21DC8321A26ECC0094A596 /* CatatanMuslim.framework */; };
		EF21DC8521A26ECC0094A596 /* CatatanMuslim.framework in Embed Frameworks */ = {isa = PBXBuildFile; fileRef = EF21DC8321A26ECC0094A596 /* CatatanMuslim.framework */; settings = {ATTRIBUTES = (CodeSignOnCopy, RemoveHeadersOnCopy, ); }; };
		EF21DC8721A26ED60094A596 /* AmalanYaumiyah.framework in Frameworks */ = {isa = PBXBuildFile; fileRef = EF21DC8621A26ED60094A596 /* AmalanYaumiyah.framework */; };
		EF21DC8821A26ED60094A596 /* AmalanYaumiyah.framework in Embed Frameworks */ = {isa = PBXBuildFile; fileRef = EF21DC8621A26ED60094A596 /* AmalanYaumiyah.framework */; settings = {ATTRIBUTES = (CodeSignOnCopy, RemoveHeadersOnCopy, ); }; };
		EF21DC8A21A26EDC0094A596 /* LowonganKerjaMuslim.framework in Frameworks */ = {isa = PBXBuildFile; fileRef = EF21DC8921A26EDC0094A596 /* LowonganKerjaMuslim.framework */; };
		EF21DC8B21A26EDC0094A596 /* LowonganKerjaMuslim.framework in Embed Frameworks */ = {isa = PBXBuildFile; fileRef = EF21DC8921A26EDC0094A596 /* LowonganKerjaMuslim.framework */; settings = {ATTRIBUTES = (CodeSignOnCopy, RemoveHeadersOnCopy, ); }; };
		EF21DC8D21A26EE30094A596 /* AgendaMuslim.framework in Frameworks */ = {isa = PBXBuildFile; fileRef = EF21DC8C21A26EE30094A596 /* AgendaMuslim.framework */; };
		EF21DC8E21A26EE30094A596 /* AgendaMuslim.framework in Embed Frameworks */ = {isa = PBXBuildFile; fileRef = EF21DC8C21A26EE30094A596 /* AgendaMuslim.framework */; settings = {ATTRIBUTES = (CodeSignOnCopy, RemoveHeadersOnCopy, ); }; };
		EF21DC8F21A26EFC0094A596 /* SubApplication.framework in Frameworks */ = {isa = PBXBuildFile; fileRef = EF310C9A21A267BF00C35E36 /* SubApplication.framework */; };
		EF21DC9021A26EFC0094A596 /* SubApplicationManager.framework in Frameworks */ = {isa = PBXBuildFile; fileRef = EF310C8821A267A900C35E36 /* SubApplicationManager.framework */; };
		EF21DC9121A26F050094A596 /* SubApplication.framework in Frameworks */ = {isa = PBXBuildFile; fileRef = EF310C9A21A267BF00C35E36 /* SubApplication.framework */; };
		EF310C6221A2663200C35E36 /* Main.storyboard in Resources */ = {isa = PBXBuildFile; fileRef = EF310C6021A2663200C35E36 /* Main.storyboard */; };
		EF310C6421A2663200C35E36 /* Assets.xcassets in Resources */ = {isa = PBXBuildFile; fileRef = EF310C6321A2663200C35E36 /* Assets.xcassets */; };
		EF310C6721A2663200C35E36 /* LaunchScreen.storyboard in Resources */ = {isa = PBXBuildFile; fileRef = EF310C6521A2663200C35E36 /* LaunchScreen.storyboard */; };
		EF310C8021A2674300C35E36 /* Application.swift in Sources */ = {isa = PBXBuildFile; fileRef = EF310C7D21A2674300C35E36 /* Application.swift */; };
		EF310C8121A2674300C35E36 /* ViewController.swift in Sources */ = {isa = PBXBuildFile; fileRef = EF310C7E21A2674300C35E36 /* ViewController.swift */; };
		EF310C8221A2674300C35E36 /* AppDelegate.swift in Sources */ = {isa = PBXBuildFile; fileRef = EF310C7F21A2674300C35E36 /* AppDelegate.swift */; };
		EF310C8C21A267A900C35E36 /* SubApplicationManager.h in Headers */ = {isa = PBXBuildFile; fileRef = EF310C8A21A267A900C35E36 /* SubApplicationManager.h */; settings = {ATTRIBUTES = (Public, ); }; };
		EF310C8F21A267AA00C35E36 /* SubApplicationManager.framework in Frameworks */ = {isa = PBXBuildFile; fileRef = EF310C8821A267A900C35E36 /* SubApplicationManager.framework */; };
		EF310C9021A267AA00C35E36 /* SubApplicationManager.framework in Embed Frameworks */ = {isa = PBXBuildFile; fileRef = EF310C8821A267A900C35E36 /* SubApplicationManager.framework */; settings = {ATTRIBUTES = (CodeSignOnCopy, RemoveHeadersOnCopy, ); }; };
		EF310C9E21A267BF00C35E36 /* SubApplication.h in Headers */ = {isa = PBXBuildFile; fileRef = EF310C9C21A267BF00C35E36 /* SubApplication.h */; settings = {ATTRIBUTES = (Public, ); }; };
		EF310CA121A267BF00C35E36 /* SubApplication.framework in Frameworks */ = {isa = PBXBuildFile; fileRef = EF310C9A21A267BF00C35E36 /* SubApplication.framework */; };
		EF310CA221A267BF00C35E36 /* SubApplication.framework in Embed Frameworks */ = {isa = PBXBuildFile; fileRef = EF310C9A21A267BF00C35E36 /* SubApplication.framework */; settings = {ATTRIBUTES = (CodeSignOnCopy, RemoveHeadersOnCopy, ); }; };
		EF310CB921A267E500C35E36 /* SubApplication.swift in Sources */ = {isa = PBXBuildFile; fileRef = EF310CB821A267E500C35E36 /* SubApplication.swift */; };
		EF310CBB21A267F400C35E36 /* SubApplicationManager.swift in Sources */ = {isa = PBXBuildFile; fileRef = EF310CBA21A267F400C35E36 /* SubApplicationManager.swift */; };
		EF310CC521A2682300C35E36 /* AppsLauncher.h in Headers */ = {isa = PBXBuildFile; fileRef = EF310CC321A2682300C35E36 /* AppsLauncher.h */; settings = {ATTRIBUTES = (Public, ); }; };
		EF310CC821A2682300C35E36 /* AppsLauncher.framework in Frameworks */ = {isa = PBXBuildFile; fileRef = EF310CC121A2682300C35E36 /* AppsLauncher.framework */; };
		EF310CC921A2682300C35E36 /* AppsLauncher.framework in Embed Frameworks */ = {isa = PBXBuildFile; fileRef = EF310CC121A2682300C35E36 /* AppsLauncher.framework */; settings = {ATTRIBUTES = (CodeSignOnCopy, RemoveHeadersOnCopy, ); }; };
		EF310CEE21A2683400C35E36 /* AssetFileNames.swift in Sources */ = {isa = PBXBuildFile; fileRef = EF310CCE21A2683300C35E36 /* AssetFileNames.swift */; };
		EF310CEF21A2683400C35E36 /* Configuration.swift in Sources */ = {isa = PBXBuildFile; fileRef = EF310CCF21A2683300C35E36 /* Configuration.swift */; };
		EF310CF021A2683400C35E36 /* AppsLauncher.swift in Sources */ = {isa = PBXBuildFile; fileRef = EF310CD021A2683300C35E36 /* AppsLauncher.swift */; };
		EF310CF121A2683400C35E36 /* Coordinator.swift in Sources */ = {isa = PBXBuildFile; fileRef = EF310CD221A2683300C35E36 /* Coordinator.swift */; };
		EF310CF221A2683400C35E36 /* Navigator.swift in Sources */ = {isa = PBXBuildFile; fileRef = EF310CD321A2683300C35E36 /* Navigator.swift */; };
		EF310CF321A2683400C35E36 /* LoginController.swift in Sources */ = {isa = PBXBuildFile; fileRef = EF310CD721A2683400C35E36 /* LoginController.swift */; };
		EF310CF421A2683400C35E36 /* LoginController.xib in Resources */ = {isa = PBXBuildFile; fileRef = EF310CD821A2683400C35E36 /* LoginController.xib */; };
		EF310CF521A2683400C35E36 /* LoginCoordinator.swift in Sources */ = {isa = PBXBuildFile; fileRef = EF310CD921A2683400C35E36 /* LoginCoordinator.swift */; };
		EF310CF621A2683400C35E36 /* RegistrationController.swift in Sources */ = {isa = PBXBuildFile; fileRef = EF310CDB21A2683400C35E36 /* RegistrationController.swift */; };
		EF310CF721A2683400C35E36 /* RegistrationController.xib in Resources */ = {isa = PBXBuildFile; fileRef = EF310CDC21A2683400C35E36 /* RegistrationController.xib */; };
		EF310CF821A2683400C35E36 /* RegistrationCoordinator.swift in Sources */ = {isa = PBXBuildFile; fileRef = EF310CDD21A2683400C35E36 /* RegistrationCoordinator.swift */; };
		EF310CF921A2683400C35E36 /* LauncherCell.swift in Sources */ = {isa = PBXBuildFile; fileRef = EF310CE021A2683400C35E36 /* LauncherCell.swift */; };
		EF310CFA21A2683400C35E36 /* LauncherCell.xib in Resources */ = {isa = PBXBuildFile; fileRef = EF310CE121A2683400C35E36 /* LauncherCell.xib */; };
		EF310CFB21A2683400C35E36 /* HomeController.swift in Sources */ = {isa = PBXBuildFile; fileRef = EF310CE221A2683400C35E36 /* HomeController.swift */; };
		EF310CFC21A2683400C35E36 /* HomeController.xib in Resources */ = {isa = PBXBuildFile; fileRef = EF310CE321A2683400C35E36 /* HomeController.xib */; };
		EF310CFD21A2683400C35E36 /* HomeCoordinator.swift in Sources */ = {isa = PBXBuildFile; fileRef = EF310CE421A2683400C35E36 /* HomeCoordinator.swift */; };
		EF310CFE21A2683400C35E36 /* HomePresenter.swift in Sources */ = {isa = PBXBuildFile; fileRef = EF310CE521A2683400C35E36 /* HomePresenter.swift */; };
		EF310CFF21A2683400C35E36 /* NotificationController.swift in Sources */ = {isa = PBXBuildFile; fileRef = EF310CE721A2683400C35E36 /* NotificationController.swift */; };
		EF310D0021A2683400C35E36 /* NotificationCoordinator.swift in Sources */ = {isa = PBXBuildFile; fileRef = EF310CE821A2683400C35E36 /* NotificationCoordinator.swift */; };
		EF310D0121A2683400C35E36 /* ProfileController.swift in Sources */ = {isa = PBXBuildFile; fileRef = EF310CEA21A2683400C35E36 /* ProfileController.swift */; };
		EF310D0221A2683400C35E36 /* ProfileCoordinator.swift in Sources */ = {isa = PBXBuildFile; fileRef = EF310CEB21A2683400C35E36 /* ProfileCoordinator.swift */; };
		EF310D0321A2683400C35E36 /* SubApplicationCoordinator.swift in Sources */ = {isa = PBXBuildFile; fileRef = EF310CED21A2683400C35E36 /* SubApplicationCoordinator.swift */; };
		EF4A67DC21A2987200C6DFDE /* KakakAsuh.framework in Frameworks */ = {isa = PBXBuildFile; fileRef = EF21DC7D21A26EBA0094A596 /* KakakAsuh.framework */; };
		EF4A67DD21A2987A00C6DFDE /* JadwalShalat.framework in Frameworks */ = {isa = PBXBuildFile; fileRef = EF21DC8021A26EC20094A596 /* JadwalShalat.framework */; };
		EF4A67DE21A2988500C6DFDE /* CatatanMuslim.framework in Frameworks */ = {isa = PBXBuildFile; fileRef = EF21DC8321A26ECC0094A596 /* CatatanMuslim.framework */; };
		EF4A67DF21A2989100C6DFDE /* AmalanYaumiyah.framework in Frameworks */ = {isa = PBXBuildFile; fileRef = EF21DC8621A26ED60094A596 /* AmalanYaumiyah.framework */; };
		EF4A67E021A2989900C6DFDE /* LowonganKerjaMuslim.framework in Frameworks */ = {isa = PBXBuildFile; fileRef = EF21DC8921A26EDC0094A596 /* LowonganKerjaMuslim.framework */; };
		EF4A67E121A298A000C6DFDE /* AgendaMuslim.framework in Frameworks */ = {isa = PBXBuildFile; fileRef = EF21DC8C21A26EE30094A596 /* AgendaMuslim.framework */; };
		EF4A6A3421A451CF00C6DFDE /* MuslimAppTests.swift in Sources */ = {isa = PBXBuildFile; fileRef = EF4A6A3321A451CF00C6DFDE /* MuslimAppTests.swift */; };
/* End PBXBuildFile section */

/* Begin PBXContainerItemProxy section */
		EF310C8D21A267AA00C35E36 /* PBXContainerItemProxy */ = {
			isa = PBXContainerItemProxy;
			containerPortal = EF310C5121A2663100C35E36 /* Project object */;
			proxyType = 1;
			remoteGlobalIDString = EF310C8721A267A900C35E36;
			remoteInfo = SubApplicationManager;
		};
		EF310C9F21A267BF00C35E36 /* PBXContainerItemProxy */ = {
			isa = PBXContainerItemProxy;
			containerPortal = EF310C5121A2663100C35E36 /* Project object */;
			proxyType = 1;
			remoteGlobalIDString = EF310C9921A267BF00C35E36;
			remoteInfo = SubApplication;
		};
		EF310CC621A2682300C35E36 /* PBXContainerItemProxy */ = {
			isa = PBXContainerItemProxy;
			containerPortal = EF310C5121A2663100C35E36 /* Project object */;
			proxyType = 1;
			remoteGlobalIDString = EF310CC021A2682300C35E36;
			remoteInfo = AppsLauncher;
		};
		EF4A6A3621A451CF00C6DFDE /* PBXContainerItemProxy */ = {
			isa = PBXContainerItemProxy;
			containerPortal = EF310C5121A2663100C35E36 /* Project object */;
			proxyType = 1;
			remoteGlobalIDString = EF310C5821A2663100C35E36;
			remoteInfo = MuslimApp;
		};
/* End PBXContainerItemProxy section */

/* Begin PBXCopyFilesBuildPhase section */
		EF310C9421A267AA00C35E36 /* Embed Frameworks */ = {
			isa = PBXCopyFilesBuildPhase;
			buildActionMask = 2147483647;
			dstPath = "";
			dstSubfolderSpec = 10;
			files = (
				EF21DC7921A26E9F0094A596 /* Common.framework in Embed Frameworks */,
				EF21DC7621A26E980094A596 /* Networking.framework in Embed Frameworks */,
				EF310CA221A267BF00C35E36 /* SubApplication.framework in Embed Frameworks */,
				EF21DC7321A26E920094A596 /* Database.framework in Embed Frameworks */,
				EF21DC6D21A26DF20094A596 /* IQKeyboardManagerSwift.framework in Embed Frameworks */,
				EF21DC7F21A26EBA0094A596 /* KakakAsuh.framework in Embed Frameworks */,
				EF21DC8221A26EC20094A596 /* JadwalShalat.framework in Embed Frameworks */,
				EF21DC8521A26ECC0094A596 /* CatatanMuslim.framework in Embed Frameworks */,
				EF21DC8B21A26EDC0094A596 /* LowonganKerjaMuslim.framework in Embed Frameworks */,
				EF21DC8E21A26EE30094A596 /* AgendaMuslim.framework in Embed Frameworks */,
				EF21DC6F21A26DF30094A596 /* CocoaLumberjackSwift.framework in Embed Frameworks */,
				EF310C9021A267AA00C35E36 /* SubApplicationManager.framework in Embed Frameworks */,
				EF21DC6B21A26DF20094A596 /* CocoaLumberjack.framework in Embed Frameworks */,
				EF21DC8821A26ED60094A596 /* AmalanYaumiyah.framework in Embed Frameworks */,
				EF21DC7C21A26EA60094A596 /* Logging.framework in Embed Frameworks */,
				EF310CC921A2682300C35E36 /* AppsLauncher.framework in Embed Frameworks */,
			);
			name = "Embed Frameworks";
			runOnlyForDeploymentPostprocessing = 0;
		};
/* End PBXCopyFilesBuildPhase section */

/* Begin PBXFileReference section */
		34D8A52B32E6047CA665E9A8 /* Pods_MuslimApp.framework */ = {isa = PBXFileReference; explicitFileType = wrapper.framework; includeInIndex = 0; path = Pods_MuslimApp.framework; sourceTree = BUILT_PRODUCTS_DIR; };
		8BADD40ABC5199049A1EB704 /* Pods-MuslimApp.debug.xcconfig */ = {isa = PBXFileReference; includeInIndex = 1; lastKnownFileType = text.xcconfig; name = "Pods-MuslimApp.debug.xcconfig"; path = "../Pods/Target Support Files/Pods-MuslimApp/Pods-MuslimApp.debug.xcconfig"; sourceTree = "<group>"; };
		B4BBB1FE923CE307074BB131 /* Pods-MuslimApp.release.xcconfig */ = {isa = PBXFileReference; includeInIndex = 1; lastKnownFileType = text.xcconfig; name = "Pods-MuslimApp.release.xcconfig"; path = "../Pods/Target Support Files/Pods-MuslimApp/Pods-MuslimApp.release.xcconfig"; sourceTree = "<group>"; };
		EF21DC6721A26DF20094A596 /* CocoaLumberjack.framework */ = {isa = PBXFileReference; lastKnownFileType = wrapper.framework; name = CocoaLumberjack.framework; path = ../Carthage/Build/iOS/CocoaLumberjack.framework; sourceTree = "<group>"; };
		EF21DC6821A26DF20094A596 /* IQKeyboardManagerSwift.framework */ = {isa = PBXFileReference; lastKnownFileType = wrapper.framework; name = IQKeyboardManagerSwift.framework; path = ../Carthage/Build/iOS/IQKeyboardManagerSwift.framework; sourceTree = "<group>"; };
		EF21DC6921A26DF20094A596 /* CocoaLumberjackSwift.framework */ = {isa = PBXFileReference; lastKnownFileType = wrapper.framework; name = CocoaLumberjackSwift.framework; path = ../Carthage/Build/iOS/CocoaLumberjackSwift.framework; sourceTree = "<group>"; };
		EF21DC7121A26E920094A596 /* Database.framework */ = {isa = PBXFileReference; explicitFileType = wrapper.framework; path = Database.framework; sourceTree = BUILT_PRODUCTS_DIR; };
		EF21DC7421A26E980094A596 /* Networking.framework */ = {isa = PBXFileReference; explicitFileType = wrapper.framework; path = Networking.framework; sourceTree = BUILT_PRODUCTS_DIR; };
		EF21DC7721A26E9F0094A596 /* Common.framework */ = {isa = PBXFileReference; explicitFileType = wrapper.framework; path = Common.framework; sourceTree = BUILT_PRODUCTS_DIR; };
		EF21DC7A21A26EA60094A596 /* Logging.framework */ = {isa = PBXFileReference; explicitFileType = wrapper.framework; path = Logging.framework; sourceTree = BUILT_PRODUCTS_DIR; };
		EF21DC7D21A26EBA0094A596 /* KakakAsuh.framework */ = {isa = PBXFileReference; explicitFileType = wrapper.framework; path = KakakAsuh.framework; sourceTree = BUILT_PRODUCTS_DIR; };
		EF21DC8021A26EC20094A596 /* JadwalShalat.framework */ = {isa = PBXFileReference; explicitFileType = wrapper.framework; path = JadwalShalat.framework; sourceTree = BUILT_PRODUCTS_DIR; };
		EF21DC8321A26ECC0094A596 /* CatatanMuslim.framework */ = {isa = PBXFileReference; explicitFileType = wrapper.framework; path = CatatanMuslim.framework; sourceTree = BUILT_PRODUCTS_DIR; };
		EF21DC8621A26ED60094A596 /* AmalanYaumiyah.framework */ = {isa = PBXFileReference; explicitFileType = wrapper.framework; path = AmalanYaumiyah.framework; sourceTree = BUILT_PRODUCTS_DIR; };
		EF21DC8921A26EDC0094A596 /* LowonganKerjaMuslim.framework */ = {isa = PBXFileReference; explicitFileType = wrapper.framework; path = LowonganKerjaMuslim.framework; sourceTree = BUILT_PRODUCTS_DIR; };
		EF21DC8C21A26EE30094A596 /* AgendaMuslim.framework */ = {isa = PBXFileReference; explicitFileType = wrapper.framework; path = AgendaMuslim.framework; sourceTree = BUILT_PRODUCTS_DIR; };
		EF21DC9321A27CFE0094A596 /* Configuration.xcconfig */ = {isa = PBXFileReference; lastKnownFileType = text.xcconfig; path = Configuration.xcconfig; sourceTree = "<group>"; };
		EF21DC9421A27D0E0094A596 /* Production.xcconfig */ = {isa = PBXFileReference; lastKnownFileType = text.xcconfig; path = Production.xcconfig; sourceTree = "<group>"; };
		EF21DC9521A27D190094A596 /* Development.xcconfig */ = {isa = PBXFileReference; lastKnownFileType = text.xcconfig; path = Development.xcconfig; sourceTree = "<group>"; };
		EF310C5921A2663100C35E36 /* MuslimApp.app */ = {isa = PBXFileReference; explicitFileType = wrapper.application; includeInIndex = 0; path = MuslimApp.app; sourceTree = BUILT_PRODUCTS_DIR; };
		EF310C6121A2663200C35E36 /* Base */ = {isa = PBXFileReference; lastKnownFileType = file.storyboard; name = Base; path = Base.lproj/Main.storyboard; sourceTree = "<group>"; };
		EF310C6321A2663200C35E36 /* Assets.xcassets */ = {isa = PBXFileReference; lastKnownFileType = folder.assetcatalog; path = Assets.xcassets; sourceTree = "<group>"; };
		EF310C6621A2663200C35E36 /* Base */ = {isa = PBXFileReference; lastKnownFileType = file.storyboard; name = Base; path = Base.lproj/LaunchScreen.storyboard; sourceTree = "<group>"; };
		EF310C6821A2663300C35E36 /* Info.plist */ = {isa = PBXFileReference; lastKnownFileType = text.plist.xml; path = Info.plist; sourceTree = "<group>"; };
		EF310C7C21A2674200C35E36 /* MuslimApp-Bridging-Header.h */ = {isa = PBXFileReference; lastKnownFileType = sourcecode.c.h; path = "MuslimApp-Bridging-Header.h"; sourceTree = "<group>"; };
		EF310C7D21A2674300C35E36 /* Application.swift */ = {isa = PBXFileReference; fileEncoding = 4; lastKnownFileType = sourcecode.swift; path = Application.swift; sourceTree = "<group>"; };
		EF310C7E21A2674300C35E36 /* ViewController.swift */ = {isa = PBXFileReference; fileEncoding = 4; lastKnownFileType = sourcecode.swift; path = ViewController.swift; sourceTree = "<group>"; };
		EF310C7F21A2674300C35E36 /* AppDelegate.swift */ = {isa = PBXFileReference; fileEncoding = 4; lastKnownFileType = sourcecode.swift; path = AppDelegate.swift; sourceTree = "<group>"; };
		EF310C8821A267A900C35E36 /* SubApplicationManager.framework */ = {isa = PBXFileReference; explicitFileType = wrapper.framework; includeInIndex = 0; path = SubApplicationManager.framework; sourceTree = BUILT_PRODUCTS_DIR; };
		EF310C8A21A267A900C35E36 /* SubApplicationManager.h */ = {isa = PBXFileReference; lastKnownFileType = sourcecode.c.h; path = SubApplicationManager.h; sourceTree = "<group>"; };
		EF310C8B21A267A900C35E36 /* Info.plist */ = {isa = PBXFileReference; lastKnownFileType = text.plist.xml; path = Info.plist; sourceTree = "<group>"; };
		EF310C9A21A267BF00C35E36 /* SubApplication.framework */ = {isa = PBXFileReference; explicitFileType = wrapper.framework; includeInIndex = 0; path = SubApplication.framework; sourceTree = BUILT_PRODUCTS_DIR; };
		EF310C9C21A267BF00C35E36 /* SubApplication.h */ = {isa = PBXFileReference; lastKnownFileType = sourcecode.c.h; path = SubApplication.h; sourceTree = "<group>"; };
		EF310C9D21A267BF00C35E36 /* Info.plist */ = {isa = PBXFileReference; lastKnownFileType = text.plist.xml; path = Info.plist; sourceTree = "<group>"; };
		EF310CB821A267E500C35E36 /* SubApplication.swift */ = {isa = PBXFileReference; fileEncoding = 4; lastKnownFileType = sourcecode.swift; path = SubApplication.swift; sourceTree = "<group>"; };
		EF310CBA21A267F400C35E36 /* SubApplicationManager.swift */ = {isa = PBXFileReference; fileEncoding = 4; lastKnownFileType = sourcecode.swift; path = SubApplicationManager.swift; sourceTree = "<group>"; };
		EF310CC121A2682300C35E36 /* AppsLauncher.framework */ = {isa = PBXFileReference; explicitFileType = wrapper.framework; includeInIndex = 0; path = AppsLauncher.framework; sourceTree = BUILT_PRODUCTS_DIR; };
		EF310CC321A2682300C35E36 /* AppsLauncher.h */ = {isa = PBXFileReference; lastKnownFileType = sourcecode.c.h; path = AppsLauncher.h; sourceTree = "<group>"; };
		EF310CC421A2682300C35E36 /* Info.plist */ = {isa = PBXFileReference; lastKnownFileType = text.plist.xml; path = Info.plist; sourceTree = "<group>"; };
		EF310CCE21A2683300C35E36 /* AssetFileNames.swift */ = {isa = PBXFileReference; fileEncoding = 4; lastKnownFileType = sourcecode.swift; path = AssetFileNames.swift; sourceTree = "<group>"; };
		EF310CCF21A2683300C35E36 /* Configuration.swift */ = {isa = PBXFileReference; fileEncoding = 4; lastKnownFileType = sourcecode.swift; path = Configuration.swift; sourceTree = "<group>"; };
		EF310CD021A2683300C35E36 /* AppsLauncher.swift */ = {isa = PBXFileReference; fileEncoding = 4; lastKnownFileType = sourcecode.swift; path = AppsLauncher.swift; sourceTree = "<group>"; };
		EF310CD221A2683300C35E36 /* Coordinator.swift */ = {isa = PBXFileReference; fileEncoding = 4; lastKnownFileType = sourcecode.swift; path = Coordinator.swift; sourceTree = "<group>"; };
		EF310CD321A2683300C35E36 /* Navigator.swift */ = {isa = PBXFileReference; fileEncoding = 4; lastKnownFileType = sourcecode.swift; path = Navigator.swift; sourceTree = "<group>"; };
		EF310CD721A2683400C35E36 /* LoginController.swift */ = {isa = PBXFileReference; fileEncoding = 4; lastKnownFileType = sourcecode.swift; path = LoginController.swift; sourceTree = "<group>"; };
		EF310CD821A2683400C35E36 /* LoginController.xib */ = {isa = PBXFileReference; fileEncoding = 4; lastKnownFileType = file.xib; path = LoginController.xib; sourceTree = "<group>"; };
		EF310CD921A2683400C35E36 /* LoginCoordinator.swift */ = {isa = PBXFileReference; fileEncoding = 4; lastKnownFileType = sourcecode.swift; path = LoginCoordinator.swift; sourceTree = "<group>"; };
		EF310CDB21A2683400C35E36 /* RegistrationController.swift */ = {isa = PBXFileReference; fileEncoding = 4; lastKnownFileType = sourcecode.swift; path = RegistrationController.swift; sourceTree = "<group>"; };
		EF310CDC21A2683400C35E36 /* RegistrationController.xib */ = {isa = PBXFileReference; fileEncoding = 4; lastKnownFileType = file.xib; path = RegistrationController.xib; sourceTree = "<group>"; };
		EF310CDD21A2683400C35E36 /* RegistrationCoordinator.swift */ = {isa = PBXFileReference; fileEncoding = 4; lastKnownFileType = sourcecode.swift; path = RegistrationCoordinator.swift; sourceTree = "<group>"; };
		EF310CE021A2683400C35E36 /* LauncherCell.swift */ = {isa = PBXFileReference; fileEncoding = 4; lastKnownFileType = sourcecode.swift; path = LauncherCell.swift; sourceTree = "<group>"; };
		EF310CE121A2683400C35E36 /* LauncherCell.xib */ = {isa = PBXFileReference; fileEncoding = 4; lastKnownFileType = file.xib; path = LauncherCell.xib; sourceTree = "<group>"; };
		EF310CE221A2683400C35E36 /* HomeController.swift */ = {isa = PBXFileReference; fileEncoding = 4; lastKnownFileType = sourcecode.swift; path = HomeController.swift; sourceTree = "<group>"; };
		EF310CE321A2683400C35E36 /* HomeController.xib */ = {isa = PBXFileReference; fileEncoding = 4; lastKnownFileType = file.xib; path = HomeController.xib; sourceTree = "<group>"; };
		EF310CE421A2683400C35E36 /* HomeCoordinator.swift */ = {isa = PBXFileReference; fileEncoding = 4; lastKnownFileType = sourcecode.swift; path = HomeCoordinator.swift; sourceTree = "<group>"; };
		EF310CE521A2683400C35E36 /* HomePresenter.swift */ = {isa = PBXFileReference; fileEncoding = 4; lastKnownFileType = sourcecode.swift; path = HomePresenter.swift; sourceTree = "<group>"; };
		EF310CE721A2683400C35E36 /* NotificationController.swift */ = {isa = PBXFileReference; fileEncoding = 4; lastKnownFileType = sourcecode.swift; path = NotificationController.swift; sourceTree = "<group>"; };
		EF310CE821A2683400C35E36 /* NotificationCoordinator.swift */ = {isa = PBXFileReference; fileEncoding = 4; lastKnownFileType = sourcecode.swift; path = NotificationCoordinator.swift; sourceTree = "<group>"; };
		EF310CEA21A2683400C35E36 /* ProfileController.swift */ = {isa = PBXFileReference; fileEncoding = 4; lastKnownFileType = sourcecode.swift; path = ProfileController.swift; sourceTree = "<group>"; };
		EF310CEB21A2683400C35E36 /* ProfileCoordinator.swift */ = {isa = PBXFileReference; fileEncoding = 4; lastKnownFileType = sourcecode.swift; path = ProfileCoordinator.swift; sourceTree = "<group>"; };
		EF310CED21A2683400C35E36 /* SubApplicationCoordinator.swift */ = {isa = PBXFileReference; fileEncoding = 4; lastKnownFileType = sourcecode.swift; path = SubApplicationCoordinator.swift; sourceTree = "<group>"; };
		EF4A6A3121A451CF00C6DFDE /* MuslimAppTests.xctest */ = {isa = PBXFileReference; explicitFileType = wrapper.cfbundle; includeInIndex = 0; path = MuslimAppTests.xctest; sourceTree = BUILT_PRODUCTS_DIR; };
		EF4A6A3321A451CF00C6DFDE /* MuslimAppTests.swift */ = {isa = PBXFileReference; lastKnownFileType = sourcecode.swift; path = MuslimAppTests.swift; sourceTree = "<group>"; };
		EF4A6A3521A451CF00C6DFDE /* Info.plist */ = {isa = PBXFileReference; lastKnownFileType = text.plist.xml; path = Info.plist; sourceTree = "<group>"; };
/* End PBXFileReference section */

/* Begin PBXFrameworksBuildPhase section */
		EF310C5621A2663100C35E36 /* Frameworks */ = {
			isa = PBXFrameworksBuildPhase;
			buildActionMask = 2147483647;
			files = (
				EF21DC7B21A26EA60094A596 /* Logging.framework in Frameworks */,
				EF21DC8121A26EC20094A596 /* JadwalShalat.framework in Frameworks */,
				EF21DC8A21A26EDC0094A596 /* LowonganKerjaMuslim.framework in Frameworks */,
				EF310CA121A267BF00C35E36 /* SubApplication.framework in Frameworks */,
				EF310C8F21A267AA00C35E36 /* SubApplicationManager.framework in Frameworks */,
				EF21DC6A21A26DF20094A596 /* CocoaLumberjack.framework in Frameworks */,
				EF21DC7221A26E920094A596 /* Database.framework in Frameworks */,
				EF310CC821A2682300C35E36 /* AppsLauncher.framework in Frameworks */,
				EF21DC7521A26E980094A596 /* Networking.framework in Frameworks */,
				EF21DC8421A26ECC0094A596 /* CatatanMuslim.framework in Frameworks */,
				EF21DC8721A26ED60094A596 /* AmalanYaumiyah.framework in Frameworks */,
				EF21DC6E21A26DF30094A596 /* CocoaLumberjackSwift.framework in Frameworks */,
				EF21DC7821A26E9F0094A596 /* Common.framework in Frameworks */,
				EF21DC6C21A26DF20094A596 /* IQKeyboardManagerSwift.framework in Frameworks */,
				1A378A9F8CBAC93234748686 /* Pods_MuslimApp.framework in Frameworks */,
				EF21DC8D21A26EE30094A596 /* AgendaMuslim.framework in Frameworks */,
				EF21DC7E21A26EBA0094A596 /* KakakAsuh.framework in Frameworks */,
			);
			runOnlyForDeploymentPostprocessing = 0;
		};
		EF310C8421A267A900C35E36 /* Frameworks */ = {
			isa = PBXFrameworksBuildPhase;
			buildActionMask = 2147483647;
			files = (
				EF4A67E121A298A000C6DFDE /* AgendaMuslim.framework in Frameworks */,
				EF4A67E021A2989900C6DFDE /* LowonganKerjaMuslim.framework in Frameworks */,
				EF4A67DF21A2989100C6DFDE /* AmalanYaumiyah.framework in Frameworks */,
				EF4A67DE21A2988500C6DFDE /* CatatanMuslim.framework in Frameworks */,
				EF4A67DD21A2987A00C6DFDE /* JadwalShalat.framework in Frameworks */,
				EF4A67DC21A2987200C6DFDE /* KakakAsuh.framework in Frameworks */,
				EF21DC9121A26F050094A596 /* SubApplication.framework in Frameworks */,
			);
			runOnlyForDeploymentPostprocessing = 0;
		};
		EF310C9621A267BF00C35E36 /* Frameworks */ = {
			isa = PBXFrameworksBuildPhase;
			buildActionMask = 2147483647;
			files = (
			);
			runOnlyForDeploymentPostprocessing = 0;
		};
		EF310CBD21A2682300C35E36 /* Frameworks */ = {
			isa = PBXFrameworksBuildPhase;
			buildActionMask = 2147483647;
			files = (
				EF21DC8F21A26EFC0094A596 /* SubApplication.framework in Frameworks */,
				EF21DC9021A26EFC0094A596 /* SubApplicationManager.framework in Frameworks */,
			);
			runOnlyForDeploymentPostprocessing = 0;
		};
		EF4A6A2E21A451CF00C6DFDE /* Frameworks */ = {
			isa = PBXFrameworksBuildPhase;
			buildActionMask = 2147483647;
			files = (
			);
			runOnlyForDeploymentPostprocessing = 0;
		};
/* End PBXFrameworksBuildPhase section */

/* Begin PBXGroup section */
		160D46363C1A0F851C82D502 /* Pods */ = {
			isa = PBXGroup;
			children = (
				8BADD40ABC5199049A1EB704 /* Pods-MuslimApp.debug.xcconfig */,
				B4BBB1FE923CE307074BB131 /* Pods-MuslimApp.release.xcconfig */,
			);
			name = Pods;
			sourceTree = "<group>";
		};
		7D727A87EE34BDA8F57742A3 /* Frameworks */ = {
			isa = PBXGroup;
			children = (
				34D8A52B32E6047CA665E9A8 /* Pods_MuslimApp.framework */,
			);
			name = Frameworks;
			sourceTree = "<group>";
		};
		EF21DC9221A27CE50094A596 /* Config */ = {
			isa = PBXGroup;
			children = (
				EF21DC9321A27CFE0094A596 /* Configuration.xcconfig */,
				EF21DC9421A27D0E0094A596 /* Production.xcconfig */,
				EF21DC9521A27D190094A596 /* Development.xcconfig */,
			);
			path = Config;
			sourceTree = "<group>";
		};
		EF310C5021A2663100C35E36 = {
			isa = PBXGroup;
			children = (
				EF21DC8C21A26EE30094A596 /* AgendaMuslim.framework */,
				EF21DC8921A26EDC0094A596 /* LowonganKerjaMuslim.framework */,
				EF21DC8621A26ED60094A596 /* AmalanYaumiyah.framework */,
				EF21DC8321A26ECC0094A596 /* CatatanMuslim.framework */,
				EF21DC8021A26EC20094A596 /* JadwalShalat.framework */,
				EF21DC7D21A26EBA0094A596 /* KakakAsuh.framework */,
				EF21DC7A21A26EA60094A596 /* Logging.framework */,
				EF21DC7721A26E9F0094A596 /* Common.framework */,
				EF21DC7421A26E980094A596 /* Networking.framework */,
				EF21DC7121A26E920094A596 /* Database.framework */,
				EF21DC6721A26DF20094A596 /* CocoaLumberjack.framework */,
				EF21DC6921A26DF20094A596 /* CocoaLumberjackSwift.framework */,
				EF21DC6821A26DF20094A596 /* IQKeyboardManagerSwift.framework */,
				EF310C5B21A2663100C35E36 /* MuslimApp */,
				EF310C8921A267A900C35E36 /* SubApplicationManager */,
				EF310C9B21A267BF00C35E36 /* SubApplication */,
				EF310CC221A2682300C35E36 /* AppsLauncher */,
				EF4A6A3221A451CF00C6DFDE /* MuslimAppTests */,
				EF310C5A21A2663100C35E36 /* Products */,
				160D46363C1A0F851C82D502 /* Pods */,
				7D727A87EE34BDA8F57742A3 /* Frameworks */,
			);
			sourceTree = "<group>";
		};
		EF310C5A21A2663100C35E36 /* Products */ = {
			isa = PBXGroup;
			children = (
				EF310C5921A2663100C35E36 /* MuslimApp.app */,
				EF310C8821A267A900C35E36 /* SubApplicationManager.framework */,
				EF310C9A21A267BF00C35E36 /* SubApplication.framework */,
				EF310CC121A2682300C35E36 /* AppsLauncher.framework */,
				EF4A6A3121A451CF00C6DFDE /* MuslimAppTests.xctest */,
			);
			name = Products;
			sourceTree = "<group>";
		};
		EF310C5B21A2663100C35E36 /* MuslimApp */ = {
			isa = PBXGroup;
			children = (
				EF21DC9221A27CE50094A596 /* Config */,
				EF310C6021A2663200C35E36 /* Main.storyboard */,
				EF310C7F21A2674300C35E36 /* AppDelegate.swift */,
				EF310C7D21A2674300C35E36 /* Application.swift */,
				EF310C7E21A2674300C35E36 /* ViewController.swift */,
				EF310C6321A2663200C35E36 /* Assets.xcassets */,
				EF310C6521A2663200C35E36 /* LaunchScreen.storyboard */,
				EF310C6821A2663300C35E36 /* Info.plist */,
				EF310C7C21A2674200C35E36 /* MuslimApp-Bridging-Header.h */,
			);
			path = MuslimApp;
			sourceTree = "<group>";
		};
		EF310C8921A267A900C35E36 /* SubApplicationManager */ = {
			isa = PBXGroup;
			children = (
				EF310CBA21A267F400C35E36 /* SubApplicationManager.swift */,
				EF310C8A21A267A900C35E36 /* SubApplicationManager.h */,
				EF310C8B21A267A900C35E36 /* Info.plist */,
			);
			path = SubApplicationManager;
			sourceTree = "<group>";
		};
		EF310C9B21A267BF00C35E36 /* SubApplication */ = {
			isa = PBXGroup;
			children = (
				EF310CB721A267E500C35E36 /* Classes */,
				EF310C9C21A267BF00C35E36 /* SubApplication.h */,
				EF310C9D21A267BF00C35E36 /* Info.plist */,
			);
			path = SubApplication;
			sourceTree = "<group>";
		};
		EF310CB721A267E500C35E36 /* Classes */ = {
			isa = PBXGroup;
			children = (
				EF310CB821A267E500C35E36 /* SubApplication.swift */,
			);
			path = Classes;
			sourceTree = "<group>";
		};
		EF310CC221A2682300C35E36 /* AppsLauncher */ = {
			isa = PBXGroup;
			children = (
				EF310CD021A2683300C35E36 /* AppsLauncher.swift */,
				EF310CCD21A2683300C35E36 /* Extensions */,
				EF310CD421A2683400C35E36 /* Scenes */,
				EF310CD121A2683300C35E36 /* Utilities */,
				EF310CC321A2682300C35E36 /* AppsLauncher.h */,
				EF310CC421A2682300C35E36 /* Info.plist */,
			);
			path = AppsLauncher;
			sourceTree = "<group>";
		};
		EF310CCD21A2683300C35E36 /* Extensions */ = {
			isa = PBXGroup;
			children = (
				EF310CCE21A2683300C35E36 /* AssetFileNames.swift */,
				EF310CCF21A2683300C35E36 /* Configuration.swift */,
			);
			path = Extensions;
			sourceTree = "<group>";
		};
		EF310CD121A2683300C35E36 /* Utilities */ = {
			isa = PBXGroup;
			children = (
				EF310CD221A2683300C35E36 /* Coordinator.swift */,
				EF310CD321A2683300C35E36 /* Navigator.swift */,
			);
			path = Utilities;
			sourceTree = "<group>";
		};
		EF310CD421A2683400C35E36 /* Scenes */ = {
			isa = PBXGroup;
			children = (
				EF310CD521A2683400C35E36 /* Authentication */,
				EF310CDE21A2683400C35E36 /* HomeLauncher */,
				EF310CE621A2683400C35E36 /* Notification */,
				EF310CE921A2683400C35E36 /* Profile */,
				EF310CEC21A2683400C35E36 /* SubApplication */,
			);
			path = Scenes;
			sourceTree = "<group>";
		};
		EF310CD521A2683400C35E36 /* Authentication */ = {
			isa = PBXGroup;
			children = (
				EF310CD621A2683400C35E36 /* Login */,
				EF310CDA21A2683400C35E36 /* Registration */,
			);
			path = Authentication;
			sourceTree = "<group>";
		};
		EF310CD621A2683400C35E36 /* Login */ = {
			isa = PBXGroup;
			children = (
				EF310CD721A2683400C35E36 /* LoginController.swift */,
				EF310CD821A2683400C35E36 /* LoginController.xib */,
				EF310CD921A2683400C35E36 /* LoginCoordinator.swift */,
			);
			path = Login;
			sourceTree = "<group>";
		};
		EF310CDA21A2683400C35E36 /* Registration */ = {
			isa = PBXGroup;
			children = (
				EF310CDB21A2683400C35E36 /* RegistrationController.swift */,
				EF310CDC21A2683400C35E36 /* RegistrationController.xib */,
				EF310CDD21A2683400C35E36 /* RegistrationCoordinator.swift */,
			);
			path = Registration;
			sourceTree = "<group>";
		};
		EF310CDE21A2683400C35E36 /* HomeLauncher */ = {
			isa = PBXGroup;
			children = (
				EF310CDF21A2683400C35E36 /* Components */,
				EF310CE221A2683400C35E36 /* HomeController.swift */,
				EF310CE321A2683400C35E36 /* HomeController.xib */,
				EF310CE421A2683400C35E36 /* HomeCoordinator.swift */,
				EF310CE521A2683400C35E36 /* HomePresenter.swift */,
			);
			path = HomeLauncher;
			sourceTree = "<group>";
		};
		EF310CDF21A2683400C35E36 /* Components */ = {
			isa = PBXGroup;
			children = (
				EF310CE021A2683400C35E36 /* LauncherCell.swift */,
				EF310CE121A2683400C35E36 /* LauncherCell.xib */,
			);
			path = Components;
			sourceTree = "<group>";
		};
		EF310CE621A2683400C35E36 /* Notification */ = {
			isa = PBXGroup;
			children = (
				EF310CE721A2683400C35E36 /* NotificationController.swift */,
				EF310CE821A2683400C35E36 /* NotificationCoordinator.swift */,
			);
			path = Notification;
			sourceTree = "<group>";
		};
		EF310CE921A2683400C35E36 /* Profile */ = {
			isa = PBXGroup;
			children = (
				EF310CEA21A2683400C35E36 /* ProfileController.swift */,
				EF310CEB21A2683400C35E36 /* ProfileCoordinator.swift */,
			);
			path = Profile;
			sourceTree = "<group>";
		};
		EF310CEC21A2683400C35E36 /* SubApplication */ = {
			isa = PBXGroup;
			children = (
				EF310CED21A2683400C35E36 /* SubApplicationCoordinator.swift */,
			);
			path = SubApplication;
			sourceTree = "<group>";
		};
		EF4A6A3221A451CF00C6DFDE /* MuslimAppTests */ = {
			isa = PBXGroup;
			children = (
				EF4A6A3321A451CF00C6DFDE /* MuslimAppTests.swift */,
				EF4A6A3521A451CF00C6DFDE /* Info.plist */,
			);
			path = MuslimAppTests;
			sourceTree = "<group>";
		};
/* End PBXGroup section */

/* Begin PBXHeadersBuildPhase section */
		EF310C8521A267A900C35E36 /* Headers */ = {
			isa = PBXHeadersBuildPhase;
			buildActionMask = 2147483647;
			files = (
				EF310C8C21A267A900C35E36 /* SubApplicationManager.h in Headers */,
			);
			runOnlyForDeploymentPostprocessing = 0;
		};
		EF310C9721A267BF00C35E36 /* Headers */ = {
			isa = PBXHeadersBuildPhase;
			buildActionMask = 2147483647;
			files = (
				EF310C9E21A267BF00C35E36 /* SubApplication.h in Headers */,
			);
			runOnlyForDeploymentPostprocessing = 0;
		};
		EF310CBE21A2682300C35E36 /* Headers */ = {
			isa = PBXHeadersBuildPhase;
			buildActionMask = 2147483647;
			files = (
				EF310CC521A2682300C35E36 /* AppsLauncher.h in Headers */,
			);
			runOnlyForDeploymentPostprocessing = 0;
		};
/* End PBXHeadersBuildPhase section */

/* Begin PBXNativeTarget section */
		EF310C5821A2663100C35E36 /* MuslimApp */ = {
			isa = PBXNativeTarget;
			buildConfigurationList = EF310C6B21A2663300C35E36 /* Build configuration list for PBXNativeTarget "MuslimApp" */;
			buildPhases = (
				F33620AB283534FD864B90D9 /* [CP] Check Pods Manifest.lock */,
				EF310C5521A2663100C35E36 /* Sources */,
				EF310C5621A2663100C35E36 /* Frameworks */,
				EF310C5721A2663100C35E36 /* Resources */,
				EF310C9421A267AA00C35E36 /* Embed Frameworks */,
				F2AC66F3BA5D59CB3124263D /* [CP] Embed Pods Frameworks */,
				5A43A4C743B693E1549D1951 /* [CP] Copy Pods Resources */,
				EF21DC7021A26E000094A596 /* ShellScript */,
			);
			buildRules = (
			);
			dependencies = (
				EF310C8E21A267AA00C35E36 /* PBXTargetDependency */,
				EF310CA021A267BF00C35E36 /* PBXTargetDependency */,
				EF310CC721A2682300C35E36 /* PBXTargetDependency */,
			);
			name = MuslimApp;
			productName = MuslimApp;
			productReference = EF310C5921A2663100C35E36 /* MuslimApp.app */;
			productType = "com.apple.product-type.application";
		};
		EF310C8721A267A900C35E36 /* SubApplicationManager */ = {
			isa = PBXNativeTarget;
			buildConfigurationList = EF310C9321A267AA00C35E36 /* Build configuration list for PBXNativeTarget "SubApplicationManager" */;
			buildPhases = (
				EF310C8321A267A900C35E36 /* Sources */,
				EF310C8421A267A900C35E36 /* Frameworks */,
				EF310C8521A267A900C35E36 /* Headers */,
				EF310C8621A267A900C35E36 /* Resources */,
				EF4A680021A2C9E700C6DFDE /* ShellScript */,
			);
			buildRules = (
			);
			dependencies = (
			);
			name = SubApplicationManager;
			productName = SubApplicationManager;
			productReference = EF310C8821A267A900C35E36 /* SubApplicationManager.framework */;
			productType = "com.apple.product-type.framework";
		};
		EF310C9921A267BF00C35E36 /* SubApplication */ = {
			isa = PBXNativeTarget;
			buildConfigurationList = EF310CA321A267BF00C35E36 /* Build configuration list for PBXNativeTarget "SubApplication" */;
			buildPhases = (
				EF310C9521A267BF00C35E36 /* Sources */,
				EF310C9621A267BF00C35E36 /* Frameworks */,
				EF310C9721A267BF00C35E36 /* Headers */,
				EF310C9821A267BF00C35E36 /* Resources */,
			);
			buildRules = (
			);
			dependencies = (
			);
			name = SubApplication;
			productName = SubApplication;
			productReference = EF310C9A21A267BF00C35E36 /* SubApplication.framework */;
			productType = "com.apple.product-type.framework";
		};
		EF310CC021A2682300C35E36 /* AppsLauncher */ = {
			isa = PBXNativeTarget;
			buildConfigurationList = EF310CCA21A2682300C35E36 /* Build configuration list for PBXNativeTarget "AppsLauncher" */;
			buildPhases = (
				EF310CBC21A2682300C35E36 /* Sources */,
				EF310CBD21A2682300C35E36 /* Frameworks */,
				EF310CBE21A2682300C35E36 /* Headers */,
				EF310CBF21A2682300C35E36 /* Resources */,
			);
			buildRules = (
			);
			dependencies = (
			);
			name = AppsLauncher;
			productName = AppsLauncher;
			productReference = EF310CC121A2682300C35E36 /* AppsLauncher.framework */;
			productType = "com.apple.product-type.framework";
		};
		EF4A6A3021A451CF00C6DFDE /* MuslimAppTests */ = {
			isa = PBXNativeTarget;
			buildConfigurationList = EF4A6A3A21A451CF00C6DFDE /* Build configuration list for PBXNativeTarget "MuslimAppTests" */;
			buildPhases = (
				EF4A6A2D21A451CF00C6DFDE /* Sources */,
				EF4A6A2E21A451CF00C6DFDE /* Frameworks */,
				EF4A6A2F21A451CF00C6DFDE /* Resources */,
			);
			buildRules = (
			);
			dependencies = (
				EF4A6A3721A451CF00C6DFDE /* PBXTargetDependency */,
			);
			name = MuslimAppTests;
			productName = MuslimAppTests;
			productReference = EF4A6A3121A451CF00C6DFDE /* MuslimAppTests.xctest */;
			productType = "com.apple.product-type.bundle.unit-test";
		};
/* End PBXNativeTarget section */

/* Begin PBXProject section */
		EF310C5121A2663100C35E36 /* Project object */ = {
			isa = PBXProject;
			attributes = {
				LastSwiftUpdateCheck = 0920;
				LastUpgradeCheck = 0920;
				ORGANIZATIONNAME = PondokiOS;
				TargetAttributes = {
					EF310C5821A2663100C35E36 = {
						CreatedOnToolsVersion = 9.2;
						LastSwiftMigration = 0920;
						ProvisioningStyle = Automatic;
					};
					EF310C8721A267A900C35E36 = {
						CreatedOnToolsVersion = 9.2;
						LastSwiftMigration = 0920;
						ProvisioningStyle = Automatic;
					};
					EF310C9921A267BF00C35E36 = {
						CreatedOnToolsVersion = 9.2;
						ProvisioningStyle = Automatic;
					};
					EF310CC021A2682300C35E36 = {
						CreatedOnToolsVersion = 9.2;
						LastSwiftMigration = 0920;
						ProvisioningStyle = Automatic;
					};
					EF4A6A3021A451CF00C6DFDE = {
						CreatedOnToolsVersion = 9.2;
						ProvisioningStyle = Automatic;
						TestTargetID = EF310C5821A2663100C35E36;
					};
				};
			};
			buildConfigurationList = EF310C5421A2663100C35E36 /* Build configuration list for PBXProject "MuslimApp" */;
			compatibilityVersion = "Xcode 8.0";
			developmentRegion = en;
			hasScannedForEncodings = 0;
			knownRegions = (
				en,
				Base,
			);
			mainGroup = EF310C5021A2663100C35E36;
			productRefGroup = EF310C5A21A2663100C35E36 /* Products */;
			projectDirPath = "";
			projectRoot = "";
			targets = (
				EF310C5821A2663100C35E36 /* MuslimApp */,
				EF310C8721A267A900C35E36 /* SubApplicationManager */,
				EF310C9921A267BF00C35E36 /* SubApplication */,
				EF310CC021A2682300C35E36 /* AppsLauncher */,
				EF4A6A3021A451CF00C6DFDE /* MuslimAppTests */,
			);
		};
/* End PBXProject section */

/* Begin PBXResourcesBuildPhase section */
		EF310C5721A2663100C35E36 /* Resources */ = {
			isa = PBXResourcesBuildPhase;
			buildActionMask = 2147483647;
			files = (
				EF310C6721A2663200C35E36 /* LaunchScreen.storyboard in Resources */,
				EF310C6421A2663200C35E36 /* Assets.xcassets in Resources */,
				EF310C6221A2663200C35E36 /* Main.storyboard in Resources */,
			);
			runOnlyForDeploymentPostprocessing = 0;
		};
		EF310C8621A267A900C35E36 /* Resources */ = {
			isa = PBXResourcesBuildPhase;
			buildActionMask = 2147483647;
			files = (
			);
			runOnlyForDeploymentPostprocessing = 0;
		};
		EF310C9821A267BF00C35E36 /* Resources */ = {
			isa = PBXResourcesBuildPhase;
			buildActionMask = 2147483647;
			files = (
			);
			runOnlyForDeploymentPostprocessing = 0;
		};
		EF310CBF21A2682300C35E36 /* Resources */ = {
			isa = PBXResourcesBuildPhase;
			buildActionMask = 2147483647;
			files = (
				EF310CFC21A2683400C35E36 /* HomeController.xib in Resources */,
				EF310CF721A2683400C35E36 /* RegistrationController.xib in Resources */,
				EF310CFA21A2683400C35E36 /* LauncherCell.xib in Resources */,
				EF310CF421A2683400C35E36 /* LoginController.xib in Resources */,
			);
			runOnlyForDeploymentPostprocessing = 0;
		};
		EF4A6A2F21A451CF00C6DFDE /* Resources */ = {
			isa = PBXResourcesBuildPhase;
			buildActionMask = 2147483647;
			files = (
			);
			runOnlyForDeploymentPostprocessing = 0;
		};
/* End PBXResourcesBuildPhase section */

/* Begin PBXShellScriptBuildPhase section */
		5A43A4C743B693E1549D1951 /* [CP] Copy Pods Resources */ = {
			isa = PBXShellScriptBuildPhase;
			buildActionMask = 2147483647;
			files = (
			);
			inputPaths = (
			);
			name = "[CP] Copy Pods Resources";
			outputPaths = (
			);
			runOnlyForDeploymentPostprocessing = 0;
			shellPath = /bin/sh;
			shellScript = "\"${SRCROOT}/../Pods/Target Support Files/Pods-MuslimApp/Pods-MuslimApp-resources.sh\"\n";
			showEnvVarsInLog = 0;
		};
		EF21DC7021A26E000094A596 /* ShellScript */ = {
			isa = PBXShellScriptBuildPhase;
			buildActionMask = 2147483647;
			files = (
			);
			inputPaths = (
				"$(SRCROOT)/../Carthage/Build/iOS/CocoaLumberjack.framework",
				"$(SRCROOT)/../Carthage/Build/iOS/CocoaLumberjackSwift.framework",
				"$(SRCROOT)/../Carthage/Build/iOS/IQKeyboardManagerSwift.framework",
			);
			outputPaths = (
			);
			runOnlyForDeploymentPostprocessing = 0;
			shellPath = /bin/sh;
			shellScript = "/usr/local/bin/carthage copy-frameworks";
		};
		EF4A680021A2C9E700C6DFDE /* ShellScript */ = {
			isa = PBXShellScriptBuildPhase;
			buildActionMask = 2147483647;
			files = (
			);
			inputPaths = (
				"$(SRCROOT)/../Carthage/Build/iOS/CocoaLumberjack.framework",
				"$(SRCROOT)/../Carthage/Build/iOS/CocoaLumberjackSwift.framework",
				"$(SRCROOT)/../Carthage/Build/iOS/IQKeyboardManagerSwift.framework",
			);
			outputPaths = (
			);
			runOnlyForDeploymentPostprocessing = 0;
			shellPath = /bin/sh;
			shellScript = "/usr/local/bin/carthage copy-frameworks";
		};
		F2AC66F3BA5D59CB3124263D /* [CP] Embed Pods Frameworks */ = {
			isa = PBXShellScriptBuildPhase;
			buildActionMask = 2147483647;
			files = (
			);
			inputPaths = (
				"${SRCROOT}/../Pods/Target Support Files/Pods-MuslimApp/Pods-MuslimApp-frameworks.sh",
				"${BUILT_PRODUCTS_DIR}/ZSSRichTextEditor/ZSSRichTextEditor.framework",
			);
			name = "[CP] Embed Pods Frameworks";
			outputPaths = (
				"${TARGET_BUILD_DIR}/${FRAMEWORKS_FOLDER_PATH}/ZSSRichTextEditor.framework",
			);
			runOnlyForDeploymentPostprocessing = 0;
			shellPath = /bin/sh;
			shellScript = "\"${SRCROOT}/../Pods/Target Support Files/Pods-MuslimApp/Pods-MuslimApp-frameworks.sh\"\n";
			showEnvVarsInLog = 0;
		};
		F33620AB283534FD864B90D9 /* [CP] Check Pods Manifest.lock */ = {
			isa = PBXShellScriptBuildPhase;
			buildActionMask = 2147483647;
			files = (
			);
			inputPaths = (
				"${PODS_PODFILE_DIR_PATH}/Podfile.lock",
				"${PODS_ROOT}/Manifest.lock",
			);
			name = "[CP] Check Pods Manifest.lock";
			outputPaths = (
				"$(DERIVED_FILE_DIR)/Pods-MuslimApp-checkManifestLockResult.txt",
			);
			runOnlyForDeploymentPostprocessing = 0;
			shellPath = /bin/sh;
			shellScript = "diff \"${PODS_PODFILE_DIR_PATH}/Podfile.lock\" \"${PODS_ROOT}/Manifest.lock\" > /dev/null\nif [ $? != 0 ] ; then\n    # print error to STDERR\n    echo \"error: The sandbox is not in sync with the Podfile.lock. Run 'pod install' or update your CocoaPods installation.\" >&2\n    exit 1\nfi\n# This output is used by Xcode 'outputs' to avoid re-running this script phase.\necho \"SUCCESS\" > \"${SCRIPT_OUTPUT_FILE_0}\"\n";
			showEnvVarsInLog = 0;
		};
/* End PBXShellScriptBuildPhase section */

/* Begin PBXSourcesBuildPhase section */
		EF310C5521A2663100C35E36 /* Sources */ = {
			isa = PBXSourcesBuildPhase;
			buildActionMask = 2147483647;
			files = (
				EF310C8221A2674300C35E36 /* AppDelegate.swift in Sources */,
				EF310C8121A2674300C35E36 /* ViewController.swift in Sources */,
				EF310C8021A2674300C35E36 /* Application.swift in Sources */,
			);
			runOnlyForDeploymentPostprocessing = 0;
		};
		EF310C8321A267A900C35E36 /* Sources */ = {
			isa = PBXSourcesBuildPhase;
			buildActionMask = 2147483647;
			files = (
				EF310CBB21A267F400C35E36 /* SubApplicationManager.swift in Sources */,
			);
			runOnlyForDeploymentPostprocessing = 0;
		};
		EF310C9521A267BF00C35E36 /* Sources */ = {
			isa = PBXSourcesBuildPhase;
			buildActionMask = 2147483647;
			files = (
				EF310CB921A267E500C35E36 /* SubApplication.swift in Sources */,
			);
			runOnlyForDeploymentPostprocessing = 0;
		};
		EF310CBC21A2682300C35E36 /* Sources */ = {
			isa = PBXSourcesBuildPhase;
			buildActionMask = 2147483647;
			files = (
				EF310CF121A2683400C35E36 /* Coordinator.swift in Sources */,
				EF310CF921A2683400C35E36 /* LauncherCell.swift in Sources */,
				EF310CFB21A2683400C35E36 /* HomeController.swift in Sources */,
				EF310CF321A2683400C35E36 /* LoginController.swift in Sources */,
				EF310D0221A2683400C35E36 /* ProfileCoordinator.swift in Sources */,
				EF310CF821A2683400C35E36 /* RegistrationCoordinator.swift in Sources */,
				EF310CFD21A2683400C35E36 /* HomeCoordinator.swift in Sources */,
				EF310CF521A2683400C35E36 /* LoginCoordinator.swift in Sources */,
				EF310D0121A2683400C35E36 /* ProfileController.swift in Sources */,
				EF310D0021A2683400C35E36 /* NotificationCoordinator.swift in Sources */,
				EF310D0321A2683400C35E36 /* SubApplicationCoordinator.swift in Sources */,
				EF310CF221A2683400C35E36 /* Navigator.swift in Sources */,
				EF310CEF21A2683400C35E36 /* Configuration.swift in Sources */,
				EF310CFE21A2683400C35E36 /* HomePresenter.swift in Sources */,
				EF310CFF21A2683400C35E36 /* NotificationController.swift in Sources */,
				EF310CF021A2683400C35E36 /* AppsLauncher.swift in Sources */,
				EF310CF621A2683400C35E36 /* RegistrationController.swift in Sources */,
				EF310CEE21A2683400C35E36 /* AssetFileNames.swift in Sources */,
			);
			runOnlyForDeploymentPostprocessing = 0;
		};
		EF4A6A2D21A451CF00C6DFDE /* Sources */ = {
			isa = PBXSourcesBuildPhase;
			buildActionMask = 2147483647;
			files = (
				EF4A6A3421A451CF00C6DFDE /* MuslimAppTests.swift in Sources */,
			);
			runOnlyForDeploymentPostprocessing = 0;
		};
/* End PBXSourcesBuildPhase section */

/* Begin PBXTargetDependency section */
		EF310C8E21A267AA00C35E36 /* PBXTargetDependency */ = {
			isa = PBXTargetDependency;
			target = EF310C8721A267A900C35E36 /* SubApplicationManager */;
			targetProxy = EF310C8D21A267AA00C35E36 /* PBXContainerItemProxy */;
		};
		EF310CA021A267BF00C35E36 /* PBXTargetDependency */ = {
			isa = PBXTargetDependency;
			target = EF310C9921A267BF00C35E36 /* SubApplication */;
			targetProxy = EF310C9F21A267BF00C35E36 /* PBXContainerItemProxy */;
		};
		EF310CC721A2682300C35E36 /* PBXTargetDependency */ = {
			isa = PBXTargetDependency;
			target = EF310CC021A2682300C35E36 /* AppsLauncher */;
			targetProxy = EF310CC621A2682300C35E36 /* PBXContainerItemProxy */;
		};
		EF4A6A3721A451CF00C6DFDE /* PBXTargetDependency */ = {
			isa = PBXTargetDependency;
			target = EF310C5821A2663100C35E36 /* MuslimApp */;
			targetProxy = EF4A6A3621A451CF00C6DFDE /* PBXContainerItemProxy */;
		};
/* End PBXTargetDependency section */

/* Begin PBXVariantGroup section */
		EF310C6021A2663200C35E36 /* Main.storyboard */ = {
			isa = PBXVariantGroup;
			children = (
				EF310C6121A2663200C35E36 /* Base */,
			);
			name = Main.storyboard;
			sourceTree = "<group>";
		};
		EF310C6521A2663200C35E36 /* LaunchScreen.storyboard */ = {
			isa = PBXVariantGroup;
			children = (
				EF310C6621A2663200C35E36 /* Base */,
			);
			name = LaunchScreen.storyboard;
			sourceTree = "<group>";
		};
/* End PBXVariantGroup section */

/* Begin XCBuildConfiguration section */
		EF310C6921A2663300C35E36 /* Debug */ = {
			isa = XCBuildConfiguration;
			baseConfigurationReference = EF21DC9521A27D190094A596 /* Development.xcconfig */;
			buildSettings = {
				ALWAYS_SEARCH_USER_PATHS = NO;
				CLANG_ANALYZER_NONNULL = YES;
				CLANG_ANALYZER_NUMBER_OBJECT_CONVERSION = YES_AGGRESSIVE;
				CLANG_CXX_LANGUAGE_STANDARD = "gnu++14";
				CLANG_CXX_LIBRARY = "libc++";
				CLANG_ENABLE_MODULES = YES;
				CLANG_ENABLE_OBJC_ARC = YES;
				CLANG_WARN_BLOCK_CAPTURE_AUTORELEASING = YES;
				CLANG_WARN_BOOL_CONVERSION = YES;
				CLANG_WARN_COMMA = YES;
				CLANG_WARN_CONSTANT_CONVERSION = YES;
				CLANG_WARN_DIRECT_OBJC_ISA_USAGE = YES_ERROR;
				CLANG_WARN_DOCUMENTATION_COMMENTS = YES;
				CLANG_WARN_EMPTY_BODY = YES;
				CLANG_WARN_ENUM_CONVERSION = YES;
				CLANG_WARN_INFINITE_RECURSION = YES;
				CLANG_WARN_INT_CONVERSION = YES;
				CLANG_WARN_NON_LITERAL_NULL_CONVERSION = YES;
				CLANG_WARN_OBJC_LITERAL_CONVERSION = YES;
				CLANG_WARN_OBJC_ROOT_CLASS = YES_ERROR;
				CLANG_WARN_RANGE_LOOP_ANALYSIS = YES;
				CLANG_WARN_STRICT_PROTOTYPES = YES;
				CLANG_WARN_SUSPICIOUS_MOVE = YES;
				CLANG_WARN_UNGUARDED_AVAILABILITY = YES_AGGRESSIVE;
				CLANG_WARN_UNREACHABLE_CODE = YES;
				CLANG_WARN__DUPLICATE_METHOD_MATCH = YES;
				CODE_SIGN_IDENTITY = "iPhone Developer";
				COPY_PHASE_STRIP = NO;
				DEBUG_INFORMATION_FORMAT = dwarf;
				ENABLE_STRICT_OBJC_MSGSEND = YES;
				ENABLE_TESTABILITY = YES;
				GCC_C_LANGUAGE_STANDARD = gnu11;
				GCC_DYNAMIC_NO_PIC = NO;
				GCC_NO_COMMON_BLOCKS = YES;
				GCC_OPTIMIZATION_LEVEL = 0;
				GCC_PREPROCESSOR_DEFINITIONS = (
					"DEBUG=1",
					"$(inherited)",
				);
				GCC_WARN_64_TO_32_BIT_CONVERSION = YES;
				GCC_WARN_ABOUT_RETURN_TYPE = YES_ERROR;
				GCC_WARN_UNDECLARED_SELECTOR = YES;
				GCC_WARN_UNINITIALIZED_AUTOS = YES_AGGRESSIVE;
				GCC_WARN_UNUSED_FUNCTION = YES;
				GCC_WARN_UNUSED_VARIABLE = YES;
				IPHONEOS_DEPLOYMENT_TARGET = 10.0;
				MTL_ENABLE_DEBUG_INFO = YES;
				ONLY_ACTIVE_ARCH = YES;
				SDKROOT = iphoneos;
				SWIFT_ACTIVE_COMPILATION_CONDITIONS = DEBUG;
				SWIFT_OPTIMIZATION_LEVEL = "-Onone";
			};
			name = Debug;
		};
		EF310C6A21A2663300C35E36 /* Release */ = {
			isa = XCBuildConfiguration;
			baseConfigurationReference = EF21DC9421A27D0E0094A596 /* Production.xcconfig */;
			buildSettings = {
				ALWAYS_SEARCH_USER_PATHS = NO;
				CLANG_ANALYZER_NONNULL = YES;
				CLANG_ANALYZER_NUMBER_OBJECT_CONVERSION = YES_AGGRESSIVE;
				CLANG_CXX_LANGUAGE_STANDARD = "gnu++14";
				CLANG_CXX_LIBRARY = "libc++";
				CLANG_ENABLE_MODULES = YES;
				CLANG_ENABLE_OBJC_ARC = YES;
				CLANG_WARN_BLOCK_CAPTURE_AUTORELEASING = YES;
				CLANG_WARN_BOOL_CONVERSION = YES;
				CLANG_WARN_COMMA = YES;
				CLANG_WARN_CONSTANT_CONVERSION = YES;
				CLANG_WARN_DIRECT_OBJC_ISA_USAGE = YES_ERROR;
				CLANG_WARN_DOCUMENTATION_COMMENTS = YES;
				CLANG_WARN_EMPTY_BODY = YES;
				CLANG_WARN_ENUM_CONVERSION = YES;
				CLANG_WARN_INFINITE_RECURSION = YES;
				CLANG_WARN_INT_CONVERSION = YES;
				CLANG_WARN_NON_LITERAL_NULL_CONVERSION = YES;
				CLANG_WARN_OBJC_LITERAL_CONVERSION = YES;
				CLANG_WARN_OBJC_ROOT_CLASS = YES_ERROR;
				CLANG_WARN_RANGE_LOOP_ANALYSIS = YES;
				CLANG_WARN_STRICT_PROTOTYPES = YES;
				CLANG_WARN_SUSPICIOUS_MOVE = YES;
				CLANG_WARN_UNGUARDED_AVAILABILITY = YES_AGGRESSIVE;
				CLANG_WARN_UNREACHABLE_CODE = YES;
				CLANG_WARN__DUPLICATE_METHOD_MATCH = YES;
				CODE_SIGN_IDENTITY = "iPhone Developer";
				COPY_PHASE_STRIP = NO;
				DEBUG_INFORMATION_FORMAT = "dwarf-with-dsym";
				ENABLE_NS_ASSERTIONS = NO;
				ENABLE_STRICT_OBJC_MSGSEND = YES;
				GCC_C_LANGUAGE_STANDARD = gnu11;
				GCC_NO_COMMON_BLOCKS = YES;
				GCC_WARN_64_TO_32_BIT_CONVERSION = YES;
				GCC_WARN_ABOUT_RETURN_TYPE = YES_ERROR;
				GCC_WARN_UNDECLARED_SELECTOR = YES;
				GCC_WARN_UNINITIALIZED_AUTOS = YES_AGGRESSIVE;
				GCC_WARN_UNUSED_FUNCTION = YES;
				GCC_WARN_UNUSED_VARIABLE = YES;
				IPHONEOS_DEPLOYMENT_TARGET = 10.0;
				MTL_ENABLE_DEBUG_INFO = NO;
				SDKROOT = iphoneos;
				SWIFT_OPTIMIZATION_LEVEL = "-Owholemodule";
				VALIDATE_PRODUCT = YES;
			};
			name = Release;
		};
		EF310C6C21A2663300C35E36 /* Debug */ = {
			isa = XCBuildConfiguration;
			baseConfigurationReference = 8BADD40ABC5199049A1EB704 /* Pods-MuslimApp.debug.xcconfig */;
			buildSettings = {
				ALWAYS_EMBED_SWIFT_STANDARD_LIBRARIES = YES;
				ASSETCATALOG_COMPILER_APPICON_NAME = AppIcon;
				CLANG_ENABLE_MODULES = YES;
				CODE_SIGN_STYLE = Automatic;
				DEVELOPMENT_TEAM = SDSLU2QT5X;
				INFOPLIST_FILE = MuslimApp/Info.plist;
				LD_RUNPATH_SEARCH_PATHS = "$(inherited) @executable_path/Frameworks";
				PRODUCT_BUNDLE_IDENTIFIER = com.pondokios.MuslimApp;
				PRODUCT_NAME = "$(TARGET_NAME)";
				SWIFT_OBJC_BRIDGING_HEADER = "MuslimApp/MuslimApp-Bridging-Header.h";
				SWIFT_OPTIMIZATION_LEVEL = "-Onone";
				SWIFT_VERSION = 4.0;
				TARGETED_DEVICE_FAMILY = "1,2";
			};
			name = Debug;
		};
		EF310C6D21A2663300C35E36 /* Release */ = {
			isa = XCBuildConfiguration;
			baseConfigurationReference = B4BBB1FE923CE307074BB131 /* Pods-MuslimApp.release.xcconfig */;
			buildSettings = {
				ALWAYS_EMBED_SWIFT_STANDARD_LIBRARIES = YES;
				ASSETCATALOG_COMPILER_APPICON_NAME = AppIcon;
				CLANG_ENABLE_MODULES = YES;
				CODE_SIGN_STYLE = Automatic;
				DEVELOPMENT_TEAM = SDSLU2QT5X;
				INFOPLIST_FILE = MuslimApp/Info.plist;
				LD_RUNPATH_SEARCH_PATHS = "$(inherited) @executable_path/Frameworks";
				PRODUCT_BUNDLE_IDENTIFIER = com.pondokios.MuslimApp;
				PRODUCT_NAME = "$(TARGET_NAME)";
				SWIFT_OBJC_BRIDGING_HEADER = "MuslimApp/MuslimApp-Bridging-Header.h";
				SWIFT_VERSION = 4.0;
				TARGETED_DEVICE_FAMILY = "1,2";
			};
			name = Release;
		};
		EF310C9121A267AA00C35E36 /* Debug */ = {
			isa = XCBuildConfiguration;
			buildSettings = {
				CLANG_ENABLE_MODULES = YES;
				CODE_SIGN_IDENTITY = "";
				CODE_SIGN_STYLE = Automatic;
				CURRENT_PROJECT_VERSION = 1;
				DEFINES_MODULE = YES;
				DEVELOPMENT_TEAM = SDSLU2QT5X;
				DYLIB_COMPATIBILITY_VERSION = 1;
				DYLIB_CURRENT_VERSION = 1;
				DYLIB_INSTALL_NAME_BASE = "@rpath";
				INFOPLIST_FILE = SubApplicationManager/Info.plist;
				INSTALL_PATH = "$(LOCAL_LIBRARY_DIR)/Frameworks";
				LD_RUNPATH_SEARCH_PATHS = "$(inherited) @executable_path/Frameworks @loader_path/Frameworks";
				PRODUCT_BUNDLE_IDENTIFIER = com.pondokios.SubApplicationManager;
				PRODUCT_NAME = "$(TARGET_NAME:c99extidentifier)";
				SKIP_INSTALL = YES;
				SWIFT_OPTIMIZATION_LEVEL = "-Onone";
				SWIFT_VERSION = 4.0;
				TARGETED_DEVICE_FAMILY = "1,2";
				VERSIONING_SYSTEM = "apple-generic";
				VERSION_INFO_PREFIX = "";
			};
			name = Debug;
		};
		EF310C9221A267AA00C35E36 /* Release */ = {
			isa = XCBuildConfiguration;
			buildSettings = {
				CLANG_ENABLE_MODULES = YES;
				CODE_SIGN_IDENTITY = "";
				CODE_SIGN_STYLE = Automatic;
				CURRENT_PROJECT_VERSION = 1;
				DEFINES_MODULE = YES;
				DEVELOPMENT_TEAM = SDSLU2QT5X;
				DYLIB_COMPATIBILITY_VERSION = 1;
				DYLIB_CURRENT_VERSION = 1;
				DYLIB_INSTALL_NAME_BASE = "@rpath";
				INFOPLIST_FILE = SubApplicationManager/Info.plist;
				INSTALL_PATH = "$(LOCAL_LIBRARY_DIR)/Frameworks";
				LD_RUNPATH_SEARCH_PATHS = "$(inherited) @executable_path/Frameworks @loader_path/Frameworks";
				PRODUCT_BUNDLE_IDENTIFIER = com.pondokios.SubApplicationManager;
				PRODUCT_NAME = "$(TARGET_NAME:c99extidentifier)";
				SKIP_INSTALL = YES;
				SWIFT_VERSION = 4.0;
				TARGETED_DEVICE_FAMILY = "1,2";
				VERSIONING_SYSTEM = "apple-generic";
				VERSION_INFO_PREFIX = "";
			};
			name = Release;
		};
		EF310CA421A267BF00C35E36 /* Debug */ = {
			isa = XCBuildConfiguration;
			buildSettings = {
				CODE_SIGN_IDENTITY = "";
				CODE_SIGN_STYLE = Automatic;
				CURRENT_PROJECT_VERSION = 1;
				DEFINES_MODULE = YES;
				DEVELOPMENT_TEAM = SDSLU2QT5X;
				DYLIB_COMPATIBILITY_VERSION = 1;
				DYLIB_CURRENT_VERSION = 1;
				DYLIB_INSTALL_NAME_BASE = "@rpath";
				INFOPLIST_FILE = SubApplication/Info.plist;
				INSTALL_PATH = "$(LOCAL_LIBRARY_DIR)/Frameworks";
				LD_RUNPATH_SEARCH_PATHS = "$(inherited) @executable_path/Frameworks @loader_path/Frameworks";
				PRODUCT_BUNDLE_IDENTIFIER = com.pondokios.SubApplication;
				PRODUCT_NAME = "$(TARGET_NAME:c99extidentifier)";
				SKIP_INSTALL = YES;
				SWIFT_VERSION = 4.0;
				TARGETED_DEVICE_FAMILY = "1,2";
				VERSIONING_SYSTEM = "apple-generic";
				VERSION_INFO_PREFIX = "";
			};
			name = Debug;
		};
		EF310CA521A267BF00C35E36 /* Release */ = {
			isa = XCBuildConfiguration;
			buildSettings = {
				CODE_SIGN_IDENTITY = "";
				CODE_SIGN_STYLE = Automatic;
				CURRENT_PROJECT_VERSION = 1;
				DEFINES_MODULE = YES;
				DEVELOPMENT_TEAM = SDSLU2QT5X;
				DYLIB_COMPATIBILITY_VERSION = 1;
				DYLIB_CURRENT_VERSION = 1;
				DYLIB_INSTALL_NAME_BASE = "@rpath";
				INFOPLIST_FILE = SubApplication/Info.plist;
				INSTALL_PATH = "$(LOCAL_LIBRARY_DIR)/Frameworks";
				LD_RUNPATH_SEARCH_PATHS = "$(inherited) @executable_path/Frameworks @loader_path/Frameworks";
				PRODUCT_BUNDLE_IDENTIFIER = com.pondokios.SubApplication;
				PRODUCT_NAME = "$(TARGET_NAME:c99extidentifier)";
				SKIP_INSTALL = YES;
				SWIFT_VERSION = 4.0;
				TARGETED_DEVICE_FAMILY = "1,2";
				VERSIONING_SYSTEM = "apple-generic";
				VERSION_INFO_PREFIX = "";
			};
			name = Release;
		};
		EF310CCB21A2682300C35E36 /* Debug */ = {
			isa = XCBuildConfiguration;
			buildSettings = {
				CLANG_ENABLE_MODULES = YES;
				CODE_SIGN_IDENTITY = "";
				CODE_SIGN_STYLE = Automatic;
				CURRENT_PROJECT_VERSION = 1;
				DEFINES_MODULE = YES;
				DEVELOPMENT_TEAM = SDSLU2QT5X;
				DYLIB_COMPATIBILITY_VERSION = 1;
				DYLIB_CURRENT_VERSION = 1;
				DYLIB_INSTALL_NAME_BASE = "@rpath";
				INFOPLIST_FILE = AppsLauncher/Info.plist;
				INSTALL_PATH = "$(LOCAL_LIBRARY_DIR)/Frameworks";
				LD_RUNPATH_SEARCH_PATHS = "$(inherited) @executable_path/Frameworks @loader_path/Frameworks";
				PRODUCT_BUNDLE_IDENTIFIER = com.pondokios.AppsLauncher;
				PRODUCT_NAME = "$(TARGET_NAME:c99extidentifier)";
				SKIP_INSTALL = YES;
				SWIFT_OPTIMIZATION_LEVEL = "-Onone";
				SWIFT_VERSION = 4.0;
				TARGETED_DEVICE_FAMILY = "1,2";
				VERSIONING_SYSTEM = "apple-generic";
				VERSION_INFO_PREFIX = "";
			};
			name = Debug;
		};
		EF310CCC21A2682300C35E36 /* Release */ = {
			isa = XCBuildConfiguration;
			buildSettings = {
				CLANG_ENABLE_MODULES = YES;
				CODE_SIGN_IDENTITY = "";
				CODE_SIGN_STYLE = Automatic;
				CURRENT_PROJECT_VERSION = 1;
				DEFINES_MODULE = YES;
				DEVELOPMENT_TEAM = SDSLU2QT5X;
				DYLIB_COMPATIBILITY_VERSION = 1;
				DYLIB_CURRENT_VERSION = 1;
				DYLIB_INSTALL_NAME_BASE = "@rpath";
				INFOPLIST_FILE = AppsLauncher/Info.plist;
				INSTALL_PATH = "$(LOCAL_LIBRARY_DIR)/Frameworks";
				LD_RUNPATH_SEARCH_PATHS = "$(inherited) @executable_path/Frameworks @loader_path/Frameworks";
				PRODUCT_BUNDLE_IDENTIFIER = com.pondokios.AppsLauncher;
				PRODUCT_NAME = "$(TARGET_NAME:c99extidentifier)";
				SKIP_INSTALL = YES;
				SWIFT_VERSION = 4.0;
				TARGETED_DEVICE_FAMILY = "1,2";
				VERSIONING_SYSTEM = "apple-generic";
				VERSION_INFO_PREFIX = "";
			};
			name = Release;
		};
		EF4A6A3821A451CF00C6DFDE /* Debug */ = {
			isa = XCBuildConfiguration;
			buildSettings = {
				BUNDLE_LOADER = "$(TEST_HOST)";
				CODE_SIGN_STYLE = Automatic;
				DEVELOPMENT_TEAM = SDSLU2QT5X;
				INFOPLIST_FILE = MuslimAppTests/Info.plist;
				IPHONEOS_DEPLOYMENT_TARGET = 11.2;
				LD_RUNPATH_SEARCH_PATHS = "$(inherited) @executable_path/Frameworks @loader_path/Frameworks";
				PRODUCT_BUNDLE_IDENTIFIER = com.pondokios.MuslimAppTests;
				PRODUCT_NAME = "$(TARGET_NAME)";
				SWIFT_VERSION = 4.0;
				TARGETED_DEVICE_FAMILY = "1,2";
				TEST_HOST = "$(BUILT_PRODUCTS_DIR)/MuslimApp.app/MuslimApp";
			};
			name = Debug;
		};
		EF4A6A3921A451CF00C6DFDE /* Release */ = {
			isa = XCBuildConfiguration;
			buildSettings = {
				BUNDLE_LOADER = "$(TEST_HOST)";
				CODE_SIGN_STYLE = Automatic;
				DEVELOPMENT_TEAM = SDSLU2QT5X;
				INFOPLIST_FILE = MuslimAppTests/Info.plist;
				IPHONEOS_DEPLOYMENT_TARGET = 11.2;
				LD_RUNPATH_SEARCH_PATHS = "$(inherited) @executable_path/Frameworks @loader_path/Frameworks";
				PRODUCT_BUNDLE_IDENTIFIER = com.pondokios.MuslimAppTests;
				PRODUCT_NAME = "$(TARGET_NAME)";
				SWIFT_VERSION = 4.0;
				TARGETED_DEVICE_FAMILY = "1,2";
				TEST_HOST = "$(BUILT_PRODUCTS_DIR)/MuslimApp.app/MuslimApp";
			};
			name = Release;
		};
/* End XCBuildConfiguration section */

/* Begin XCConfigurationList section */
		EF310C5421A2663100C35E36 /* Build configuration list for PBXProject "MuslimApp" */ = {
			isa = XCConfigurationList;
			buildConfigurations = (
				EF310C6921A2663300C35E36 /* Debug */,
				EF310C6A21A2663300C35E36 /* Release */,
			);
			defaultConfigurationIsVisible = 0;
			defaultConfigurationName = Release;
		};
		EF310C6B21A2663300C35E36 /* Build configuration list for PBXNativeTarget "MuslimApp" */ = {
			isa = XCConfigurationList;
			buildConfigurations = (
				EF310C6C21A2663300C35E36 /* Debug */,
				EF310C6D21A2663300C35E36 /* Release */,
			);
			defaultConfigurationIsVisible = 0;
			defaultConfigurationName = Release;
		};
		EF310C9321A267AA00C35E36 /* Build configuration list for PBXNativeTarget "SubApplicationManager" */ = {
			isa = XCConfigurationList;
			buildConfigurations = (
				EF310C9121A267AA00C35E36 /* Debug */,
				EF310C9221A267AA00C35E36 /* Release */,
			);
			defaultConfigurationIsVisible = 0;
			defaultConfigurationName = Release;
		};
		EF310CA321A267BF00C35E36 /* Build configuration list for PBXNativeTarget "SubApplication" */ = {
			isa = XCConfigurationList;
			buildConfigurations = (
				EF310CA421A267BF00C35E36 /* Debug */,
				EF310CA521A267BF00C35E36 /* Release */,
			);
			defaultConfigurationIsVisible = 0;
			defaultConfigurationName = Release;
		};
		EF310CCA21A2682300C35E36 /* Build configuration list for PBXNativeTarget "AppsLauncher" */ = {
			isa = XCConfigurationList;
			buildConfigurations = (
				EF310CCB21A2682300C35E36 /* Debug */,
				EF310CCC21A2682300C35E36 /* Release */,
			);
			defaultConfigurationIsVisible = 0;
			defaultConfigurationName = Release;
		};
		EF4A6A3A21A451CF00C6DFDE /* Build configuration list for PBXNativeTarget "MuslimAppTests" */ = {
			isa = XCConfigurationList;
			buildConfigurations = (
				EF4A6A3821A451CF00C6DFDE /* Debug */,
				EF4A6A3921A451CF00C6DFDE /* Release */,
			);
			defaultConfigurationIsVisible = 0;
			defaultConfigurationName = Release;
		};
/* End XCConfigurationList section */
	};
	rootObject = EF310C5121A2663100C35E36 /* Project object */;
}
